<?xml version="1.0" encoding="utf-8"?>
<Project ToolsVersion="4.0" xmlns="http://schemas.microsoft.com/developer/msbuild/2003">
  <ItemGroup>
    <MidlRT Include="$(MSBuildThisFileDirectory)Canvas.abi.idl" />
  </ItemGroup>
  <ItemGroup>
    <ClCompile Include="$(MSBuildThisFileDirectory)CanvasBitmap.cpp" />
    <ClCompile Include="$(MSBuildThisFileDirectory)CanvasDevice.cpp" />
    <ClCompile Include="$(MSBuildThisFileDirectory)Canvas.codegen.cpp" />
    <ClCompile Include="$(MSBuildThisFileDirectory)pch.cpp" />
    <ClCompile Include="$(MSBuildThisFileDirectory)CanvasImageSource.cpp" />
    <ClCompile Include="$(MSBuildThisFileDirectory)CanvasDrawingSession.cpp" />
    <ClCompile Include="$(MSBuildThisFileDirectory)CanvasImageSourceDrawingSessionAdapter.cpp" />
    <ClCompile Include="$(MSBuildThisFileDirectory)CanvasStrokeStyle.cpp" />
    <ClCompile Include="$(MSBuildThisFileDirectory)CanvasControl.cpp" />
    <ClCompile Include="$(MSBuildThisFileDirectory)CanvasTextFormat.cpp" />
    <ClCompile Include="$(MSBuildThisFileDirectory)effects\CanvasEffect.cpp">
      <Filter>effects</Filter>
    </ClCompile>
    <ClCompile Include="$(MSBuildThisFileDirectory)CanvasSolidColorBrush.cpp" />
    <ClCompile Include="$(MSBuildThisFileDirectory)CanvasGradientBrush.cpp" />
    <ClCompile Include="$(MSBuildThisFileDirectory)CanvasImageBrush.cpp" />
    <ClCompile Include="$(MSBuildThisFileDirectory)CanvasRenderTarget.cpp" />
    <ClCompile Include="$(MSBuildThisFileDirectory)WinRTDirectX\Direct3DSurface.cpp">
      <Filter>WinRTDirectX</Filter>
    </ClCompile>
    <ClCompile Include="$(MSBuildThisFileDirectory)WinRTDirectX\Direct3DDevice.cpp">
      <Filter>WinRTDirectX</Filter>
    </ClCompile>
    <ClCompile Include="$(MSBuildThisFileDirectory)Strings.cpp" />
    <ClCompile Include="$(MSBuildThisFileDirectory)effects\generated\BlendEffect.cpp">
      <Filter>effects\generated</Filter>
    </ClCompile>
    <ClCompile Include="$(MSBuildThisFileDirectory)effects\generated\CompositeEffect.cpp">
      <Filter>effects\generated</Filter>
    </ClCompile>
    <ClCompile Include="$(MSBuildThisFileDirectory)effects\generated\GaussianBlurEffect.cpp">
      <Filter>effects\generated</Filter>
    </ClCompile>
    <ClCompile Include="$(MSBuildThisFileDirectory)effects\generated\SaturationEffect.cpp">
      <Filter>effects\generated</Filter>
    </ClCompile>
    <ClCompile Include="$(MSBuildThisFileDirectory)effects\generated\Transform3DEffect.cpp">
      <Filter>effects\generated</Filter>
    </ClCompile>
  </ItemGroup>
  <ItemGroup>
    <ClInclude Include="$(MSBuildThisFileDirectory)CanvasSolidColorBrush.h" />
    <ClInclude Include="$(MSBuildThisFileDirectory)CanvasGradientBrush.h" />
    <ClInclude Include="$(MSBuildThisFileDirectory)CanvasImageBrush.h" />
    <ClInclude Include="$(MSBuildThisFileDirectory)CanvasControl.h" />
    <ClInclude Include="$(MSBuildThisFileDirectory)CanvasImage.h" />
    <ClInclude Include="$(MSBuildThisFileDirectory)CanvasBitmap.h" />
    <ClInclude Include="$(MSBuildThisFileDirectory)CanvasDevice.h" />
    <ClInclude Include="$(MSBuildThisFileDirectory)CanvasDrawingSession.h" />
    <ClInclude Include="$(MSBuildThisFileDirectory)CanvasImageSource.h" />
    <ClInclude Include="$(MSBuildThisFileDirectory)CanvasImageSourceDrawingSessionAdapter.h" />
    <ClInclude Include="$(MSBuildThisFileDirectory)CanvasStrokeStyle.h" />
    <ClInclude Include="$(MSBuildThisFileDirectory)Conversion.h" />
    <ClInclude Include="$(MSBuildThisFileDirectory)ResourceManager.h" />
    <ClInclude Include="$(MSBuildThisFileDirectory)ResourceTracker.h" />
    <ClInclude Include="$(MSBuildThisFileDirectory)ResourceWrapper.h" />
    <ClInclude Include="$(MSBuildThisFileDirectory)pch.h" />
    <ClInclude Include="$(MSBuildThisFileDirectory)version.h" />
    <ClInclude Include="$(MSBuildThisFileDirectory)CanvasTextFormat.h" />
    <ClInclude Include="$(MSBuildThisFileDirectory)effects\CanvasEffect.h">
      <Filter>effects</Filter>
    </ClInclude>
    <ClInclude Include="$(MSBuildThisFileDirectory)CanvasRenderTarget.h" />
    <ClInclude Include="$(MSBuildThisFileDirectory)Strings.h" />
    <ClInclude Include="$(MSBuildThisFileDirectory)effects\generated\BlendEffect.h">
      <Filter>effects\generated</Filter>
    </ClInclude>
    <ClInclude Include="$(MSBuildThisFileDirectory)effects\generated\CompositeEffect.h">
      <Filter>effects\generated</Filter>
    </ClInclude>
    <ClInclude Include="$(MSBuildThisFileDirectory)effects\generated\GaussianBlurEffect.h">
      <Filter>effects\generated</Filter>
    </ClInclude>
    <ClInclude Include="$(MSBuildThisFileDirectory)effects\generated\SaturationEffect.h">
      <Filter>effects\generated</Filter>
    </ClInclude>
    <ClInclude Include="$(MSBuildThisFileDirectory)effects\generated\Transform3DEffect.h">
      <Filter>effects\generated</Filter>
    </ClInclude>
  </ItemGroup>
  <ItemGroup>
    <None Include="$(MSBuildThisFileDirectory)Canvas.codegen.idl" />
    <None Include="$(MSBuildThisFileDirectory)..\..\numerics\WinRT\WinRTNumerics.idl" />
    <None Include="$(MSBuildThisFileDirectory)CanvasBrush.abi.idl" />
    <None Include="$(MSBuildThisFileDirectory)CanvasBitmap.abi.idl" />
    <None Include="$(MSBuildThisFileDirectory)CanvasDevice.abi.idl" />
    <None Include="$(MSBuildThisFileDirectory)CanvasImageSource.abi.idl" />
    <None Include="$(MSBuildThisFileDirectory)CanvasDrawingSession.abi.idl" />
    <None Include="$(MSBuildThisFileDirectory)CanvasStrokeStyle.abi.idl" />
    <None Include="$(MSBuildThisFileDirectory)CanvasTextFormat.abi.idl" />
    <None Include="$(MSBuildThisFileDirectory)CanvasInterfaces.abi.idl" />
    <None Include="$(MSBuildThisFileDirectory)CanvasControl.abi.idl" />
    <None Include="$(MSBuildThisFileDirectory)effects\IEffect.abi.idl">
      <Filter>effects</Filter>
    </None>
    <None Include="$(MSBuildThisFileDirectory)effects\IEffectInput.abi.idl">
      <Filter>effects</Filter>
    </None>
    <None Include="$(MSBuildThisFileDirectory)WinRTDirectX\WinRTDirect3D11.idl">
      <Filter>WinRTDirectX</Filter>
    </None>
    <None Include="$(MSBuildThisFileDirectory)WinRTDirectX\WinRTDirectXCommon.idl">
      <Filter>WinRTDirectX</Filter>
    </None>
    <None Include="$(MSBuildThisFileDirectory)Strings.inl" />
    <None Include="$(MSBuildThisFileDirectory)effects\generated\BlendEffect.abi.idl">
      <Filter>effects\generated</Filter>
    </None>
    <None Include="$(MSBuildThisFileDirectory)effects\generated\CompositeEffect.abi.idl">
      <Filter>effects\generated</Filter>
    </None>
    <None Include="$(MSBuildThisFileDirectory)effects\generated\EffectsCommon.abi.idl">
      <Filter>effects\generated</Filter>
    </None>
    <None Include="$(MSBuildThisFileDirectory)effects\generated\GaussianBlurEffect.abi.idl">
      <Filter>effects\generated</Filter>
    </None>
    <None Include="$(MSBuildThisFileDirectory)effects\generated\SaturationEffect.abi.idl">
      <Filter>effects\generated</Filter>
    </None>
    <None Include="$(MSBuildThisFileDirectory)effects\generated\Transform3DEffect.abi.idl">
      <Filter>effects\generated</Filter>
    </None>
  </ItemGroup>
  <ItemGroup>
    <Filter Include="effects">
      <UniqueIdentifier>{98e06252-bf32-4b17-bbba-c9442518080b}</UniqueIdentifier>
    </Filter>
    <Filter Include="WinRTDirectX">
      <UniqueIdentifier>{84bf4ba6-1a52-4554-ab76-97ff22b8cf91}</UniqueIdentifier>
    </Filter>
    <Filter Include="effects\generated">
      <UniqueIdentifier>{7de3552a-4205-433e-856d-d94d0fc07b6f}</UniqueIdentifier>
    </Filter>
  </ItemGroup>
</Project>