<?xml version="1.0" encoding="utf-8"?>
<Project ToolsVersion="12.0" xmlns="http://schemas.microsoft.com/developer/msbuild/2003">
  <ItemGroup>
    <MidlRT Include="$(MSBuildThisFileDirectory)d2dwinrt.idl" />
    <MidlRT Include="$(MSBuildThisFileDirectory)DirectX.codegen.idl" />
    <MidlRT Include="$(MSBuildThisFileDirectory)GraphicsDevice\WinRTGraphicsInterop.idl">
      <Filter>GraphicsDevice</Filter>
    </MidlRT>
    <MidlRT Include="$(MSBuildThisFileDirectory)..\..\math\WinRT\WinRTMath.idl">
      <Filter>math</Filter>
    </MidlRT>
    <MidlRT Include="$(MSBuildThisFileDirectory)CanvasDevice.abi.idl" />
    <MidlRT Include="$(MSBuildThisFileDirectory)CanvasImageSource.abi.idl" />
  </ItemGroup>
  <ItemGroup>
    <ClCompile Include="$(MSBuildThisFileDirectory)DirectX.codegen.cpp" />
    <ClCompile Include="$(MSBuildThisFileDirectory)pch.cpp" />
    <ClCompile Include="$(MSBuildThisFileDirectory)GraphicsDevice\GraphicsDevice.cpp">
      <Filter>GraphicsDevice</Filter>
    </ClCompile>
    <ClCompile Include="$(MSBuildThisFileDirectory)GraphicsDevice\GraphicsDeviceInterop.cpp">
      <Filter>GraphicsDevice</Filter>
    </ClCompile>
    <ClCompile Include="$(MSBuildThisFileDirectory)GraphicsDevice\GraphicsSurface.cpp">
      <Filter>GraphicsDevice</Filter>
    </ClCompile>
    <ClCompile Include="$(MSBuildThisFileDirectory)..\..\math\WinRT\Matrix3x2.cpp">
      <Filter>math</Filter>
    </ClCompile>
    <ClCompile Include="$(MSBuildThisFileDirectory)..\..\math\WinRT\Matrix4x4.cpp">
      <Filter>math</Filter>
    </ClCompile>
    <ClCompile Include="$(MSBuildThisFileDirectory)..\..\math\WinRT\Plane.cpp">
      <Filter>math</Filter>
    </ClCompile>
    <ClCompile Include="$(MSBuildThisFileDirectory)..\..\math\WinRT\Quaternion.cpp">
      <Filter>math</Filter>
    </ClCompile>
    <ClCompile Include="$(MSBuildThisFileDirectory)..\..\math\WinRT\Vector2.cpp">
      <Filter>math</Filter>
    </ClCompile>
    <ClCompile Include="$(MSBuildThisFileDirectory)..\..\math\WinRT\Vector3.cpp">
      <Filter>math</Filter>
    </ClCompile>
    <ClCompile Include="$(MSBuildThisFileDirectory)..\..\math\WinRT\Vector4.cpp">
      <Filter>math</Filter>
    </ClCompile>
    <ClCompile Include="$(MSBuildThisFileDirectory)CanvasImageSource.cpp" />
  </ItemGroup>
  <ItemGroup>
    <ClInclude Include="$(MSBuildThisFileDirectory)ClosablePtr.h" />
    <ClInclude Include="$(MSBuildThisFileDirectory)pch.h" />
    <ClInclude Include="$(MSBuildThisFileDirectory)version.h" />
    <ClInclude Include="$(MSBuildThisFileDirectory)GraphicsDevice\GraphicsDevice.h">
      <Filter>GraphicsDevice</Filter>
    </ClInclude>
    <ClInclude Include="$(MSBuildThisFileDirectory)GraphicsDevice\GraphicsSurface.h">
      <Filter>GraphicsDevice</Filter>
    </ClInclude>
    <ClInclude Include="$(MSBuildThisFileDirectory)..\..\math\WinRT\MathTypeConversion.h">
      <Filter>math</Filter>
    </ClInclude>
    <ClInclude Include="$(MSBuildThisFileDirectory)..\..\math\Cpp\WindowsMath.h">
      <Filter>math</Filter>
    </ClInclude>
    <ClInclude Include="$(MSBuildThisFileDirectory)CanvasImageSource.h" />
  </ItemGroup>
  <ItemGroup>
    <Filter Include="GraphicsDevice">
      <UniqueIdentifier>{ae06ba3f-1233-4f1e-ac32-3bea8d1a708d}</UniqueIdentifier>
    </Filter>
    <Filter Include="math">
      <UniqueIdentifier>{8a37a770-6b2d-433c-a0cd-c29aa9278fce}</UniqueIdentifier>
    </Filter>
  </ItemGroup>
  <ItemGroup>
    <None Include="$(MSBuildThisFileDirectory)..\..\math\Cpp\WindowsMath.inl">
      <Filter>math</Filter>
    </None>
  </ItemGroup>
</Project>