<?xml version="1.0" encoding="utf-8"?>
<Project ToolsVersion="12.0" xmlns="http://schemas.microsoft.com/developer/msbuild/2003">
  <ItemGroup>
    <MidlRT Include="$(MSBuildThisFileDirectory)Canvas.codegen.idl" />
    <MidlRT Include="$(MSBuildThisFileDirectory)GraphicsDevice\WinRTGraphicsInterop.idl">
      <Filter>GraphicsDevice</Filter>
    </MidlRT>
    <MidlRT Include="$(MSBuildThisFileDirectory)..\..\numerics\WinRT\WinRTNumerics.idl" />
    <MidlRT Include="$(MSBuildThisFileDirectory)CanvasDevice.abi.idl" />
    <MidlRT Include="$(MSBuildThisFileDirectory)CanvasImageSource.abi.idl" />
    <MidlRT Include="$(MSBuildThisFileDirectory)CanvasDrawingSession.abi.idl" />
    <MidlRT Include="$(MSBuildThisFileDirectory)CanvasInterfaces.abi.idl" />
    <MidlRT Include="$(MSBuildThisFileDirectory)CanvasBrush.abi.idl" />
  </ItemGroup>
  <ItemGroup>
    <ClCompile Include="$(MSBuildThisFileDirectory)Canvas.codegen.cpp" />
    <ClCompile Include="$(MSBuildThisFileDirectory)pch.cpp" />
    <ClCompile Include="$(MSBuildThisFileDirectory)GraphicsDevice\GraphicsDevice.cpp">
      <Filter>GraphicsDevice</Filter>
    </ClCompile>
    <ClCompile Include="$(MSBuildThisFileDirectory)GraphicsDevice\GraphicsDeviceInterop.cpp">
      <Filter>GraphicsDevice</Filter>
    </ClCompile>
    <ClCompile Include="$(MSBuildThisFileDirectory)GraphicsDevice\GraphicsSurface.cpp">
      <Filter>GraphicsDevice</Filter>
    </ClCompile>
    <ClCompile Include="$(MSBuildThisFileDirectory)CanvasDevice.cpp" />
    <ClCompile Include="$(MSBuildThisFileDirectory)CanvasImageSource.cpp" />
    <ClCompile Include="$(MSBuildThisFileDirectory)CanvasDrawingSession.cpp" />
    <ClCompile Include="$(MSBuildThisFileDirectory)CanvasImageSourceDrawingSessionAdapter.cpp" />
    <ClCompile Include="$(MSBuildThisFileDirectory)CanvasBrush.cpp" />
  </ItemGroup>
  <ItemGroup>
    <ClInclude Include="$(MSBuildThisFileDirectory)ClosablePtr.h" />
    <ClInclude Include="$(MSBuildThisFileDirectory)pch.h" />
    <ClInclude Include="$(MSBuildThisFileDirectory)version.h" />
    <ClInclude Include="$(MSBuildThisFileDirectory)GraphicsDevice\GraphicsDevice.h">
      <Filter>GraphicsDevice</Filter>
    </ClInclude>
    <ClInclude Include="$(MSBuildThisFileDirectory)GraphicsDevice\GraphicsSurface.h">
      <Filter>GraphicsDevice</Filter>
    </ClInclude>
    <ClInclude Include="$(MSBuildThisFileDirectory)CanvasDevice.h" />
    <ClInclude Include="$(MSBuildThisFileDirectory)CanvasImageSource.h" />
    <ClInclude Include="$(MSBuildThisFileDirectory)CanvasDrawingSession.h" />
    <ClInclude Include="$(MSBuildThisFileDirectory)CanvasImageSourceDrawingSessionAdapter.h" />
    <ClInclude Include="$(MSBuildThisFileDirectory)CanvasBrush.h" />
    <ClInclude Include="$(MSBuildThisFileDirectory)Conversion.h" />
    <ClInclude Include="$(MSBuildThisFileDirectory)ResourceManager.h" />
    <ClInclude Include="$(MSBuildThisFileDirectory)ResourceTracker.h" />
    <ClInclude Include="$(MSBuildThisFileDirectory)ResourceWrapper.h" />
  </ItemGroup>
  <ItemGroup>
    <Filter Include="GraphicsDevice">
      <UniqueIdentifier>{ae06ba3f-1233-4f1e-ac32-3bea8d1a708d}</UniqueIdentifier>
    </Filter>
  </ItemGroup>
</Project>
