
Microsoft Visual Studio Solution File, Format Version 12.00
# Visual Studio 2013
VisualStudioVersion = 12.0.30303.0
MinimumVisualStudioVersion = 10.0.40219.1
Project("{FAE04EC0-301F-11D3-BF4B-00C04F79EFBC}") = "DotNetNumerics", "numerics\DotNet\DotNetNumerics.csproj", "{3C1B37E8-10D1-4381-882A-9F0C0FD45871}"
EndProject
Project("{FAE04EC0-301F-11D3-BF4B-00C04F79EFBC}") = "DotNetNumericsTests", "numerics\DotNet\tests\DotNetNumericsTests.csproj", "{1EBFC5DD-14AB-4421-8BCA-ADF6719A7B45}"
EndProject
Project("{8BC9CEB8-8B4A-11D0-8D11-00A0C91BC942}") = "CppNumericsTests", "numerics\Cpp\tests\CppNumericsTests.vcxproj", "{975F7524-1EAE-4FD3-A71F-A2CBA27038A5}"
EndProject
Project("{2150E333-8FDC-42A3-9474-1A3956D46DE8}") = "CppNumerics", "numerics\CppNumerics", "{59EE0893-E280-42CD-92CA-86370F9B349A}"
	ProjectSection(SolutionItems) = preProject
		numerics\Cpp\PlatformNumerics.h = numerics\Cpp\PlatformNumerics.h
		numerics\Cpp\PlatformNumerics.inl = numerics\Cpp\PlatformNumerics.inl
	EndProjectSection
EndProject
Global
	GlobalSection(SolutionConfigurationPlatforms) = preSolution
		Debug|x86 = Debug|x86
		Debug|x64 = Debug|x64
		Debug|ARM = Debug|ARM
		Release|x86 = Release|x86
		Release|x64 = Release|x64
		Release|ARM = Release|ARM
	EndGlobalSection
	GlobalSection(ProjectConfigurationPlatforms) = postSolution
		{3C1B37E8-10D1-4381-882A-9F0C0FD45871}.Debug|x86.ActiveCfg = Debug|Any CPU
		{3C1B37E8-10D1-4381-882A-9F0C0FD45871}.Debug|x86.Build.0 = Debug|Any CPU
		{3C1B37E8-10D1-4381-882A-9F0C0FD45871}.Debug|x64.ActiveCfg = Debug|Any CPU
		{3C1B37E8-10D1-4381-882A-9F0C0FD45871}.Debug|x64.Build.0 = Debug|Any CPU
		{3C1B37E8-10D1-4381-882A-9F0C0FD45871}.Debug|ARM.ActiveCfg = Debug|Any CPU
		{3C1B37E8-10D1-4381-882A-9F0C0FD45871}.Debug|ARM.Build.0 = Debug|Any CPU
		{3C1B37E8-10D1-4381-882A-9F0C0FD45871}.Release|x86.ActiveCfg = Release|Any CPU
		{3C1B37E8-10D1-4381-882A-9F0C0FD45871}.Release|x86.Build.0 = Release|Any CPU
		{3C1B37E8-10D1-4381-882A-9F0C0FD45871}.Release|x64.ActiveCfg = Release|Any CPU
		{3C1B37E8-10D1-4381-882A-9F0C0FD45871}.Release|x64.Build.0 = Release|Any CPU
		{3C1B37E8-10D1-4381-882A-9F0C0FD45871}.Release|ARM.ActiveCfg = Release|Any CPU
		{3C1B37E8-10D1-4381-882A-9F0C0FD45871}.Release|ARM.Build.0 = Release|Any CPU
		{1EBFC5DD-14AB-4421-8BCA-ADF6719A7B45}.Debug|x86.ActiveCfg = Debug|Any CPU
		{1EBFC5DD-14AB-4421-8BCA-ADF6719A7B45}.Debug|x86.Build.0 = Debug|Any CPU
		{1EBFC5DD-14AB-4421-8BCA-ADF6719A7B45}.Debug|x64.ActiveCfg = Debug|Any CPU
		{1EBFC5DD-14AB-4421-8BCA-ADF6719A7B45}.Debug|x64.Build.0 = Debug|Any CPU
		{1EBFC5DD-14AB-4421-8BCA-ADF6719A7B45}.Debug|ARM.ActiveCfg = Debug|Any CPU
		{1EBFC5DD-14AB-4421-8BCA-ADF6719A7B45}.Debug|ARM.Build.0 = Debug|Any CPU
		{1EBFC5DD-14AB-4421-8BCA-ADF6719A7B45}.Release|x86.ActiveCfg = Release|Any CPU
		{1EBFC5DD-14AB-4421-8BCA-ADF6719A7B45}.Release|x86.Build.0 = Release|Any CPU
		{1EBFC5DD-14AB-4421-8BCA-ADF6719A7B45}.Release|x64.ActiveCfg = Release|Any CPU
		{1EBFC5DD-14AB-4421-8BCA-ADF6719A7B45}.Release|x64.Build.0 = Release|Any CPU
		{1EBFC5DD-14AB-4421-8BCA-ADF6719A7B45}.Release|ARM.ActiveCfg = Release|Any CPU
		{1EBFC5DD-14AB-4421-8BCA-ADF6719A7B45}.Release|ARM.Build.0 = Release|Any CPU
		{975F7524-1EAE-4FD3-A71F-A2CBA27038A5}.Debug|x86.ActiveCfg = Debug|Win32
		{975F7524-1EAE-4FD3-A71F-A2CBA27038A5}.Debug|x86.Build.0 = Debug|Win32
		{975F7524-1EAE-4FD3-A71F-A2CBA27038A5}.Debug|x64.ActiveCfg = Debug|x64
		{975F7524-1EAE-4FD3-A71F-A2CBA27038A5}.Debug|x64.Build.0 = Debug|x64
		{975F7524-1EAE-4FD3-A71F-A2CBA27038A5}.Debug|ARM.ActiveCfg = Debug|ARM
		{975F7524-1EAE-4FD3-A71F-A2CBA27038A5}.Debug|ARM.Build.0 = Debug|ARM
		{975F7524-1EAE-4FD3-A71F-A2CBA27038A5}.Release|x86.ActiveCfg = Release|Win32
		{975F7524-1EAE-4FD3-A71F-A2CBA27038A5}.Release|x86.Build.0 = Release|Win32
		{975F7524-1EAE-4FD3-A71F-A2CBA27038A5}.Release|x64.ActiveCfg = Release|x64
		{975F7524-1EAE-4FD3-A71F-A2CBA27038A5}.Release|x64.Build.0 = Release|x64
		{975F7524-1EAE-4FD3-A71F-A2CBA27038A5}.Release|ARM.ActiveCfg = Release|ARM
		{975F7524-1EAE-4FD3-A71F-A2CBA27038A5}.Release|ARM.Build.0 = Release|ARM
	EndGlobalSection
	GlobalSection(SolutionProperties) = preSolution
		HideSolutionNode = FALSE
	EndGlobalSection
EndGlobal
