
Microsoft Visual Studio Solution File, Format Version 12.00
# Visual Studio 14
VisualStudioVersion = 14.0.22529.0
MinimumVisualStudioVersion = 10.0.40219.1
Project("{2150E333-8FDC-42A3-9474-1A3956D46DE8}") = "winrt", "winrt", "{0F212400-0A8B-4E26-9BA8-CE7165FF8717}"
EndProject
Project("{8BC9CEB8-8B4A-11D0-8D11-00A0C91BC942}") = "winrt.test.external.Windows", "winrt\test.external\winrt.test.external.Windows.vcxproj", "{D6CB5CB7-499B-4980-84C6-F0099CF309DA}"
EndProject
Project("{2150E333-8FDC-42A3-9474-1A3956D46DE8}") = "tests", "tests", "{EC7BD4FF-9DAE-4698-9FDA-244478B0203B}"
EndProject
Project("{FAE04EC0-301F-11D3-BF4B-00C04F79EFBC}") = "CsConsumer.Windows", "tests\CsConsumer\Windows\CsConsumer.Windows.csproj", "{114E4B4C-AB6D-4B1A-BEEB-2BC25ED058DE}"
EndProject
Project("{2150E333-8FDC-42A3-9474-1A3956D46DE8}") = "Inc", "Inc", "{CEA2F017-5D50-41BE-B46D-A61FF19B4694}"
	ProjectSection(SolutionItems) = preProject
		winrt\inc\AsyncOperation.h = winrt\inc\AsyncOperation.h
		winrt\inc\ClosablePtr.h = winrt\inc\ClosablePtr.h
		winrt\inc\ComArray.h = winrt\inc\ComArray.h
		winrt\inc\Constants.h = winrt\inc\Constants.h
		winrt\inc\ErrorHandling.h = winrt\inc\ErrorHandling.h
		winrt\inc\ScopeWarden.h = winrt\inc\ScopeWarden.h
		winrt\inc\Utilities.h = winrt\inc\Utilities.h
		winrt\inc\Vector.h = winrt\inc\Vector.h
		winrt\inc\WinStringBuilder.h = winrt\inc\WinStringBuilder.h
		winrt\inc\WinStringWrapper.h = winrt\inc\WinStringWrapper.h
	EndProjectSection
EndProject
Project("{8BC9CEB8-8B4A-11D0-8D11-00A0C91BC942}") = "winrt.test.nativecomponent.Windows", "winrt\test.nativecomponent\winrt.test.nativecomponent.Windows.vcxproj", "{E09C8BE2-AC5A-4C87-9C2E-35290853448E}"
EndProject
Project("{FAE04EC0-301F-11D3-BF4B-00C04F79EFBC}") = "winrt.test.managed.Windows", "winrt\test.managed\Windows\winrt.test.managed.Windows.csproj", "{9F8A014C-478A-4EC2-8CC2-37CEB3CCFCCF}"
EndProject
Project("{2150E333-8FDC-42A3-9474-1A3956D46DE8}") = "winrt.lib", "winrt.lib", "{010F5A86-697D-4F2C-B69B-29989625208B}"
EndProject
Project("{8BC9CEB8-8B4A-11D0-8D11-00A0C91BC942}") = "winrt.lib.Shared", "winrt\lib\winrt.lib.Shared.vcxitems", "{1574C4DE-318F-4555-B72E-97532F720A13}"
EndProject
Project("{8BC9CEB8-8B4A-11D0-8D11-00A0C91BC942}") = "winrt.lib.Windows", "winrt\lib\winrt.lib.Windows.vcxproj", "{8E9FEF0D-EDB6-4C76-9383-A070314E5FF4}"
EndProject
Project("{8BC9CEB8-8B4A-11D0-8D11-00A0C91BC942}") = "winrt.lib.WindowsPhone", "winrt\lib\winrt.lib.WindowsPhone.vcxproj", "{8C279709-E303-4546-A218-9B6E03521574}"
EndProject
Project("{2150E333-8FDC-42A3-9474-1A3956D46DE8}") = "winrt.dll", "winrt.dll", "{FD915EAF-4152-48C0-B5DD-603865B78B49}"
EndProject
Project("{8BC9CEB8-8B4A-11D0-8D11-00A0C91BC942}") = "winrt.test.external.Shared", "winrt\test.external\winrt.test.external.Shared.vcxitems", "{1E7BD769-CF5A-4D05-A2F7-761372C24746}"
EndProject
Project("{2150E333-8FDC-42A3-9474-1A3956D46DE8}") = "winrt.test.external", "winrt.test.external", "{77FBABCD-F338-49AB-939D-38511978510D}"
EndProject
Project("{8BC9CEB8-8B4A-11D0-8D11-00A0C91BC942}") = "winrt.test.external.WindowsPhone", "winrt\test.external\winrt.test.external.WindowsPhone.vcxproj", "{FBB57887-39F9-47E2-BCA9-C4B620223610}"
EndProject
Project("{2150E333-8FDC-42A3-9474-1A3956D46DE8}") = "winrt.test.nativecomponent", "winrt.test.nativecomponent", "{EA4A8B3A-56D1-4B01-BBAE-8F00F818CAA8}"
EndProject
Project("{8BC9CEB8-8B4A-11D0-8D11-00A0C91BC942}") = "winrt.test.nativecomponent.Shared", "winrt\test.nativecomponent\winrt.test.nativecomponent.Shared.vcxitems", "{7C0A8506-002B-4169-989F-EA5723DAD6FB}"
EndProject
Project("{8BC9CEB8-8B4A-11D0-8D11-00A0C91BC942}") = "winrt.test.nativecomponent.WindowsPhone", "winrt\test.nativecomponent\winrt.test.nativecomponent.WindowsPhone.vcxproj", "{DD961F31-3142-4E3A-80A9-BC9DA5D75816}"
EndProject
Project("{2150E333-8FDC-42A3-9474-1A3956D46DE8}") = "winrt.test.managed", "winrt.test.managed", "{79418A70-2C3F-4A6E-9443-FFD655B85916}"
EndProject
Project("{FAE04EC0-301F-11D3-BF4B-00C04F79EFBC}") = "winrt.test.managed.WindowsPhone", "winrt\test.managed\WindowsPhone\winrt.test.managed.WindowsPhone.csproj", "{6D29A10E-E538-47FC-9775-143DF718A78D}"
EndProject
Project("{D954291E-2A0B-460D-934E-DC6B0785DB48}") = "winrt.test.managed.Shared", "winrt\test.managed\Shared\winrt.test.managed.Shared.shproj", "{EF6DBC39-A50D-47C4-B790-D459D4904D84}"
EndProject
Project("{2150E333-8FDC-42A3-9474-1A3956D46DE8}") = "CsConsumer", "CsConsumer", "{54689ECA-BD56-4F0F-8148-81727A607EF5}"
EndProject
Project("{D954291E-2A0B-460D-934E-DC6B0785DB48}") = "CsConsumer.Shared", "tests\CsConsumer\Shared\CsConsumer.Shared.shproj", "{BED92440-609A-4A13-924C-75A7BAFC3969}"
EndProject
Project("{FAE04EC0-301F-11D3-BF4B-00C04F79EFBC}") = "CsConsumer.WindowsPhone", "tests\CsConsumer\WindowsPhone\CsConsumer.WindowsPhone.csproj", "{5E3A65BE-EC00-4FE7-A3BC-129BF8AFC7AA}"
EndProject
Project("{8BC9CEB8-8B4A-11D0-8D11-00A0C91BC942}") = "winrt.dll.Shared", "winrt\dll\winrt.dll.Shared.vcxitems", "{D3D2A425-69D2-4F8C-98DC-760ABC25E535}"
EndProject
Project("{8BC9CEB8-8B4A-11D0-8D11-00A0C91BC942}") = "winrt.dll.Windows", "winrt\dll\winrt.dll.Windows.vcxproj", "{0AE978BB-52E2-40FB-9D0F-2E3A4BD64837}"
EndProject
Project("{8BC9CEB8-8B4A-11D0-8D11-00A0C91BC942}") = "winrt.dll.WindowsPhone", "winrt\dll\winrt.dll.WindowsPhone.vcxproj", "{6EABD217-3FD8-4298-929D-857811D8F3FA}"
EndProject
Project("{8BC9CEB8-8B4A-11D0-8D11-00A0C91BC942}") = "winrt.test.internal.Windows", "winrt\test.internal\winrt.test.internal.Windows.vcxproj", "{1FE831F7-6773-4445-B570-1F5570FAD88D}"
EndProject
Project("{2150E333-8FDC-42A3-9474-1A3956D46DE8}") = "Published", "Published", "{5FE06651-5284-42B5-AEC4-280FBA034126}"
	ProjectSection(SolutionItems) = preProject
		winrt\published\Microsoft.Graphics.Canvas.DirectX.Direct3D11.interop.h = winrt\published\Microsoft.Graphics.Canvas.DirectX.Direct3D11.interop.h
		winrt\published\Microsoft.Graphics.Canvas.native.h = winrt\published\Microsoft.Graphics.Canvas.native.h
	EndProjectSection
EndProject
Project("{2150E333-8FDC-42A3-9474-1A3956D46DE8}") = "numerics", "numerics", "{2C61CE25-E156-4ED4-86B2-E0B2D2F219F4}"
EndProject
Project("{2150E333-8FDC-42A3-9474-1A3956D46DE8}") = "CppNumerics", "CppNumerics", "{E0DF9FEB-E64D-420D-8A91-BFA4E6C9BB34}"
	ProjectSection(SolutionItems) = preProject
		numerics\Cpp\WindowsNumerics.h = numerics\Cpp\WindowsNumerics.h
		numerics\Cpp\WindowsNumerics.inl = numerics\Cpp\WindowsNumerics.inl
	EndProjectSection
EndProject
Project("{FAE04EC0-301F-11D3-BF4B-00C04F79EFBC}") = "DotNetNumerics.Windows", "numerics\DotNet\DotNetNumerics.Windows.csproj", "{3C1B37E8-10D1-4381-882A-9F0C0FD45871}"
EndProject
Project("{2150E333-8FDC-42A3-9474-1A3956D46DE8}") = "CppNumericsTests", "CppNumericsTests", "{6F8363A9-82C6-4C17-817B-6A1951FE2C30}"
EndProject
Project("{8BC9CEB8-8B4A-11D0-8D11-00A0C91BC942}") = "CppNumericsTests.Shared", "numerics\Cpp\tests\CppNumericsTests.Shared.vcxitems", "{D125D087-F3A5-44C7-9BBF-952FB30B2D7E}"
EndProject
Project("{8BC9CEB8-8B4A-11D0-8D11-00A0C91BC942}") = "CppNumericsTests.Windows", "numerics\Cpp\tests\CppNumericsTests.Windows.vcxproj", "{2D1259AC-E4C6-4345-AF91-5962E0C5112D}"
EndProject
Project("{8BC9CEB8-8B4A-11D0-8D11-00A0C91BC942}") = "CppNumericsTests.WindowsPhone", "numerics\Cpp\tests\CppNumericsTests.WindowsPhone.vcxproj", "{F1FBB8C5-F507-4C69-908C-F46231B78C46}"
EndProject
Project("{2150E333-8FDC-42A3-9474-1A3956D46DE8}") = "DotNetNumericsTests", "DotNetNumericsTests", "{157C5D2D-2085-4910-BE39-86DE963D8A5E}"
EndProject
Project("{FAE04EC0-301F-11D3-BF4B-00C04F79EFBC}") = "DotNetNumericsTests.Windows", "numerics\DotNet\tests\Windows\DotNetNumericsTests.Windows.csproj", "{860EE6B2-F36C-448E-BA84-607266FB6FBA}"
EndProject
Project("{FAE04EC0-301F-11D3-BF4B-00C04F79EFBC}") = "DotNetNumericsTests.WindowsPhone", "numerics\DotNet\tests\WindowsPhone\DotNetNumericsTests.WindowsPhone.csproj", "{198D676F-FED6-4501-A083-EA9D288DB611}"
EndProject
Project("{D954291E-2A0B-460D-934E-DC6B0785DB48}") = "DotNetNumericsTests.Shared", "numerics\DotNet\tests\Shared\DotNetNumericsTests.Shared.shproj", "{D5E0912C-636C-484B-A459-539A26DA9CC2}"
EndProject
Project("{2150E333-8FDC-42A3-9474-1A3956D46DE8}") = "DotNetNumerics", "DotNetNumerics", "{A80BDDF8-CDBB-4B2C-9B4F-D97E51529AFD}"
EndProject
Project("{FAE04EC0-301F-11D3-BF4B-00C04F79EFBC}") = "DotNetNumerics.WindowsPhone", "numerics\DotNet\DotNetNumerics.WindowsPhone.csproj", "{2585ABB8-67D5-48A9-806D-9CEECDBFE413}"
EndProject
Project("{2150E333-8FDC-42A3-9474-1A3956D46DE8}") = "ExampleGallery", "ExampleGallery", "{671EACB0-6255-4050-B092-1A874625AD5C}"
EndProject
Project("{D954291E-2A0B-460D-934E-DC6B0785DB48}") = "ExampleGallery.Shared", "tests\ExampleGallery\Shared\ExampleGallery.Shared.shproj", "{F6F2B4AD-0B11-4919-BF8B-08DE6FE76170}"
EndProject
Project("{FAE04EC0-301F-11D3-BF4B-00C04F79EFBC}") = "ExampleGallery.Windows", "tests\ExampleGallery\Windows\ExampleGallery.Windows.csproj", "{5C9D7C27-14C6-44F7-8A1B-447CDB939CBC}"
EndProject
Project("{FAE04EC0-301F-11D3-BF4B-00C04F79EFBC}") = "ExampleGallery.WindowsPhone", "tests\ExampleGallery\WindowsPhone\ExampleGallery.WindowsPhone.csproj", "{6F06C88D-B227-405B-A0D4-8E03DCBA8191}"
EndProject
Project("{8BC9CEB8-8B4A-11D0-8D11-00A0C91BC942}") = "CppNumericsPerfTest", "numerics\Cpp\perftest\CppNumericsPerfTest.vcxproj", "{7ED91C61-4EB4-4008-B027-48BFCBDA8A7F}"
EndProject
Project("{8BC9CEB8-8B4A-11D0-8D11-00A0C91BC942}") = "winrt.lib.uap", "winrt\lib\winrt.lib.uap.vcxproj", "{26B85B6E-3520-42B5-ADB6-971010CC99FA}"
EndProject
Project("{8BC9CEB8-8B4A-11D0-8D11-00A0C91BC942}") = "winrt.test.internal.shared", "winrt\test.internal\winrt.test.internal.shared.vcxitems", "{B038B2A3-0FF2-4313-A0DB-B7B59DC2DC4C}"
EndProject
Project("{8BC9CEB8-8B4A-11D0-8D11-00A0C91BC942}") = "winrt.test.internal.uap", "winrt\test.internal\winrt.test.internal.uap.vcxproj", "{063AB629-AADF-4749-B259-AB815B1AEB01}"
EndProject
Project("{2150E333-8FDC-42A3-9474-1A3956D46DE8}") = "winrt.test.internal", "winrt.test.internal", "{BD3C3AE6-CD07-48F9-A6D7-B5324E9B7455}"
EndProject
Project("{8BC9CEB8-8B4A-11D0-8D11-00A0C91BC942}") = "winrt.dll.uap", "winrt\dll\winrt.dll.uap.vcxproj", "{8CF21E5D-E0A2-4FE7-8E2B-A025CF52DCFB}"
EndProject
Project("{8BC9CEB8-8B4A-11D0-8D11-00A0C91BC942}") = "winrt.test.external.uap", "winrt\test.external\winrt.test.external.uap.vcxproj", "{F33C7CB9-5ECA-47B7-9393-81E6E8F0BD34}"
EndProject
Project("{FAE04EC0-301F-11D3-BF4B-00C04F79EFBC}") = "ExampleGallery.uap", "tests\ExampleGallery\UAP\ExampleGallery.uap.csproj", "{F6867923-3A6E-4102-B546-E3A6A5F8EC36}"
EndProject
Project("{FAE04EC0-301F-11D3-BF4B-00C04F79EFBC}") = "CsConsumer.uap", "tests\CsConsumer\UAP\CsConsumer.uap.csproj", "{DF81C02B-9D29-4724-82BC-9D56724F59B4}"
EndProject
Project("{FAE04EC0-301F-11D3-BF4B-00C04F79EFBC}") = "ExampleGallery.Effects", "tests\ExampleGallery\Effects\ExampleGallery.Effects.csproj", "{2B157B97-CBF7-4014-8655-1456F2807F43}"
EndProject
Project("{8BC9CEB8-8B4A-11D0-8D11-00A0C91BC942}") = "winrt.test.nativecomponent.uap", "winrt\test.nativecomponent\winrt.test.nativecomponent.uap.vcxproj", "{9936FFEF-2686-4DF6-8D64-2BFA78B1222A}"
EndProject
Project("{FAE04EC0-301F-11D3-BF4B-00C04F79EFBC}") = "winrt.test.managed.uap", "winrt\test.managed\UAP\winrt.test.managed.uap.csproj", "{70FB7B71-D56C-4BF1-9282-27AA58043CC0}"
EndProject
Global
	GlobalSection(SharedMSBuildProjectFiles) = preSolution
		winrt\test.managed\Shared\winrt.test.managed.Shared.projitems*{70fb7b71-d56c-4bf1-9282-27aa58043cc0}*SharedItemsImports = 4
		winrt\lib\winrt.lib.Shared.vcxitems*{26b85b6e-3520-42b5-adb6-971010cc99fa}*SharedItemsImports = 4
		numerics\Cpp\tests\CppNumericsTests.Shared.vcxitems*{2d1259ac-e4c6-4345-af91-5962e0c5112d}*SharedItemsImports = 4
		tests\CsConsumer\Shared\CsConsumer.Shared.projitems*{114e4b4c-ab6d-4b1a-beeb-2bc25ed058de}*SharedItemsImports = 4
		winrt\test.nativecomponent\winrt.test.nativecomponent.Shared.vcxitems*{9936ffef-2686-4df6-8d64-2bfa78b1222a}*SharedItemsImports = 4
		winrt\test.nativecomponent\winrt.test.nativecomponent.Shared.vcxitems*{7c0a8506-002b-4169-989f-ea5723dad6fb}*SharedItemsImports = 9
		winrt\test.managed\Shared\winrt.test.managed.Shared.projitems*{6d29a10e-e538-47fc-9775-143df718a78d}*SharedItemsImports = 4
		winrt\test.managed\Shared\winrt.test.managed.Shared.projitems*{ef6dbc39-a50d-47c4-b790-d459d4904d84}*SharedItemsImports = 13
		tests\CsConsumer\Shared\CsConsumer.Shared.projitems*{5e3a65be-ec00-4fe7-a3bc-129bf8afc7aa}*SharedItemsImports = 4
		winrt\test.external\winrt.test.external.Shared.vcxitems*{1e7bd769-cf5a-4d05-a2f7-761372c24746}*SharedItemsImports = 9
		tests\CsConsumer\Shared\CsConsumer.Shared.projitems*{bed92440-609a-4a13-924c-75a7bafc3969}*SharedItemsImports = 13
		winrt\lib\winrt.lib.Shared.vcxitems*{1574c4de-318f-4555-b72e-97532f720a13}*SharedItemsImports = 9
		numerics\Cpp\tests\CppNumericsTests.Shared.vcxitems*{d125d087-f3a5-44c7-9bbf-952fb30b2d7e}*SharedItemsImports = 9
		winrt\lib\winrt.lib.Shared.vcxitems*{8e9fef0d-edb6-4c76-9383-a070314e5ff4}*SharedItemsImports = 4
		winrt\dll\winrt.dll.Shared.vcxitems*{d3d2a425-69d2-4f8c-98dc-760abc25e535}*SharedItemsImports = 9
		winrt\dll\winrt.dll.Shared.vcxitems*{8cf21e5d-e0a2-4fe7-8e2b-a025cf52dcfb}*SharedItemsImports = 4
		winrt\dll\winrt.dll.Shared.vcxitems*{6eabd217-3fd8-4298-929d-857811d8f3fa}*SharedItemsImports = 4
		tests\CsConsumer\Shared\CsConsumer.Shared.projitems*{df81c02b-9d29-4724-82bc-9d56724f59b4}*SharedItemsImports = 4
		numerics\DotNet\tests\Shared\DotNetNumericsTests.Shared.projitems*{d5e0912c-636c-484b-a459-539a26da9cc2}*SharedItemsImports = 13
		winrt\test.managed\Shared\winrt.test.managed.Shared.projitems*{9f8a014c-478a-4ec2-8cc2-37ceb3ccfccf}*SharedItemsImports = 4
		numerics\Cpp\tests\CppNumericsTests.Shared.vcxitems*{f1fbb8c5-f507-4c69-908c-f46231b78c46}*SharedItemsImports = 4
		winrt\lib\winrt.lib.Shared.vcxitems*{8c279709-e303-4546-a218-9b6e03521574}*SharedItemsImports = 4
		tests\ExampleGallery\Shared\ExampleGallery.Shared.projitems*{f6f2b4ad-0b11-4919-bf8b-08de6fe76170}*SharedItemsImports = 13
		winrt\test.external\winrt.test.external.Shared.vcxitems*{fbb57887-39f9-47e2-bca9-c4b620223610}*SharedItemsImports = 4
		winrt\test.internal\winrt.test.internal.shared.vcxitems*{063ab629-aadf-4749-b259-ab815b1aeb01}*SharedItemsImports = 4
		winrt\test.internal\winrt.test.internal.shared.vcxitems*{b038b2a3-0ff2-4313-a0db-b7b59dc2dc4c}*SharedItemsImports = 9
		tests\ExampleGallery\Shared\ExampleGallery.Shared.projitems*{5c9d7c27-14c6-44f7-8a1b-447cdb939cbc}*SharedItemsImports = 4
		numerics\DotNet\tests\Shared\DotNetNumericsTests.Shared.projitems*{198d676f-fed6-4501-a083-ea9d288db611}*SharedItemsImports = 4
		numerics\DotNet\tests\Shared\DotNetNumericsTests.Shared.projitems*{860ee6b2-f36c-448e-ba84-607266fb6fba}*SharedItemsImports = 4
		winrt\test.external\winrt.test.external.Shared.vcxitems*{f33c7cb9-5eca-47b7-9393-81e6e8f0bd34}*SharedItemsImports = 4
		winrt\test.nativecomponent\winrt.test.nativecomponent.Shared.vcxitems*{dd961f31-3142-4e3a-80a9-bc9da5d75816}*SharedItemsImports = 4
		tests\ExampleGallery\Shared\ExampleGallery.Shared.projitems*{6f06c88d-b227-405b-a0d4-8e03dcba8191}*SharedItemsImports = 4
		winrt\test.internal\winrt.test.internal.shared.vcxitems*{1fe831f7-6773-4445-b570-1f5570fad88d}*SharedItemsImports = 4
		winrt\test.external\winrt.test.external.Shared.vcxitems*{d6cb5cb7-499b-4980-84c6-f0099cf309da}*SharedItemsImports = 4
		winrt\dll\winrt.dll.Shared.vcxitems*{0ae978bb-52e2-40fb-9d0f-2e3a4bd64837}*SharedItemsImports = 4
		winrt\test.nativecomponent\winrt.test.nativecomponent.Shared.vcxitems*{e09c8be2-ac5a-4c87-9c2e-35290853448e}*SharedItemsImports = 4
	EndGlobalSection
	GlobalSection(SolutionConfigurationPlatforms) = preSolution
		Debug|ARM = Debug|ARM
		Debug|Win32 = Debug|Win32
		Debug|x64 = Debug|x64
		Release|ARM = Release|ARM
		Release|Win32 = Release|Win32
		Release|x64 = Release|x64
	EndGlobalSection
	GlobalSection(ProjectConfigurationPlatforms) = postSolution
		{D6CB5CB7-499B-4980-84C6-F0099CF309DA}.Debug|ARM.ActiveCfg = Debug|ARM
		{D6CB5CB7-499B-4980-84C6-F0099CF309DA}.Debug|ARM.Build.0 = Debug|ARM
		{D6CB5CB7-499B-4980-84C6-F0099CF309DA}.Debug|ARM.Deploy.0 = Debug|ARM
		{D6CB5CB7-499B-4980-84C6-F0099CF309DA}.Debug|Win32.ActiveCfg = Debug|Win32
		{D6CB5CB7-499B-4980-84C6-F0099CF309DA}.Debug|Win32.Build.0 = Debug|Win32
		{D6CB5CB7-499B-4980-84C6-F0099CF309DA}.Debug|Win32.Deploy.0 = Debug|Win32
		{D6CB5CB7-499B-4980-84C6-F0099CF309DA}.Debug|x64.ActiveCfg = Debug|x64
		{D6CB5CB7-499B-4980-84C6-F0099CF309DA}.Debug|x64.Build.0 = Debug|x64
		{D6CB5CB7-499B-4980-84C6-F0099CF309DA}.Debug|x64.Deploy.0 = Debug|x64
		{D6CB5CB7-499B-4980-84C6-F0099CF309DA}.Release|ARM.ActiveCfg = Release|ARM
		{D6CB5CB7-499B-4980-84C6-F0099CF309DA}.Release|ARM.Build.0 = Release|ARM
		{D6CB5CB7-499B-4980-84C6-F0099CF309DA}.Release|ARM.Deploy.0 = Release|ARM
		{D6CB5CB7-499B-4980-84C6-F0099CF309DA}.Release|Win32.ActiveCfg = Release|Win32
		{D6CB5CB7-499B-4980-84C6-F0099CF309DA}.Release|Win32.Build.0 = Release|Win32
		{D6CB5CB7-499B-4980-84C6-F0099CF309DA}.Release|Win32.Deploy.0 = Release|Win32
		{D6CB5CB7-499B-4980-84C6-F0099CF309DA}.Release|x64.ActiveCfg = Release|x64
		{D6CB5CB7-499B-4980-84C6-F0099CF309DA}.Release|x64.Build.0 = Release|x64
		{D6CB5CB7-499B-4980-84C6-F0099CF309DA}.Release|x64.Deploy.0 = Release|x64
		{114E4B4C-AB6D-4B1A-BEEB-2BC25ED058DE}.Debug|ARM.ActiveCfg = Debug|ARM
		{114E4B4C-AB6D-4B1A-BEEB-2BC25ED058DE}.Debug|ARM.Build.0 = Debug|ARM
		{114E4B4C-AB6D-4B1A-BEEB-2BC25ED058DE}.Debug|ARM.Deploy.0 = Debug|ARM
		{114E4B4C-AB6D-4B1A-BEEB-2BC25ED058DE}.Debug|Win32.ActiveCfg = Debug|Win32
		{114E4B4C-AB6D-4B1A-BEEB-2BC25ED058DE}.Debug|Win32.Build.0 = Debug|Win32
		{114E4B4C-AB6D-4B1A-BEEB-2BC25ED058DE}.Debug|Win32.Deploy.0 = Debug|Win32
		{114E4B4C-AB6D-4B1A-BEEB-2BC25ED058DE}.Debug|x64.ActiveCfg = Debug|x64
		{114E4B4C-AB6D-4B1A-BEEB-2BC25ED058DE}.Debug|x64.Build.0 = Debug|x64
		{114E4B4C-AB6D-4B1A-BEEB-2BC25ED058DE}.Debug|x64.Deploy.0 = Debug|x64
		{114E4B4C-AB6D-4B1A-BEEB-2BC25ED058DE}.Release|ARM.ActiveCfg = Release|ARM
		{114E4B4C-AB6D-4B1A-BEEB-2BC25ED058DE}.Release|ARM.Build.0 = Release|ARM
		{114E4B4C-AB6D-4B1A-BEEB-2BC25ED058DE}.Release|ARM.Deploy.0 = Release|ARM
		{114E4B4C-AB6D-4B1A-BEEB-2BC25ED058DE}.Release|Win32.ActiveCfg = Release|Win32
		{114E4B4C-AB6D-4B1A-BEEB-2BC25ED058DE}.Release|Win32.Build.0 = Release|Win32
		{114E4B4C-AB6D-4B1A-BEEB-2BC25ED058DE}.Release|Win32.Deploy.0 = Release|Win32
		{114E4B4C-AB6D-4B1A-BEEB-2BC25ED058DE}.Release|x64.ActiveCfg = Release|x64
		{114E4B4C-AB6D-4B1A-BEEB-2BC25ED058DE}.Release|x64.Build.0 = Release|x64
		{114E4B4C-AB6D-4B1A-BEEB-2BC25ED058DE}.Release|x64.Deploy.0 = Release|x64
		{E09C8BE2-AC5A-4C87-9C2E-35290853448E}.Debug|ARM.ActiveCfg = Debug|ARM
		{E09C8BE2-AC5A-4C87-9C2E-35290853448E}.Debug|ARM.Build.0 = Debug|ARM
		{E09C8BE2-AC5A-4C87-9C2E-35290853448E}.Debug|Win32.ActiveCfg = Debug|Win32
		{E09C8BE2-AC5A-4C87-9C2E-35290853448E}.Debug|Win32.Build.0 = Debug|Win32
		{E09C8BE2-AC5A-4C87-9C2E-35290853448E}.Debug|x64.ActiveCfg = Debug|x64
		{E09C8BE2-AC5A-4C87-9C2E-35290853448E}.Debug|x64.Build.0 = Debug|x64
		{E09C8BE2-AC5A-4C87-9C2E-35290853448E}.Release|ARM.ActiveCfg = Release|ARM
		{E09C8BE2-AC5A-4C87-9C2E-35290853448E}.Release|ARM.Build.0 = Release|ARM
		{E09C8BE2-AC5A-4C87-9C2E-35290853448E}.Release|Win32.ActiveCfg = Release|Win32
		{E09C8BE2-AC5A-4C87-9C2E-35290853448E}.Release|Win32.Build.0 = Release|Win32
		{E09C8BE2-AC5A-4C87-9C2E-35290853448E}.Release|x64.ActiveCfg = Release|x64
		{E09C8BE2-AC5A-4C87-9C2E-35290853448E}.Release|x64.Build.0 = Release|x64
		{9F8A014C-478A-4EC2-8CC2-37CEB3CCFCCF}.Debug|ARM.ActiveCfg = Debug|ARM
		{9F8A014C-478A-4EC2-8CC2-37CEB3CCFCCF}.Debug|ARM.Build.0 = Debug|ARM
		{9F8A014C-478A-4EC2-8CC2-37CEB3CCFCCF}.Debug|ARM.Deploy.0 = Debug|ARM
		{9F8A014C-478A-4EC2-8CC2-37CEB3CCFCCF}.Debug|Win32.ActiveCfg = Debug|Win32
		{9F8A014C-478A-4EC2-8CC2-37CEB3CCFCCF}.Debug|Win32.Build.0 = Debug|Win32
		{9F8A014C-478A-4EC2-8CC2-37CEB3CCFCCF}.Debug|Win32.Deploy.0 = Debug|Win32
		{9F8A014C-478A-4EC2-8CC2-37CEB3CCFCCF}.Debug|x64.ActiveCfg = Debug|x64
		{9F8A014C-478A-4EC2-8CC2-37CEB3CCFCCF}.Debug|x64.Build.0 = Debug|x64
		{9F8A014C-478A-4EC2-8CC2-37CEB3CCFCCF}.Debug|x64.Deploy.0 = Debug|x64
		{9F8A014C-478A-4EC2-8CC2-37CEB3CCFCCF}.Release|ARM.ActiveCfg = Release|ARM
		{9F8A014C-478A-4EC2-8CC2-37CEB3CCFCCF}.Release|ARM.Build.0 = Release|ARM
		{9F8A014C-478A-4EC2-8CC2-37CEB3CCFCCF}.Release|ARM.Deploy.0 = Release|ARM
		{9F8A014C-478A-4EC2-8CC2-37CEB3CCFCCF}.Release|Win32.ActiveCfg = Release|Win32
		{9F8A014C-478A-4EC2-8CC2-37CEB3CCFCCF}.Release|Win32.Build.0 = Release|Win32
		{9F8A014C-478A-4EC2-8CC2-37CEB3CCFCCF}.Release|Win32.Deploy.0 = Release|Win32
		{9F8A014C-478A-4EC2-8CC2-37CEB3CCFCCF}.Release|x64.ActiveCfg = Release|x64
		{9F8A014C-478A-4EC2-8CC2-37CEB3CCFCCF}.Release|x64.Build.0 = Release|x64
		{9F8A014C-478A-4EC2-8CC2-37CEB3CCFCCF}.Release|x64.Deploy.0 = Release|x64
		{8E9FEF0D-EDB6-4C76-9383-A070314E5FF4}.Debug|ARM.ActiveCfg = Debug|ARM
		{8E9FEF0D-EDB6-4C76-9383-A070314E5FF4}.Debug|ARM.Build.0 = Debug|ARM
		{8E9FEF0D-EDB6-4C76-9383-A070314E5FF4}.Debug|Win32.ActiveCfg = Debug|Win32
		{8E9FEF0D-EDB6-4C76-9383-A070314E5FF4}.Debug|Win32.Build.0 = Debug|Win32
		{8E9FEF0D-EDB6-4C76-9383-A070314E5FF4}.Debug|x64.ActiveCfg = Debug|x64
		{8E9FEF0D-EDB6-4C76-9383-A070314E5FF4}.Debug|x64.Build.0 = Debug|x64
		{8E9FEF0D-EDB6-4C76-9383-A070314E5FF4}.Release|ARM.ActiveCfg = Release|ARM
		{8E9FEF0D-EDB6-4C76-9383-A070314E5FF4}.Release|ARM.Build.0 = Release|ARM
		{8E9FEF0D-EDB6-4C76-9383-A070314E5FF4}.Release|Win32.ActiveCfg = Release|Win32
		{8E9FEF0D-EDB6-4C76-9383-A070314E5FF4}.Release|Win32.Build.0 = Release|Win32
		{8E9FEF0D-EDB6-4C76-9383-A070314E5FF4}.Release|x64.ActiveCfg = Release|x64
		{8E9FEF0D-EDB6-4C76-9383-A070314E5FF4}.Release|x64.Build.0 = Release|x64
		{8C279709-E303-4546-A218-9B6E03521574}.Debug|ARM.ActiveCfg = Debug|ARM
		{8C279709-E303-4546-A218-9B6E03521574}.Debug|ARM.Build.0 = Debug|ARM
		{8C279709-E303-4546-A218-9B6E03521574}.Debug|Win32.ActiveCfg = Debug|Win32
		{8C279709-E303-4546-A218-9B6E03521574}.Debug|Win32.Build.0 = Debug|Win32
		{8C279709-E303-4546-A218-9B6E03521574}.Debug|x64.ActiveCfg = Debug|Win32
		{8C279709-E303-4546-A218-9B6E03521574}.Release|ARM.ActiveCfg = Release|ARM
		{8C279709-E303-4546-A218-9B6E03521574}.Release|ARM.Build.0 = Release|ARM
		{8C279709-E303-4546-A218-9B6E03521574}.Release|Win32.ActiveCfg = Release|Win32
		{8C279709-E303-4546-A218-9B6E03521574}.Release|Win32.Build.0 = Release|Win32
		{8C279709-E303-4546-A218-9B6E03521574}.Release|x64.ActiveCfg = Release|Win32
		{FBB57887-39F9-47E2-BCA9-C4B620223610}.Debug|ARM.ActiveCfg = Debug|ARM
		{FBB57887-39F9-47E2-BCA9-C4B620223610}.Debug|ARM.Build.0 = Debug|ARM
		{FBB57887-39F9-47E2-BCA9-C4B620223610}.Debug|ARM.Deploy.0 = Debug|ARM
		{FBB57887-39F9-47E2-BCA9-C4B620223610}.Debug|Win32.ActiveCfg = Debug|Win32
		{FBB57887-39F9-47E2-BCA9-C4B620223610}.Debug|Win32.Build.0 = Debug|Win32
		{FBB57887-39F9-47E2-BCA9-C4B620223610}.Debug|Win32.Deploy.0 = Debug|Win32
		{FBB57887-39F9-47E2-BCA9-C4B620223610}.Debug|x64.ActiveCfg = Debug|Win32
		{FBB57887-39F9-47E2-BCA9-C4B620223610}.Release|ARM.ActiveCfg = Release|ARM
		{FBB57887-39F9-47E2-BCA9-C4B620223610}.Release|ARM.Build.0 = Release|ARM
		{FBB57887-39F9-47E2-BCA9-C4B620223610}.Release|ARM.Deploy.0 = Release|ARM
		{FBB57887-39F9-47E2-BCA9-C4B620223610}.Release|Win32.ActiveCfg = Release|Win32
		{FBB57887-39F9-47E2-BCA9-C4B620223610}.Release|Win32.Build.0 = Release|Win32
		{FBB57887-39F9-47E2-BCA9-C4B620223610}.Release|Win32.Deploy.0 = Release|Win32
		{FBB57887-39F9-47E2-BCA9-C4B620223610}.Release|x64.ActiveCfg = Release|Win32
		{DD961F31-3142-4E3A-80A9-BC9DA5D75816}.Debug|ARM.ActiveCfg = Debug|ARM
		{DD961F31-3142-4E3A-80A9-BC9DA5D75816}.Debug|ARM.Build.0 = Debug|ARM
		{DD961F31-3142-4E3A-80A9-BC9DA5D75816}.Debug|Win32.ActiveCfg = Debug|Win32
		{DD961F31-3142-4E3A-80A9-BC9DA5D75816}.Debug|Win32.Build.0 = Debug|Win32
		{DD961F31-3142-4E3A-80A9-BC9DA5D75816}.Debug|x64.ActiveCfg = Debug|Win32
		{DD961F31-3142-4E3A-80A9-BC9DA5D75816}.Release|ARM.ActiveCfg = Release|ARM
		{DD961F31-3142-4E3A-80A9-BC9DA5D75816}.Release|ARM.Build.0 = Release|ARM
		{DD961F31-3142-4E3A-80A9-BC9DA5D75816}.Release|Win32.ActiveCfg = Release|Win32
		{DD961F31-3142-4E3A-80A9-BC9DA5D75816}.Release|Win32.Build.0 = Release|Win32
		{DD961F31-3142-4E3A-80A9-BC9DA5D75816}.Release|x64.ActiveCfg = Release|Win32
		{6D29A10E-E538-47FC-9775-143DF718A78D}.Debug|ARM.ActiveCfg = Debug|ARM
		{6D29A10E-E538-47FC-9775-143DF718A78D}.Debug|ARM.Build.0 = Debug|ARM
		{6D29A10E-E538-47FC-9775-143DF718A78D}.Debug|ARM.Deploy.0 = Debug|ARM
		{6D29A10E-E538-47FC-9775-143DF718A78D}.Debug|Win32.ActiveCfg = Debug|Win32
		{6D29A10E-E538-47FC-9775-143DF718A78D}.Debug|Win32.Build.0 = Debug|Win32
		{6D29A10E-E538-47FC-9775-143DF718A78D}.Debug|Win32.Deploy.0 = Debug|Win32
		{6D29A10E-E538-47FC-9775-143DF718A78D}.Debug|x64.ActiveCfg = Debug|Win32
		{6D29A10E-E538-47FC-9775-143DF718A78D}.Release|ARM.ActiveCfg = Release|ARM
		{6D29A10E-E538-47FC-9775-143DF718A78D}.Release|ARM.Build.0 = Release|ARM
		{6D29A10E-E538-47FC-9775-143DF718A78D}.Release|ARM.Deploy.0 = Release|ARM
		{6D29A10E-E538-47FC-9775-143DF718A78D}.Release|Win32.ActiveCfg = Release|Win32
		{6D29A10E-E538-47FC-9775-143DF718A78D}.Release|Win32.Build.0 = Release|Win32
		{6D29A10E-E538-47FC-9775-143DF718A78D}.Release|Win32.Deploy.0 = Release|Win32
		{6D29A10E-E538-47FC-9775-143DF718A78D}.Release|x64.ActiveCfg = Release|Win32
		{5E3A65BE-EC00-4FE7-A3BC-129BF8AFC7AA}.Debug|ARM.ActiveCfg = Debug|ARM
		{5E3A65BE-EC00-4FE7-A3BC-129BF8AFC7AA}.Debug|ARM.Build.0 = Debug|ARM
		{5E3A65BE-EC00-4FE7-A3BC-129BF8AFC7AA}.Debug|ARM.Deploy.0 = Debug|ARM
		{5E3A65BE-EC00-4FE7-A3BC-129BF8AFC7AA}.Debug|Win32.ActiveCfg = Debug|Win32
		{5E3A65BE-EC00-4FE7-A3BC-129BF8AFC7AA}.Debug|Win32.Build.0 = Debug|Win32
		{5E3A65BE-EC00-4FE7-A3BC-129BF8AFC7AA}.Debug|Win32.Deploy.0 = Debug|Win32
		{5E3A65BE-EC00-4FE7-A3BC-129BF8AFC7AA}.Debug|x64.ActiveCfg = Debug|Win32
		{5E3A65BE-EC00-4FE7-A3BC-129BF8AFC7AA}.Release|ARM.ActiveCfg = Release|ARM
		{5E3A65BE-EC00-4FE7-A3BC-129BF8AFC7AA}.Release|ARM.Build.0 = Release|ARM
		{5E3A65BE-EC00-4FE7-A3BC-129BF8AFC7AA}.Release|ARM.Deploy.0 = Release|ARM
		{5E3A65BE-EC00-4FE7-A3BC-129BF8AFC7AA}.Release|Win32.ActiveCfg = Release|Win32
		{5E3A65BE-EC00-4FE7-A3BC-129BF8AFC7AA}.Release|Win32.Build.0 = Release|Win32
		{5E3A65BE-EC00-4FE7-A3BC-129BF8AFC7AA}.Release|Win32.Deploy.0 = Release|Win32
		{5E3A65BE-EC00-4FE7-A3BC-129BF8AFC7AA}.Release|x64.ActiveCfg = Release|Win32
		{0AE978BB-52E2-40FB-9D0F-2E3A4BD64837}.Debug|ARM.ActiveCfg = Debug|ARM
		{0AE978BB-52E2-40FB-9D0F-2E3A4BD64837}.Debug|ARM.Build.0 = Debug|ARM
		{0AE978BB-52E2-40FB-9D0F-2E3A4BD64837}.Debug|Win32.ActiveCfg = Debug|Win32
		{0AE978BB-52E2-40FB-9D0F-2E3A4BD64837}.Debug|Win32.Build.0 = Debug|Win32
		{0AE978BB-52E2-40FB-9D0F-2E3A4BD64837}.Debug|x64.ActiveCfg = Debug|x64
		{0AE978BB-52E2-40FB-9D0F-2E3A4BD64837}.Debug|x64.Build.0 = Debug|x64
		{0AE978BB-52E2-40FB-9D0F-2E3A4BD64837}.Release|ARM.ActiveCfg = Release|ARM
		{0AE978BB-52E2-40FB-9D0F-2E3A4BD64837}.Release|ARM.Build.0 = Release|ARM
		{0AE978BB-52E2-40FB-9D0F-2E3A4BD64837}.Release|Win32.ActiveCfg = Release|Win32
		{0AE978BB-52E2-40FB-9D0F-2E3A4BD64837}.Release|Win32.Build.0 = Release|Win32
		{0AE978BB-52E2-40FB-9D0F-2E3A4BD64837}.Release|x64.ActiveCfg = Release|x64
		{0AE978BB-52E2-40FB-9D0F-2E3A4BD64837}.Release|x64.Build.0 = Release|x64
		{6EABD217-3FD8-4298-929D-857811D8F3FA}.Debug|ARM.ActiveCfg = Debug|ARM
		{6EABD217-3FD8-4298-929D-857811D8F3FA}.Debug|ARM.Build.0 = Debug|ARM
		{6EABD217-3FD8-4298-929D-857811D8F3FA}.Debug|Win32.ActiveCfg = Debug|Win32
		{6EABD217-3FD8-4298-929D-857811D8F3FA}.Debug|Win32.Build.0 = Debug|Win32
		{6EABD217-3FD8-4298-929D-857811D8F3FA}.Debug|x64.ActiveCfg = Debug|Win32
		{6EABD217-3FD8-4298-929D-857811D8F3FA}.Release|ARM.ActiveCfg = Release|ARM
		{6EABD217-3FD8-4298-929D-857811D8F3FA}.Release|ARM.Build.0 = Release|ARM
		{6EABD217-3FD8-4298-929D-857811D8F3FA}.Release|Win32.ActiveCfg = Release|Win32
		{6EABD217-3FD8-4298-929D-857811D8F3FA}.Release|Win32.Build.0 = Release|Win32
		{6EABD217-3FD8-4298-929D-857811D8F3FA}.Release|x64.ActiveCfg = Release|Win32
		{1FE831F7-6773-4445-B570-1F5570FAD88D}.Debug|ARM.ActiveCfg = Debug|Win32
		{1FE831F7-6773-4445-B570-1F5570FAD88D}.Debug|Win32.ActiveCfg = Debug|Win32
		{1FE831F7-6773-4445-B570-1F5570FAD88D}.Debug|Win32.Build.0 = Debug|Win32
		{1FE831F7-6773-4445-B570-1F5570FAD88D}.Debug|x64.ActiveCfg = Debug|x64
		{1FE831F7-6773-4445-B570-1F5570FAD88D}.Debug|x64.Build.0 = Debug|x64
		{1FE831F7-6773-4445-B570-1F5570FAD88D}.Release|ARM.ActiveCfg = Release|Win32
		{1FE831F7-6773-4445-B570-1F5570FAD88D}.Release|Win32.ActiveCfg = Release|Win32
		{1FE831F7-6773-4445-B570-1F5570FAD88D}.Release|Win32.Build.0 = Release|Win32
		{1FE831F7-6773-4445-B570-1F5570FAD88D}.Release|x64.ActiveCfg = Release|x64
		{1FE831F7-6773-4445-B570-1F5570FAD88D}.Release|x64.Build.0 = Release|x64
		{3C1B37E8-10D1-4381-882A-9F0C0FD45871}.Debug|ARM.ActiveCfg = Debug|ARM
		{3C1B37E8-10D1-4381-882A-9F0C0FD45871}.Debug|ARM.Build.0 = Debug|ARM
		{3C1B37E8-10D1-4381-882A-9F0C0FD45871}.Debug|Win32.ActiveCfg = Debug|Win32
		{3C1B37E8-10D1-4381-882A-9F0C0FD45871}.Debug|Win32.Build.0 = Debug|Win32
		{3C1B37E8-10D1-4381-882A-9F0C0FD45871}.Debug|Win32.Deploy.0 = Debug|Win32
		{3C1B37E8-10D1-4381-882A-9F0C0FD45871}.Debug|x64.ActiveCfg = Debug|x64
		{3C1B37E8-10D1-4381-882A-9F0C0FD45871}.Debug|x64.Build.0 = Debug|x64
		{3C1B37E8-10D1-4381-882A-9F0C0FD45871}.Release|ARM.ActiveCfg = Release|ARM
		{3C1B37E8-10D1-4381-882A-9F0C0FD45871}.Release|ARM.Build.0 = Release|ARM
		{3C1B37E8-10D1-4381-882A-9F0C0FD45871}.Release|Win32.ActiveCfg = Release|Win32
		{3C1B37E8-10D1-4381-882A-9F0C0FD45871}.Release|Win32.Build.0 = Release|Win32
		{3C1B37E8-10D1-4381-882A-9F0C0FD45871}.Release|x64.ActiveCfg = Release|x64
		{3C1B37E8-10D1-4381-882A-9F0C0FD45871}.Release|x64.Build.0 = Release|x64
		{3C1B37E8-10D1-4381-882A-9F0C0FD45871}.Release|x64.Deploy.0 = Release|x64
		{2D1259AC-E4C6-4345-AF91-5962E0C5112D}.Debug|ARM.ActiveCfg = Debug|ARM
		{2D1259AC-E4C6-4345-AF91-5962E0C5112D}.Debug|ARM.Build.0 = Debug|ARM
		{2D1259AC-E4C6-4345-AF91-5962E0C5112D}.Debug|ARM.Deploy.0 = Debug|ARM
		{2D1259AC-E4C6-4345-AF91-5962E0C5112D}.Debug|Win32.ActiveCfg = Debug|Win32
		{2D1259AC-E4C6-4345-AF91-5962E0C5112D}.Debug|Win32.Build.0 = Debug|Win32
		{2D1259AC-E4C6-4345-AF91-5962E0C5112D}.Debug|Win32.Deploy.0 = Debug|Win32
		{2D1259AC-E4C6-4345-AF91-5962E0C5112D}.Debug|x64.ActiveCfg = Debug|x64
		{2D1259AC-E4C6-4345-AF91-5962E0C5112D}.Debug|x64.Build.0 = Debug|x64
		{2D1259AC-E4C6-4345-AF91-5962E0C5112D}.Debug|x64.Deploy.0 = Debug|x64
		{2D1259AC-E4C6-4345-AF91-5962E0C5112D}.Release|ARM.ActiveCfg = Release|ARM
		{2D1259AC-E4C6-4345-AF91-5962E0C5112D}.Release|ARM.Build.0 = Release|ARM
		{2D1259AC-E4C6-4345-AF91-5962E0C5112D}.Release|ARM.Deploy.0 = Release|ARM
		{2D1259AC-E4C6-4345-AF91-5962E0C5112D}.Release|Win32.ActiveCfg = Release|Win32
		{2D1259AC-E4C6-4345-AF91-5962E0C5112D}.Release|Win32.Build.0 = Release|Win32
		{2D1259AC-E4C6-4345-AF91-5962E0C5112D}.Release|Win32.Deploy.0 = Release|Win32
		{2D1259AC-E4C6-4345-AF91-5962E0C5112D}.Release|x64.ActiveCfg = Release|x64
		{2D1259AC-E4C6-4345-AF91-5962E0C5112D}.Release|x64.Build.0 = Release|x64
		{2D1259AC-E4C6-4345-AF91-5962E0C5112D}.Release|x64.Deploy.0 = Release|x64
		{F1FBB8C5-F507-4C69-908C-F46231B78C46}.Debug|ARM.ActiveCfg = Debug|ARM
		{F1FBB8C5-F507-4C69-908C-F46231B78C46}.Debug|ARM.Build.0 = Debug|ARM
		{F1FBB8C5-F507-4C69-908C-F46231B78C46}.Debug|ARM.Deploy.0 = Debug|ARM
		{F1FBB8C5-F507-4C69-908C-F46231B78C46}.Debug|Win32.ActiveCfg = Debug|Win32
		{F1FBB8C5-F507-4C69-908C-F46231B78C46}.Debug|Win32.Build.0 = Debug|Win32
		{F1FBB8C5-F507-4C69-908C-F46231B78C46}.Debug|Win32.Deploy.0 = Debug|Win32
		{F1FBB8C5-F507-4C69-908C-F46231B78C46}.Debug|x64.ActiveCfg = Debug|Win32
		{F1FBB8C5-F507-4C69-908C-F46231B78C46}.Release|ARM.ActiveCfg = Release|ARM
		{F1FBB8C5-F507-4C69-908C-F46231B78C46}.Release|ARM.Build.0 = Release|ARM
		{F1FBB8C5-F507-4C69-908C-F46231B78C46}.Release|ARM.Deploy.0 = Release|ARM
		{F1FBB8C5-F507-4C69-908C-F46231B78C46}.Release|Win32.ActiveCfg = Release|Win32
		{F1FBB8C5-F507-4C69-908C-F46231B78C46}.Release|Win32.Build.0 = Release|Win32
		{F1FBB8C5-F507-4C69-908C-F46231B78C46}.Release|Win32.Deploy.0 = Release|Win32
		{F1FBB8C5-F507-4C69-908C-F46231B78C46}.Release|x64.ActiveCfg = Release|Win32
		{860EE6B2-F36C-448E-BA84-607266FB6FBA}.Debug|ARM.ActiveCfg = Debug|ARM
		{860EE6B2-F36C-448E-BA84-607266FB6FBA}.Debug|ARM.Build.0 = Debug|ARM
		{860EE6B2-F36C-448E-BA84-607266FB6FBA}.Debug|ARM.Deploy.0 = Debug|ARM
		{860EE6B2-F36C-448E-BA84-607266FB6FBA}.Debug|Win32.ActiveCfg = Debug|Win32
		{860EE6B2-F36C-448E-BA84-607266FB6FBA}.Debug|Win32.Build.0 = Debug|Win32
		{860EE6B2-F36C-448E-BA84-607266FB6FBA}.Debug|Win32.Deploy.0 = Debug|Win32
		{860EE6B2-F36C-448E-BA84-607266FB6FBA}.Debug|x64.ActiveCfg = Debug|x64
		{860EE6B2-F36C-448E-BA84-607266FB6FBA}.Debug|x64.Build.0 = Debug|x64
		{860EE6B2-F36C-448E-BA84-607266FB6FBA}.Debug|x64.Deploy.0 = Debug|x64
		{860EE6B2-F36C-448E-BA84-607266FB6FBA}.Release|ARM.ActiveCfg = Release|ARM
		{860EE6B2-F36C-448E-BA84-607266FB6FBA}.Release|ARM.Build.0 = Release|ARM
		{860EE6B2-F36C-448E-BA84-607266FB6FBA}.Release|ARM.Deploy.0 = Release|ARM
		{860EE6B2-F36C-448E-BA84-607266FB6FBA}.Release|Win32.ActiveCfg = Release|Win32
		{860EE6B2-F36C-448E-BA84-607266FB6FBA}.Release|Win32.Build.0 = Release|Win32
		{860EE6B2-F36C-448E-BA84-607266FB6FBA}.Release|Win32.Deploy.0 = Release|Win32
		{860EE6B2-F36C-448E-BA84-607266FB6FBA}.Release|x64.ActiveCfg = Release|x64
		{860EE6B2-F36C-448E-BA84-607266FB6FBA}.Release|x64.Build.0 = Release|x64
		{860EE6B2-F36C-448E-BA84-607266FB6FBA}.Release|x64.Deploy.0 = Release|x64
		{198D676F-FED6-4501-A083-EA9D288DB611}.Debug|ARM.ActiveCfg = Debug|ARM
		{198D676F-FED6-4501-A083-EA9D288DB611}.Debug|ARM.Build.0 = Debug|ARM
		{198D676F-FED6-4501-A083-EA9D288DB611}.Debug|ARM.Deploy.0 = Debug|ARM
		{198D676F-FED6-4501-A083-EA9D288DB611}.Debug|Win32.ActiveCfg = Debug|Win32
		{198D676F-FED6-4501-A083-EA9D288DB611}.Debug|Win32.Build.0 = Debug|Win32
		{198D676F-FED6-4501-A083-EA9D288DB611}.Debug|Win32.Deploy.0 = Debug|Win32
		{198D676F-FED6-4501-A083-EA9D288DB611}.Debug|x64.ActiveCfg = Debug|Win32
		{198D676F-FED6-4501-A083-EA9D288DB611}.Release|ARM.ActiveCfg = Release|ARM
		{198D676F-FED6-4501-A083-EA9D288DB611}.Release|ARM.Build.0 = Release|ARM
		{198D676F-FED6-4501-A083-EA9D288DB611}.Release|ARM.Deploy.0 = Release|ARM
		{198D676F-FED6-4501-A083-EA9D288DB611}.Release|Win32.ActiveCfg = Release|Win32
		{198D676F-FED6-4501-A083-EA9D288DB611}.Release|Win32.Build.0 = Release|Win32
		{198D676F-FED6-4501-A083-EA9D288DB611}.Release|Win32.Deploy.0 = Release|Win32
		{198D676F-FED6-4501-A083-EA9D288DB611}.Release|x64.ActiveCfg = Release|Win32
		{2585ABB8-67D5-48A9-806D-9CEECDBFE413}.Debug|ARM.ActiveCfg = Debug|ARM
		{2585ABB8-67D5-48A9-806D-9CEECDBFE413}.Debug|ARM.Build.0 = Debug|ARM
		{2585ABB8-67D5-48A9-806D-9CEECDBFE413}.Debug|Win32.ActiveCfg = Debug|Win32
		{2585ABB8-67D5-48A9-806D-9CEECDBFE413}.Debug|Win32.Build.0 = Debug|Win32
		{2585ABB8-67D5-48A9-806D-9CEECDBFE413}.Debug|x64.ActiveCfg = Debug|Win32
		{2585ABB8-67D5-48A9-806D-9CEECDBFE413}.Release|ARM.ActiveCfg = Release|ARM
		{2585ABB8-67D5-48A9-806D-9CEECDBFE413}.Release|ARM.Build.0 = Release|ARM
		{2585ABB8-67D5-48A9-806D-9CEECDBFE413}.Release|Win32.ActiveCfg = Release|Win32
		{2585ABB8-67D5-48A9-806D-9CEECDBFE413}.Release|Win32.Build.0 = Release|Win32
		{2585ABB8-67D5-48A9-806D-9CEECDBFE413}.Release|x64.ActiveCfg = Release|Win32
		{5C9D7C27-14C6-44F7-8A1B-447CDB939CBC}.Debug|ARM.ActiveCfg = Debug|ARM
		{5C9D7C27-14C6-44F7-8A1B-447CDB939CBC}.Debug|ARM.Build.0 = Debug|ARM
		{5C9D7C27-14C6-44F7-8A1B-447CDB939CBC}.Debug|ARM.Deploy.0 = Debug|ARM
		{5C9D7C27-14C6-44F7-8A1B-447CDB939CBC}.Debug|Win32.ActiveCfg = Debug|x86
		{5C9D7C27-14C6-44F7-8A1B-447CDB939CBC}.Debug|Win32.Build.0 = Debug|x86
		{5C9D7C27-14C6-44F7-8A1B-447CDB939CBC}.Debug|Win32.Deploy.0 = Debug|x86
		{5C9D7C27-14C6-44F7-8A1B-447CDB939CBC}.Debug|x64.ActiveCfg = Debug|x64
		{5C9D7C27-14C6-44F7-8A1B-447CDB939CBC}.Debug|x64.Build.0 = Debug|x64
		{5C9D7C27-14C6-44F7-8A1B-447CDB939CBC}.Debug|x64.Deploy.0 = Debug|x64
		{5C9D7C27-14C6-44F7-8A1B-447CDB939CBC}.Release|ARM.ActiveCfg = Release|ARM
		{5C9D7C27-14C6-44F7-8A1B-447CDB939CBC}.Release|ARM.Build.0 = Release|ARM
		{5C9D7C27-14C6-44F7-8A1B-447CDB939CBC}.Release|ARM.Deploy.0 = Release|ARM
		{5C9D7C27-14C6-44F7-8A1B-447CDB939CBC}.Release|Win32.ActiveCfg = Release|x86
		{5C9D7C27-14C6-44F7-8A1B-447CDB939CBC}.Release|Win32.Build.0 = Release|x86
		{5C9D7C27-14C6-44F7-8A1B-447CDB939CBC}.Release|Win32.Deploy.0 = Release|x86
		{5C9D7C27-14C6-44F7-8A1B-447CDB939CBC}.Release|x64.ActiveCfg = Release|x64
		{5C9D7C27-14C6-44F7-8A1B-447CDB939CBC}.Release|x64.Build.0 = Release|x64
		{5C9D7C27-14C6-44F7-8A1B-447CDB939CBC}.Release|x64.Deploy.0 = Release|x64
		{6F06C88D-B227-405B-A0D4-8E03DCBA8191}.Debug|ARM.ActiveCfg = Debug|ARM
		{6F06C88D-B227-405B-A0D4-8E03DCBA8191}.Debug|ARM.Build.0 = Debug|ARM
		{6F06C88D-B227-405B-A0D4-8E03DCBA8191}.Debug|ARM.Deploy.0 = Debug|ARM
		{6F06C88D-B227-405B-A0D4-8E03DCBA8191}.Debug|Win32.ActiveCfg = Debug|x86
		{6F06C88D-B227-405B-A0D4-8E03DCBA8191}.Debug|Win32.Build.0 = Debug|x86
		{6F06C88D-B227-405B-A0D4-8E03DCBA8191}.Debug|Win32.Deploy.0 = Debug|x86
		{6F06C88D-B227-405B-A0D4-8E03DCBA8191}.Debug|x64.ActiveCfg = Debug|x86
		{6F06C88D-B227-405B-A0D4-8E03DCBA8191}.Release|ARM.ActiveCfg = Release|ARM
		{6F06C88D-B227-405B-A0D4-8E03DCBA8191}.Release|ARM.Build.0 = Release|ARM
		{6F06C88D-B227-405B-A0D4-8E03DCBA8191}.Release|ARM.Deploy.0 = Release|ARM
		{6F06C88D-B227-405B-A0D4-8E03DCBA8191}.Release|Win32.ActiveCfg = Release|x86
		{6F06C88D-B227-405B-A0D4-8E03DCBA8191}.Release|Win32.Build.0 = Release|x86
		{6F06C88D-B227-405B-A0D4-8E03DCBA8191}.Release|Win32.Deploy.0 = Release|x86
		{6F06C88D-B227-405B-A0D4-8E03DCBA8191}.Release|x64.ActiveCfg = Release|x86
		{7ED91C61-4EB4-4008-B027-48BFCBDA8A7F}.Debug|ARM.ActiveCfg = Debug|Win32
		{7ED91C61-4EB4-4008-B027-48BFCBDA8A7F}.Debug|Win32.ActiveCfg = Debug|Win32
		{7ED91C61-4EB4-4008-B027-48BFCBDA8A7F}.Debug|Win32.Build.0 = Debug|Win32
		{7ED91C61-4EB4-4008-B027-48BFCBDA8A7F}.Debug|x64.ActiveCfg = Debug|x64
		{7ED91C61-4EB4-4008-B027-48BFCBDA8A7F}.Debug|x64.Build.0 = Debug|x64
		{7ED91C61-4EB4-4008-B027-48BFCBDA8A7F}.Release|ARM.ActiveCfg = Release|Win32
		{7ED91C61-4EB4-4008-B027-48BFCBDA8A7F}.Release|Win32.ActiveCfg = Release|Win32
		{7ED91C61-4EB4-4008-B027-48BFCBDA8A7F}.Release|Win32.Build.0 = Release|Win32
		{7ED91C61-4EB4-4008-B027-48BFCBDA8A7F}.Release|x64.ActiveCfg = Release|x64
		{7ED91C61-4EB4-4008-B027-48BFCBDA8A7F}.Release|x64.Build.0 = Release|x64
		{26B85B6E-3520-42B5-ADB6-971010CC99FA}.Debug|ARM.ActiveCfg = Debug|ARM
		{26B85B6E-3520-42B5-ADB6-971010CC99FA}.Debug|ARM.Build.0 = Debug|ARM
		{26B85B6E-3520-42B5-ADB6-971010CC99FA}.Debug|Win32.ActiveCfg = Debug|Win32
		{26B85B6E-3520-42B5-ADB6-971010CC99FA}.Debug|Win32.Build.0 = Debug|Win32
		{26B85B6E-3520-42B5-ADB6-971010CC99FA}.Debug|x64.ActiveCfg = Debug|x64
		{26B85B6E-3520-42B5-ADB6-971010CC99FA}.Debug|x64.Build.0 = Debug|x64
		{26B85B6E-3520-42B5-ADB6-971010CC99FA}.Release|ARM.ActiveCfg = Release|Win32
		{26B85B6E-3520-42B5-ADB6-971010CC99FA}.Release|Win32.ActiveCfg = Release|Win32
		{26B85B6E-3520-42B5-ADB6-971010CC99FA}.Release|Win32.Build.0 = Release|Win32
		{26B85B6E-3520-42B5-ADB6-971010CC99FA}.Release|x64.ActiveCfg = Release|x64
		{26B85B6E-3520-42B5-ADB6-971010CC99FA}.Release|x64.Build.0 = Release|x64
		{063AB629-AADF-4749-B259-AB815B1AEB01}.Debug|ARM.ActiveCfg = Debug|Win32
		{063AB629-AADF-4749-B259-AB815B1AEB01}.Debug|Win32.ActiveCfg = Debug|Win32
		{063AB629-AADF-4749-B259-AB815B1AEB01}.Debug|Win32.Build.0 = Debug|Win32
		{063AB629-AADF-4749-B259-AB815B1AEB01}.Debug|x64.ActiveCfg = Debug|x64
		{063AB629-AADF-4749-B259-AB815B1AEB01}.Debug|x64.Build.0 = Debug|x64
		{063AB629-AADF-4749-B259-AB815B1AEB01}.Release|ARM.ActiveCfg = Release|Win32
		{063AB629-AADF-4749-B259-AB815B1AEB01}.Release|Win32.ActiveCfg = Release|Win32
		{063AB629-AADF-4749-B259-AB815B1AEB01}.Release|Win32.Build.0 = Release|Win32
		{063AB629-AADF-4749-B259-AB815B1AEB01}.Release|x64.ActiveCfg = Release|x64
		{063AB629-AADF-4749-B259-AB815B1AEB01}.Release|x64.Build.0 = Release|x64
		{8CF21E5D-E0A2-4FE7-8E2B-A025CF52DCFB}.Debug|ARM.ActiveCfg = Debug|ARM
		{8CF21E5D-E0A2-4FE7-8E2B-A025CF52DCFB}.Debug|ARM.Build.0 = Debug|ARM
		{8CF21E5D-E0A2-4FE7-8E2B-A025CF52DCFB}.Debug|Win32.ActiveCfg = Debug|Win32
		{8CF21E5D-E0A2-4FE7-8E2B-A025CF52DCFB}.Debug|Win32.Build.0 = Debug|Win32
		{8CF21E5D-E0A2-4FE7-8E2B-A025CF52DCFB}.Debug|x64.ActiveCfg = Debug|x64
		{8CF21E5D-E0A2-4FE7-8E2B-A025CF52DCFB}.Debug|x64.Build.0 = Debug|x64
		{8CF21E5D-E0A2-4FE7-8E2B-A025CF52DCFB}.Release|ARM.ActiveCfg = Release|ARM
		{8CF21E5D-E0A2-4FE7-8E2B-A025CF52DCFB}.Release|ARM.Build.0 = Release|ARM
		{8CF21E5D-E0A2-4FE7-8E2B-A025CF52DCFB}.Release|Win32.ActiveCfg = Release|Win32
		{8CF21E5D-E0A2-4FE7-8E2B-A025CF52DCFB}.Release|Win32.Build.0 = Release|Win32
		{8CF21E5D-E0A2-4FE7-8E2B-A025CF52DCFB}.Release|x64.ActiveCfg = Release|x64
		{8CF21E5D-E0A2-4FE7-8E2B-A025CF52DCFB}.Release|x64.Build.0 = Release|x64
		{F33C7CB9-5ECA-47B7-9393-81E6E8F0BD34}.Debug|ARM.ActiveCfg = Debug|ARM
		{F33C7CB9-5ECA-47B7-9393-81E6E8F0BD34}.Debug|ARM.Build.0 = Debug|ARM
		{F33C7CB9-5ECA-47B7-9393-81E6E8F0BD34}.Debug|ARM.Deploy.0 = Debug|ARM
		{F33C7CB9-5ECA-47B7-9393-81E6E8F0BD34}.Debug|Win32.ActiveCfg = Debug|Win32
		{F33C7CB9-5ECA-47B7-9393-81E6E8F0BD34}.Debug|Win32.Build.0 = Debug|Win32
		{F33C7CB9-5ECA-47B7-9393-81E6E8F0BD34}.Debug|Win32.Deploy.0 = Debug|Win32
		{F33C7CB9-5ECA-47B7-9393-81E6E8F0BD34}.Debug|x64.ActiveCfg = Debug|x64
		{F33C7CB9-5ECA-47B7-9393-81E6E8F0BD34}.Debug|x64.Build.0 = Debug|x64
		{F33C7CB9-5ECA-47B7-9393-81E6E8F0BD34}.Debug|x64.Deploy.0 = Debug|x64
		{F33C7CB9-5ECA-47B7-9393-81E6E8F0BD34}.Release|ARM.ActiveCfg = Release|ARM
		{F33C7CB9-5ECA-47B7-9393-81E6E8F0BD34}.Release|ARM.Build.0 = Release|ARM
		{F33C7CB9-5ECA-47B7-9393-81E6E8F0BD34}.Release|ARM.Deploy.0 = Release|ARM
		{F33C7CB9-5ECA-47B7-9393-81E6E8F0BD34}.Release|Win32.ActiveCfg = Release|Win32
		{F33C7CB9-5ECA-47B7-9393-81E6E8F0BD34}.Release|Win32.Build.0 = Release|Win32
		{F33C7CB9-5ECA-47B7-9393-81E6E8F0BD34}.Release|Win32.Deploy.0 = Release|Win32
		{F33C7CB9-5ECA-47B7-9393-81E6E8F0BD34}.Release|x64.ActiveCfg = Release|x64
		{F33C7CB9-5ECA-47B7-9393-81E6E8F0BD34}.Release|x64.Build.0 = Release|x64
		{F33C7CB9-5ECA-47B7-9393-81E6E8F0BD34}.Release|x64.Deploy.0 = Release|x64
		{F6867923-3A6E-4102-B546-E3A6A5F8EC36}.Debug|ARM.ActiveCfg = Debug|ARM
		{F6867923-3A6E-4102-B546-E3A6A5F8EC36}.Debug|ARM.Build.0 = Debug|ARM
		{F6867923-3A6E-4102-B546-E3A6A5F8EC36}.Debug|ARM.Deploy.0 = Debug|ARM
		{F6867923-3A6E-4102-B546-E3A6A5F8EC36}.Debug|Win32.ActiveCfg = Debug|x86
		{F6867923-3A6E-4102-B546-E3A6A5F8EC36}.Debug|Win32.Build.0 = Debug|x86
		{F6867923-3A6E-4102-B546-E3A6A5F8EC36}.Debug|Win32.Deploy.0 = Debug|x86
		{F6867923-3A6E-4102-B546-E3A6A5F8EC36}.Debug|x64.ActiveCfg = Debug|x64
		{F6867923-3A6E-4102-B546-E3A6A5F8EC36}.Debug|x64.Build.0 = Debug|x64
		{F6867923-3A6E-4102-B546-E3A6A5F8EC36}.Debug|x64.Deploy.0 = Debug|x64
		{F6867923-3A6E-4102-B546-E3A6A5F8EC36}.Release|ARM.ActiveCfg = Release|ARM
		{F6867923-3A6E-4102-B546-E3A6A5F8EC36}.Release|ARM.Build.0 = Release|ARM
		{F6867923-3A6E-4102-B546-E3A6A5F8EC36}.Release|ARM.Deploy.0 = Release|ARM
		{F6867923-3A6E-4102-B546-E3A6A5F8EC36}.Release|Win32.ActiveCfg = Release|x86
		{F6867923-3A6E-4102-B546-E3A6A5F8EC36}.Release|Win32.Build.0 = Release|x86
		{F6867923-3A6E-4102-B546-E3A6A5F8EC36}.Release|Win32.Deploy.0 = Release|x86
		{F6867923-3A6E-4102-B546-E3A6A5F8EC36}.Release|x64.ActiveCfg = Release|x64
		{F6867923-3A6E-4102-B546-E3A6A5F8EC36}.Release|x64.Build.0 = Release|x64
		{F6867923-3A6E-4102-B546-E3A6A5F8EC36}.Release|x64.Deploy.0 = Release|x64
		{DF81C02B-9D29-4724-82BC-9D56724F59B4}.Debug|ARM.ActiveCfg = Debug|ARM
		{DF81C02B-9D29-4724-82BC-9D56724F59B4}.Debug|ARM.Build.0 = Debug|ARM
		{DF81C02B-9D29-4724-82BC-9D56724F59B4}.Debug|ARM.Deploy.0 = Debug|ARM
		{DF81C02B-9D29-4724-82BC-9D56724F59B4}.Debug|Win32.ActiveCfg = Debug|Win32
		{DF81C02B-9D29-4724-82BC-9D56724F59B4}.Debug|Win32.Build.0 = Debug|Win32
		{DF81C02B-9D29-4724-82BC-9D56724F59B4}.Debug|Win32.Deploy.0 = Debug|Win32
		{DF81C02B-9D29-4724-82BC-9D56724F59B4}.Debug|x64.ActiveCfg = Debug|x64
		{DF81C02B-9D29-4724-82BC-9D56724F59B4}.Debug|x64.Build.0 = Debug|x64
		{DF81C02B-9D29-4724-82BC-9D56724F59B4}.Debug|x64.Deploy.0 = Debug|x64
		{DF81C02B-9D29-4724-82BC-9D56724F59B4}.Release|ARM.ActiveCfg = Release|ARM
		{DF81C02B-9D29-4724-82BC-9D56724F59B4}.Release|ARM.Build.0 = Release|ARM
		{DF81C02B-9D29-4724-82BC-9D56724F59B4}.Release|ARM.Deploy.0 = Release|ARM
		{DF81C02B-9D29-4724-82BC-9D56724F59B4}.Release|Win32.ActiveCfg = Release|Win32
		{DF81C02B-9D29-4724-82BC-9D56724F59B4}.Release|Win32.Build.0 = Release|Win32
		{DF81C02B-9D29-4724-82BC-9D56724F59B4}.Release|Win32.Deploy.0 = Release|Win32
		{DF81C02B-9D29-4724-82BC-9D56724F59B4}.Release|x64.ActiveCfg = Release|x64
		{DF81C02B-9D29-4724-82BC-9D56724F59B4}.Release|x64.Build.0 = Release|x64
		{DF81C02B-9D29-4724-82BC-9D56724F59B4}.Release|x64.Deploy.0 = Release|x64
		{2B157B97-CBF7-4014-8655-1456F2807F43}.Debug|ARM.ActiveCfg = Debug|ARM
		{2B157B97-CBF7-4014-8655-1456F2807F43}.Debug|ARM.Build.0 = Debug|ARM
		{2B157B97-CBF7-4014-8655-1456F2807F43}.Debug|Win32.ActiveCfg = Debug|x86
		{2B157B97-CBF7-4014-8655-1456F2807F43}.Debug|Win32.Build.0 = Debug|x86
		{2B157B97-CBF7-4014-8655-1456F2807F43}.Debug|x64.ActiveCfg = Debug|x64
		{2B157B97-CBF7-4014-8655-1456F2807F43}.Debug|x64.Build.0 = Debug|x64
		{2B157B97-CBF7-4014-8655-1456F2807F43}.Release|ARM.ActiveCfg = Release|ARM
		{2B157B97-CBF7-4014-8655-1456F2807F43}.Release|ARM.Build.0 = Release|ARM
		{2B157B97-CBF7-4014-8655-1456F2807F43}.Release|Win32.ActiveCfg = Release|x86
		{2B157B97-CBF7-4014-8655-1456F2807F43}.Release|Win32.Build.0 = Release|x86
		{2B157B97-CBF7-4014-8655-1456F2807F43}.Release|x64.ActiveCfg = Release|x64
		{2B157B97-CBF7-4014-8655-1456F2807F43}.Release|x64.Build.0 = Release|x64
		{9936FFEF-2686-4DF6-8D64-2BFA78B1222A}.Debug|ARM.ActiveCfg = Debug|ARM
		{9936FFEF-2686-4DF6-8D64-2BFA78B1222A}.Debug|ARM.Build.0 = Debug|ARM
		{9936FFEF-2686-4DF6-8D64-2BFA78B1222A}.Debug|Win32.ActiveCfg = Debug|Win32
		{9936FFEF-2686-4DF6-8D64-2BFA78B1222A}.Debug|Win32.Build.0 = Debug|Win32
		{9936FFEF-2686-4DF6-8D64-2BFA78B1222A}.Debug|x64.ActiveCfg = Debug|x64
		{9936FFEF-2686-4DF6-8D64-2BFA78B1222A}.Debug|x64.Build.0 = Debug|x64
		{9936FFEF-2686-4DF6-8D64-2BFA78B1222A}.Release|ARM.ActiveCfg = Release|ARM
		{9936FFEF-2686-4DF6-8D64-2BFA78B1222A}.Release|ARM.Build.0 = Release|ARM
		{9936FFEF-2686-4DF6-8D64-2BFA78B1222A}.Release|Win32.ActiveCfg = Release|Win32
		{9936FFEF-2686-4DF6-8D64-2BFA78B1222A}.Release|Win32.Build.0 = Release|Win32
		{9936FFEF-2686-4DF6-8D64-2BFA78B1222A}.Release|x64.ActiveCfg = Release|x64
		{9936FFEF-2686-4DF6-8D64-2BFA78B1222A}.Release|x64.Build.0 = Release|x64
		{70FB7B71-D56C-4BF1-9282-27AA58043CC0}.Debug|ARM.ActiveCfg = Debug|ARM
		{70FB7B71-D56C-4BF1-9282-27AA58043CC0}.Debug|ARM.Build.0 = Debug|ARM
		{70FB7B71-D56C-4BF1-9282-27AA58043CC0}.Debug|ARM.Deploy.0 = Debug|ARM
		{70FB7B71-D56C-4BF1-9282-27AA58043CC0}.Debug|Win32.ActiveCfg = Debug|Win32
		{70FB7B71-D56C-4BF1-9282-27AA58043CC0}.Debug|Win32.Build.0 = Debug|Win32
		{70FB7B71-D56C-4BF1-9282-27AA58043CC0}.Debug|Win32.Deploy.0 = Debug|Win32
		{70FB7B71-D56C-4BF1-9282-27AA58043CC0}.Debug|x64.ActiveCfg = Debug|Win32
		{70FB7B71-D56C-4BF1-9282-27AA58043CC0}.Release|ARM.ActiveCfg = Release|ARM
		{70FB7B71-D56C-4BF1-9282-27AA58043CC0}.Release|ARM.Build.0 = Release|ARM
		{70FB7B71-D56C-4BF1-9282-27AA58043CC0}.Release|ARM.Deploy.0 = Release|ARM
		{70FB7B71-D56C-4BF1-9282-27AA58043CC0}.Release|Win32.ActiveCfg = Release|Win32
		{70FB7B71-D56C-4BF1-9282-27AA58043CC0}.Release|Win32.Build.0 = Release|Win32
		{70FB7B71-D56C-4BF1-9282-27AA58043CC0}.Release|Win32.Deploy.0 = Release|Win32
		{70FB7B71-D56C-4BF1-9282-27AA58043CC0}.Release|x64.ActiveCfg = Release|Win32
	EndGlobalSection
	GlobalSection(SolutionProperties) = preSolution
		HideSolutionNode = FALSE
	EndGlobalSection
	GlobalSection(NestedProjects) = preSolution
		{D6CB5CB7-499B-4980-84C6-F0099CF309DA} = {77FBABCD-F338-49AB-939D-38511978510D}
		{114E4B4C-AB6D-4B1A-BEEB-2BC25ED058DE} = {54689ECA-BD56-4F0F-8148-81727A607EF5}
		{CEA2F017-5D50-41BE-B46D-A61FF19B4694} = {0F212400-0A8B-4E26-9BA8-CE7165FF8717}
		{E09C8BE2-AC5A-4C87-9C2E-35290853448E} = {EA4A8B3A-56D1-4B01-BBAE-8F00F818CAA8}
		{9F8A014C-478A-4EC2-8CC2-37CEB3CCFCCF} = {79418A70-2C3F-4A6E-9443-FFD655B85916}
		{010F5A86-697D-4F2C-B69B-29989625208B} = {0F212400-0A8B-4E26-9BA8-CE7165FF8717}
		{1574C4DE-318F-4555-B72E-97532F720A13} = {010F5A86-697D-4F2C-B69B-29989625208B}
		{8E9FEF0D-EDB6-4C76-9383-A070314E5FF4} = {010F5A86-697D-4F2C-B69B-29989625208B}
		{8C279709-E303-4546-A218-9B6E03521574} = {010F5A86-697D-4F2C-B69B-29989625208B}
		{FD915EAF-4152-48C0-B5DD-603865B78B49} = {0F212400-0A8B-4E26-9BA8-CE7165FF8717}
		{1E7BD769-CF5A-4D05-A2F7-761372C24746} = {77FBABCD-F338-49AB-939D-38511978510D}
		{77FBABCD-F338-49AB-939D-38511978510D} = {0F212400-0A8B-4E26-9BA8-CE7165FF8717}
		{FBB57887-39F9-47E2-BCA9-C4B620223610} = {77FBABCD-F338-49AB-939D-38511978510D}
		{EA4A8B3A-56D1-4B01-BBAE-8F00F818CAA8} = {0F212400-0A8B-4E26-9BA8-CE7165FF8717}
		{7C0A8506-002B-4169-989F-EA5723DAD6FB} = {EA4A8B3A-56D1-4B01-BBAE-8F00F818CAA8}
		{DD961F31-3142-4E3A-80A9-BC9DA5D75816} = {EA4A8B3A-56D1-4B01-BBAE-8F00F818CAA8}
		{79418A70-2C3F-4A6E-9443-FFD655B85916} = {0F212400-0A8B-4E26-9BA8-CE7165FF8717}
		{6D29A10E-E538-47FC-9775-143DF718A78D} = {79418A70-2C3F-4A6E-9443-FFD655B85916}
		{EF6DBC39-A50D-47C4-B790-D459D4904D84} = {79418A70-2C3F-4A6E-9443-FFD655B85916}
		{54689ECA-BD56-4F0F-8148-81727A607EF5} = {EC7BD4FF-9DAE-4698-9FDA-244478B0203B}
		{BED92440-609A-4A13-924C-75A7BAFC3969} = {54689ECA-BD56-4F0F-8148-81727A607EF5}
		{5E3A65BE-EC00-4FE7-A3BC-129BF8AFC7AA} = {54689ECA-BD56-4F0F-8148-81727A607EF5}
		{D3D2A425-69D2-4F8C-98DC-760ABC25E535} = {FD915EAF-4152-48C0-B5DD-603865B78B49}
		{0AE978BB-52E2-40FB-9D0F-2E3A4BD64837} = {FD915EAF-4152-48C0-B5DD-603865B78B49}
		{6EABD217-3FD8-4298-929D-857811D8F3FA} = {FD915EAF-4152-48C0-B5DD-603865B78B49}
		{1FE831F7-6773-4445-B570-1F5570FAD88D} = {BD3C3AE6-CD07-48F9-A6D7-B5324E9B7455}
		{5FE06651-5284-42B5-AEC4-280FBA034126} = {0F212400-0A8B-4E26-9BA8-CE7165FF8717}
		{E0DF9FEB-E64D-420D-8A91-BFA4E6C9BB34} = {2C61CE25-E156-4ED4-86B2-E0B2D2F219F4}
		{3C1B37E8-10D1-4381-882A-9F0C0FD45871} = {A80BDDF8-CDBB-4B2C-9B4F-D97E51529AFD}
		{6F8363A9-82C6-4C17-817B-6A1951FE2C30} = {2C61CE25-E156-4ED4-86B2-E0B2D2F219F4}
		{D125D087-F3A5-44C7-9BBF-952FB30B2D7E} = {6F8363A9-82C6-4C17-817B-6A1951FE2C30}
		{2D1259AC-E4C6-4345-AF91-5962E0C5112D} = {6F8363A9-82C6-4C17-817B-6A1951FE2C30}
		{F1FBB8C5-F507-4C69-908C-F46231B78C46} = {6F8363A9-82C6-4C17-817B-6A1951FE2C30}
		{157C5D2D-2085-4910-BE39-86DE963D8A5E} = {2C61CE25-E156-4ED4-86B2-E0B2D2F219F4}
		{860EE6B2-F36C-448E-BA84-607266FB6FBA} = {157C5D2D-2085-4910-BE39-86DE963D8A5E}
		{198D676F-FED6-4501-A083-EA9D288DB611} = {157C5D2D-2085-4910-BE39-86DE963D8A5E}
		{D5E0912C-636C-484B-A459-539A26DA9CC2} = {157C5D2D-2085-4910-BE39-86DE963D8A5E}
		{A80BDDF8-CDBB-4B2C-9B4F-D97E51529AFD} = {2C61CE25-E156-4ED4-86B2-E0B2D2F219F4}
		{2585ABB8-67D5-48A9-806D-9CEECDBFE413} = {A80BDDF8-CDBB-4B2C-9B4F-D97E51529AFD}
		{671EACB0-6255-4050-B092-1A874625AD5C} = {EC7BD4FF-9DAE-4698-9FDA-244478B0203B}
		{F6F2B4AD-0B11-4919-BF8B-08DE6FE76170} = {671EACB0-6255-4050-B092-1A874625AD5C}
		{5C9D7C27-14C6-44F7-8A1B-447CDB939CBC} = {671EACB0-6255-4050-B092-1A874625AD5C}
		{6F06C88D-B227-405B-A0D4-8E03DCBA8191} = {671EACB0-6255-4050-B092-1A874625AD5C}
		{7ED91C61-4EB4-4008-B027-48BFCBDA8A7F} = {2C61CE25-E156-4ED4-86B2-E0B2D2F219F4}
		{26B85B6E-3520-42B5-ADB6-971010CC99FA} = {010F5A86-697D-4F2C-B69B-29989625208B}
		{B038B2A3-0FF2-4313-A0DB-B7B59DC2DC4C} = {BD3C3AE6-CD07-48F9-A6D7-B5324E9B7455}
		{063AB629-AADF-4749-B259-AB815B1AEB01} = {BD3C3AE6-CD07-48F9-A6D7-B5324E9B7455}
		{BD3C3AE6-CD07-48F9-A6D7-B5324E9B7455} = {0F212400-0A8B-4E26-9BA8-CE7165FF8717}
		{8CF21E5D-E0A2-4FE7-8E2B-A025CF52DCFB} = {FD915EAF-4152-48C0-B5DD-603865B78B49}
		{F33C7CB9-5ECA-47B7-9393-81E6E8F0BD34} = {77FBABCD-F338-49AB-939D-38511978510D}
		{F6867923-3A6E-4102-B546-E3A6A5F8EC36} = {671EACB0-6255-4050-B092-1A874625AD5C}
		{DF81C02B-9D29-4724-82BC-9D56724F59B4} = {54689ECA-BD56-4F0F-8148-81727A607EF5}
		{2B157B97-CBF7-4014-8655-1456F2807F43} = {671EACB0-6255-4050-B092-1A874625AD5C}
		{9936FFEF-2686-4DF6-8D64-2BFA78B1222A} = {EA4A8B3A-56D1-4B01-BBAE-8F00F818CAA8}
		{70FB7B71-D56C-4BF1-9282-27AA58043CC0} = {79418A70-2C3F-4A6E-9443-FFD655B85916}
	EndGlobalSection
EndGlobal
