
Microsoft Visual Studio Solution File, Format Version 12.00
# Visual Studio Version 16
VisualStudioVersion = 16.0.28527.54
MinimumVisualStudioVersion = 10.0.40219.1
Project("{2150E333-8FDC-42A3-9474-1A3956D46DE8}") = "winrt", "winrt", "{0F212400-0A8B-4E26-9BA8-CE7165FF8717}"
EndProject
Project("{2150E333-8FDC-42A3-9474-1A3956D46DE8}") = "samples", "samples", "{EC7BD4FF-9DAE-4698-9FDA-244478B0203B}"
EndProject
Project("{2150E333-8FDC-42A3-9474-1A3956D46DE8}") = "Inc", "Inc", "{CEA2F017-5D50-41BE-B46D-A61FF19B4694}"
	ProjectSection(SolutionItems) = preProject
		winrt\inc\AsyncOperation.h = winrt\inc\AsyncOperation.h
		winrt\inc\CanvasUtilities.h = winrt\inc\CanvasUtilities.h
		winrt\inc\ClosablePtr.h = winrt\inc\ClosablePtr.h
		winrt\inc\ComArray.h = winrt\inc\ComArray.h
		winrt\inc\Constants.h = winrt\inc\Constants.h
		winrt\inc\ErrorHandling.h = winrt\inc\ErrorHandling.h
		winrt\inc\LifespanTracker.h = winrt\inc\LifespanTracker.h
		winrt\inc\Map.h = winrt\inc\Map.h
		winrt\inc\Nullable.h = winrt\inc\Nullable.h
		winrt\inc\ReferenceArray.h = winrt\inc\ReferenceArray.h
		winrt\inc\RegisteredEvent.h = winrt\inc\RegisteredEvent.h
		winrt\inc\ScopeWarden.h = winrt\inc\ScopeWarden.h
		winrt\inc\Singleton.h = winrt\inc\Singleton.h
		winrt\inc\UapApis.h = winrt\inc\UapApis.h
		winrt\inc\Utilities.h = winrt\inc\Utilities.h
		winrt\inc\Vector.h = winrt\inc\Vector.h
		winrt\inc\WinStringBuilder.h = winrt\inc\WinStringBuilder.h
		winrt\inc\WinStringWrapper.h = winrt\inc\WinStringWrapper.h
	EndProjectSection
EndProject
Project("{2150E333-8FDC-42A3-9474-1A3956D46DE8}") = "Published", "Published", "{5FE06651-5284-42B5-AEC4-280FBA034126}"
	ProjectSection(SolutionItems) = preProject
		winrt\published\Microsoft.Graphics.Canvas.native.h = winrt\published\Microsoft.Graphics.Canvas.native.h
	EndProjectSection
EndProject
Project("{2150E333-8FDC-42A3-9474-1A3956D46DE8}") = "ExampleGallery", "ExampleGallery", "{671EACB0-6255-4050-B092-1A874625AD5C}"
EndProject
Project("{8BC9CEB8-8B4A-11D0-8D11-00A0C91BC942}") = "winrt.lib.uap", "winrt\lib\winrt.lib.uap.vcxproj", "{26B85B6E-3520-42B5-ADB6-971010CC99FA}"
EndProject
Project("{8BC9CEB8-8B4A-11D0-8D11-00A0C91BC942}") = "winrt.test.internal.uap", "winrt\test.internal\winrt.test.internal.uap.vcxproj", "{063AB629-AADF-4749-B259-AB815B1AEB01}"
EndProject
Project("{8BC9CEB8-8B4A-11D0-8D11-00A0C91BC942}") = "winrt.dll.uap", "winrt\dll\winrt.dll.uap.vcxproj", "{8CF21E5D-E0A2-4FE7-8E2B-A025CF52DCFB}"
EndProject
Project("{FAE04EC0-301F-11D3-BF4B-00C04F79EFBC}") = "ExampleGallery.Effects", "samples\ExampleGallery\Effects\ExampleGallery.Effects.csproj", "{2B157B97-CBF7-4014-8655-1456F2807F43}"
EndProject
Project("{8BC9CEB8-8B4A-11D0-8D11-00A0C91BC942}") = "winrt.test.nativecomponent.uap", "winrt\test.nativecomponent\winrt.test.nativecomponent.uap.vcxproj", "{9936FFEF-2686-4DF6-8D64-2BFA78B1222A}"
EndProject
Project("{FAE04EC0-301F-11D3-BF4B-00C04F79EFBC}") = "SimpleSample.uap", "samples\SimpleSample\SimpleSample.uap.csproj", "{16DE7EC1-EDB4-4C29-9598-487A0D211D99}"
EndProject
Project("{FAE04EC0-301F-11D3-BF4B-00C04F79EFBC}") = "CompositionExample", "Samples\CompositionExample\CompositionExample.csproj", "{60836F00-A727-402B-AFD7-2779675B29A2}"
EndProject
Project("{FAE04EC0-301F-11D3-BF4B-00C04F79EFBC}") = "CoreWindowExample.uap", "samples\CoreWindowExample\CoreWindowExample.uap.csproj", "{3AA4FCFF-99F7-4746-957F-79303E9A8952}"
EndProject
Project("{FAE04EC0-301F-11D3-BF4B-00C04F79EFBC}") = "ExampleGallery.uap", "samples\ExampleGallery\ExampleGallery.uap.csproj", "{F6867923-3A6E-4102-B546-E3A6A5F8EC36}"
EndProject
Project("{FAE04EC0-301F-11D3-BF4B-00C04F79EFBC}") = "ExampleGallery.BackgroundTask.uap", "samples\ExampleGallery\BackgroundTask\ExampleGallery.BackgroundTask.uap.csproj", "{D77EB5BE-C840-4ADE-B4F6-1BA9512C4768}"
EndProject
Project("{8BC9CEB8-8B4A-11D0-8D11-00A0C91BC942}") = "ExampleGallery.Direct3DInterop.uap", "samples\ExampleGallery\Direct3DInterop\ExampleGallery.Direct3DInterop.uap.vcxproj", "{A81F96D0-4924-40E3-A463-3CB9EE55AA93}"
EndProject
Project("{FAE04EC0-301F-11D3-BF4B-00C04F79EFBC}") = "winrt.test.managed.uap", "winrt\test.managed\winrt.test.managed.uap.csproj", "{70FB7B71-D56C-4BF1-9282-27AA58043CC0}"
EndProject
Project("{8BC9CEB8-8B4A-11D0-8D11-00A0C91BC942}") = "winrt.test.external.uap", "winrt\test.external\winrt.test.external.uap.vcxproj", "{F33C7CB9-5ECA-47B7-9393-81E6E8F0BD34}"
EndProject
Project("{2150E333-8FDC-42A3-9474-1A3956D46DE8}") = "XamlIslandSample", "XamlIslandSample", "{839CF03C-304F-4F5A-909A-CAEA75465217}"
	ProjectSection(SolutionItems) = preProject
		samples\XamlIslandSample\global.json = samples\XamlIslandSample\global.json
	EndProjectSection
EndProject
Project("{9A19103F-16F7-4668-BE54-9A1E7A4F7556}") = "XamlIslandSample.Desktop", "samples\XamlIslandSample\XamlIslandSample.Desktop\XamlIslandSample.Desktop.csproj", "{44D5FA95-B63A-40EA-85CF-91D5C59A09B8}"
EndProject
Project("{C7167F0D-BC9F-4E6E-AFE1-012C56B48DB5}") = "XamlIslandSample.Package", "samples\XamlIslandSample\XamlIslandSample.Package\XamlIslandSample.Package.wapproj", "{BD40EDE6-0A22-4CA1-9F1A-D85799155070}"
EndProject
Global
	GlobalSection(SolutionConfigurationPlatforms) = preSolution
		Debug|ARM = Debug|ARM
		Debug|Win32 = Debug|Win32
		Debug|x64 = Debug|x64
		Release|ARM = Release|ARM
		Release|Win32 = Release|Win32
		Release|x64 = Release|x64
	EndGlobalSection
	GlobalSection(ProjectConfigurationPlatforms) = postSolution
		{26B85B6E-3520-42B5-ADB6-971010CC99FA}.Debug|ARM.ActiveCfg = Debug|ARM
		{26B85B6E-3520-42B5-ADB6-971010CC99FA}.Debug|ARM.Build.0 = Debug|ARM
		{26B85B6E-3520-42B5-ADB6-971010CC99FA}.Debug|Win32.ActiveCfg = Debug|Win32
		{26B85B6E-3520-42B5-ADB6-971010CC99FA}.Debug|Win32.Build.0 = Debug|Win32
		{26B85B6E-3520-42B5-ADB6-971010CC99FA}.Debug|x64.ActiveCfg = Debug|x64
		{26B85B6E-3520-42B5-ADB6-971010CC99FA}.Debug|x64.Build.0 = Debug|x64
		{26B85B6E-3520-42B5-ADB6-971010CC99FA}.Release|ARM.ActiveCfg = Release|ARM
		{26B85B6E-3520-42B5-ADB6-971010CC99FA}.Release|ARM.Build.0 = Release|ARM
		{26B85B6E-3520-42B5-ADB6-971010CC99FA}.Release|Win32.ActiveCfg = Release|Win32
		{26B85B6E-3520-42B5-ADB6-971010CC99FA}.Release|Win32.Build.0 = Release|Win32
		{26B85B6E-3520-42B5-ADB6-971010CC99FA}.Release|x64.ActiveCfg = Release|x64
		{26B85B6E-3520-42B5-ADB6-971010CC99FA}.Release|x64.Build.0 = Release|x64
		{063AB629-AADF-4749-B259-AB815B1AEB01}.Debug|ARM.ActiveCfg = Debug|Win32
		{063AB629-AADF-4749-B259-AB815B1AEB01}.Debug|Win32.ActiveCfg = Debug|Win32
		{063AB629-AADF-4749-B259-AB815B1AEB01}.Debug|Win32.Build.0 = Debug|Win32
		{063AB629-AADF-4749-B259-AB815B1AEB01}.Debug|x64.ActiveCfg = Debug|x64
		{063AB629-AADF-4749-B259-AB815B1AEB01}.Debug|x64.Build.0 = Debug|x64
		{063AB629-AADF-4749-B259-AB815B1AEB01}.Release|ARM.ActiveCfg = Release|Win32
		{063AB629-AADF-4749-B259-AB815B1AEB01}.Release|Win32.ActiveCfg = Release|Win32
		{063AB629-AADF-4749-B259-AB815B1AEB01}.Release|Win32.Build.0 = Release|Win32
		{063AB629-AADF-4749-B259-AB815B1AEB01}.Release|x64.ActiveCfg = Release|x64
		{063AB629-AADF-4749-B259-AB815B1AEB01}.Release|x64.Build.0 = Release|x64
		{8CF21E5D-E0A2-4FE7-8E2B-A025CF52DCFB}.Debug|ARM.ActiveCfg = Debug|ARM
		{8CF21E5D-E0A2-4FE7-8E2B-A025CF52DCFB}.Debug|ARM.Build.0 = Debug|ARM
		{8CF21E5D-E0A2-4FE7-8E2B-A025CF52DCFB}.Debug|Win32.ActiveCfg = Debug|Win32
		{8CF21E5D-E0A2-4FE7-8E2B-A025CF52DCFB}.Debug|Win32.Build.0 = Debug|Win32
		{8CF21E5D-E0A2-4FE7-8E2B-A025CF52DCFB}.Debug|x64.ActiveCfg = Debug|x64
		{8CF21E5D-E0A2-4FE7-8E2B-A025CF52DCFB}.Debug|x64.Build.0 = Debug|x64
		{8CF21E5D-E0A2-4FE7-8E2B-A025CF52DCFB}.Release|ARM.ActiveCfg = Release|ARM
		{8CF21E5D-E0A2-4FE7-8E2B-A025CF52DCFB}.Release|ARM.Build.0 = Release|ARM
		{8CF21E5D-E0A2-4FE7-8E2B-A025CF52DCFB}.Release|Win32.ActiveCfg = Release|Win32
		{8CF21E5D-E0A2-4FE7-8E2B-A025CF52DCFB}.Release|Win32.Build.0 = Release|Win32
		{8CF21E5D-E0A2-4FE7-8E2B-A025CF52DCFB}.Release|x64.ActiveCfg = Release|x64
		{8CF21E5D-E0A2-4FE7-8E2B-A025CF52DCFB}.Release|x64.Build.0 = Release|x64
		{2B157B97-CBF7-4014-8655-1456F2807F43}.Debug|ARM.ActiveCfg = Debug|ARM
		{2B157B97-CBF7-4014-8655-1456F2807F43}.Debug|ARM.Build.0 = Debug|ARM
		{2B157B97-CBF7-4014-8655-1456F2807F43}.Debug|Win32.ActiveCfg = Debug|Win32
		{2B157B97-CBF7-4014-8655-1456F2807F43}.Debug|Win32.Build.0 = Debug|Win32
		{2B157B97-CBF7-4014-8655-1456F2807F43}.Debug|x64.ActiveCfg = Debug|x64
		{2B157B97-CBF7-4014-8655-1456F2807F43}.Debug|x64.Build.0 = Debug|x64
		{2B157B97-CBF7-4014-8655-1456F2807F43}.Release|ARM.ActiveCfg = Release|ARM
		{2B157B97-CBF7-4014-8655-1456F2807F43}.Release|ARM.Build.0 = Release|ARM
		{2B157B97-CBF7-4014-8655-1456F2807F43}.Release|Win32.ActiveCfg = Release|Win32
		{2B157B97-CBF7-4014-8655-1456F2807F43}.Release|Win32.Build.0 = Release|Win32
		{2B157B97-CBF7-4014-8655-1456F2807F43}.Release|x64.ActiveCfg = Release|x64
		{2B157B97-CBF7-4014-8655-1456F2807F43}.Release|x64.Build.0 = Release|x64
		{9936FFEF-2686-4DF6-8D64-2BFA78B1222A}.Debug|ARM.ActiveCfg = Debug|ARM
		{9936FFEF-2686-4DF6-8D64-2BFA78B1222A}.Debug|ARM.Build.0 = Debug|ARM
		{9936FFEF-2686-4DF6-8D64-2BFA78B1222A}.Debug|Win32.ActiveCfg = Debug|Win32
		{9936FFEF-2686-4DF6-8D64-2BFA78B1222A}.Debug|Win32.Build.0 = Debug|Win32
		{9936FFEF-2686-4DF6-8D64-2BFA78B1222A}.Debug|x64.ActiveCfg = Debug|x64
		{9936FFEF-2686-4DF6-8D64-2BFA78B1222A}.Debug|x64.Build.0 = Debug|x64
		{9936FFEF-2686-4DF6-8D64-2BFA78B1222A}.Release|ARM.ActiveCfg = Release|ARM
		{9936FFEF-2686-4DF6-8D64-2BFA78B1222A}.Release|ARM.Build.0 = Release|ARM
		{9936FFEF-2686-4DF6-8D64-2BFA78B1222A}.Release|Win32.ActiveCfg = Release|Win32
		{9936FFEF-2686-4DF6-8D64-2BFA78B1222A}.Release|Win32.Build.0 = Release|Win32
		{9936FFEF-2686-4DF6-8D64-2BFA78B1222A}.Release|x64.ActiveCfg = Release|x64
		{9936FFEF-2686-4DF6-8D64-2BFA78B1222A}.Release|x64.Build.0 = Release|x64
		{16DE7EC1-EDB4-4C29-9598-487A0D211D99}.Debug|ARM.ActiveCfg = Debug|ARM
		{16DE7EC1-EDB4-4C29-9598-487A0D211D99}.Debug|ARM.Build.0 = Debug|ARM
		{16DE7EC1-EDB4-4C29-9598-487A0D211D99}.Debug|ARM.Deploy.0 = Debug|ARM
		{16DE7EC1-EDB4-4C29-9598-487A0D211D99}.Debug|Win32.ActiveCfg = Debug|Win32
		{16DE7EC1-EDB4-4C29-9598-487A0D211D99}.Debug|Win32.Build.0 = Debug|Win32
		{16DE7EC1-EDB4-4C29-9598-487A0D211D99}.Debug|Win32.Deploy.0 = Debug|Win32
		{16DE7EC1-EDB4-4C29-9598-487A0D211D99}.Debug|x64.ActiveCfg = Debug|x64
		{16DE7EC1-EDB4-4C29-9598-487A0D211D99}.Debug|x64.Build.0 = Debug|x64
		{16DE7EC1-EDB4-4C29-9598-487A0D211D99}.Debug|x64.Deploy.0 = Debug|x64
		{16DE7EC1-EDB4-4C29-9598-487A0D211D99}.Release|ARM.ActiveCfg = Release|ARM
		{16DE7EC1-EDB4-4C29-9598-487A0D211D99}.Release|ARM.Build.0 = Release|ARM
		{16DE7EC1-EDB4-4C29-9598-487A0D211D99}.Release|ARM.Deploy.0 = Release|ARM
		{16DE7EC1-EDB4-4C29-9598-487A0D211D99}.Release|Win32.ActiveCfg = Release|Win32
		{16DE7EC1-EDB4-4C29-9598-487A0D211D99}.Release|Win32.Build.0 = Release|Win32
		{16DE7EC1-EDB4-4C29-9598-487A0D211D99}.Release|Win32.Deploy.0 = Release|Win32
		{16DE7EC1-EDB4-4C29-9598-487A0D211D99}.Release|x64.ActiveCfg = Release|x64
		{16DE7EC1-EDB4-4C29-9598-487A0D211D99}.Release|x64.Build.0 = Release|x64
		{16DE7EC1-EDB4-4C29-9598-487A0D211D99}.Release|x64.Deploy.0 = Release|x64
		{60836F00-A727-402B-AFD7-2779675B29A2}.Debug|ARM.ActiveCfg = Debug|ARM
		{60836F00-A727-402B-AFD7-2779675B29A2}.Debug|ARM.Build.0 = Debug|ARM
		{60836F00-A727-402B-AFD7-2779675B29A2}.Debug|ARM.Deploy.0 = Debug|ARM
		{60836F00-A727-402B-AFD7-2779675B29A2}.Debug|Win32.ActiveCfg = Debug|Win32
		{60836F00-A727-402B-AFD7-2779675B29A2}.Debug|Win32.Build.0 = Debug|Win32
		{60836F00-A727-402B-AFD7-2779675B29A2}.Debug|Win32.Deploy.0 = Debug|Win32
		{60836F00-A727-402B-AFD7-2779675B29A2}.Debug|x64.ActiveCfg = Debug|x64
		{60836F00-A727-402B-AFD7-2779675B29A2}.Debug|x64.Build.0 = Debug|x64
		{60836F00-A727-402B-AFD7-2779675B29A2}.Debug|x64.Deploy.0 = Debug|x64
		{60836F00-A727-402B-AFD7-2779675B29A2}.Release|ARM.ActiveCfg = Release|ARM
		{60836F00-A727-402B-AFD7-2779675B29A2}.Release|ARM.Build.0 = Release|ARM
		{60836F00-A727-402B-AFD7-2779675B29A2}.Release|ARM.Deploy.0 = Release|ARM
		{60836F00-A727-402B-AFD7-2779675B29A2}.Release|Win32.ActiveCfg = Release|Win32
		{60836F00-A727-402B-AFD7-2779675B29A2}.Release|Win32.Build.0 = Release|Win32
		{60836F00-A727-402B-AFD7-2779675B29A2}.Release|Win32.Deploy.0 = Release|Win32
		{60836F00-A727-402B-AFD7-2779675B29A2}.Release|x64.ActiveCfg = Release|x64
		{60836F00-A727-402B-AFD7-2779675B29A2}.Release|x64.Build.0 = Release|x64
		{60836F00-A727-402B-AFD7-2779675B29A2}.Release|x64.Deploy.0 = Release|x64
		{3AA4FCFF-99F7-4746-957F-79303E9A8952}.Debug|ARM.ActiveCfg = Debug|ARM
		{3AA4FCFF-99F7-4746-957F-79303E9A8952}.Debug|ARM.Build.0 = Debug|ARM
		{3AA4FCFF-99F7-4746-957F-79303E9A8952}.Debug|ARM.Deploy.0 = Debug|ARM
		{3AA4FCFF-99F7-4746-957F-79303E9A8952}.Debug|Win32.ActiveCfg = Debug|Win32
		{3AA4FCFF-99F7-4746-957F-79303E9A8952}.Debug|Win32.Build.0 = Debug|Win32
		{3AA4FCFF-99F7-4746-957F-79303E9A8952}.Debug|Win32.Deploy.0 = Debug|Win32
		{3AA4FCFF-99F7-4746-957F-79303E9A8952}.Debug|x64.ActiveCfg = Debug|x64
		{3AA4FCFF-99F7-4746-957F-79303E9A8952}.Debug|x64.Build.0 = Debug|x64
		{3AA4FCFF-99F7-4746-957F-79303E9A8952}.Debug|x64.Deploy.0 = Debug|x64
		{3AA4FCFF-99F7-4746-957F-79303E9A8952}.Release|ARM.ActiveCfg = Release|ARM
		{3AA4FCFF-99F7-4746-957F-79303E9A8952}.Release|ARM.Build.0 = Release|ARM
		{3AA4FCFF-99F7-4746-957F-79303E9A8952}.Release|ARM.Deploy.0 = Release|ARM
		{3AA4FCFF-99F7-4746-957F-79303E9A8952}.Release|Win32.ActiveCfg = Release|Win32
		{3AA4FCFF-99F7-4746-957F-79303E9A8952}.Release|Win32.Build.0 = Release|Win32
		{3AA4FCFF-99F7-4746-957F-79303E9A8952}.Release|Win32.Deploy.0 = Release|Win32
		{3AA4FCFF-99F7-4746-957F-79303E9A8952}.Release|x64.ActiveCfg = Release|x64
		{3AA4FCFF-99F7-4746-957F-79303E9A8952}.Release|x64.Build.0 = Release|x64
		{3AA4FCFF-99F7-4746-957F-79303E9A8952}.Release|x64.Deploy.0 = Release|x64
		{F6867923-3A6E-4102-B546-E3A6A5F8EC36}.Debug|ARM.ActiveCfg = Debug|ARM
		{F6867923-3A6E-4102-B546-E3A6A5F8EC36}.Debug|ARM.Build.0 = Debug|ARM
		{F6867923-3A6E-4102-B546-E3A6A5F8EC36}.Debug|ARM.Deploy.0 = Debug|ARM
		{F6867923-3A6E-4102-B546-E3A6A5F8EC36}.Debug|Win32.ActiveCfg = Debug|Win32
		{F6867923-3A6E-4102-B546-E3A6A5F8EC36}.Debug|Win32.Build.0 = Debug|Win32
		{F6867923-3A6E-4102-B546-E3A6A5F8EC36}.Debug|Win32.Deploy.0 = Debug|Win32
		{F6867923-3A6E-4102-B546-E3A6A5F8EC36}.Debug|x64.ActiveCfg = Debug|x64
		{F6867923-3A6E-4102-B546-E3A6A5F8EC36}.Debug|x64.Build.0 = Debug|x64
		{F6867923-3A6E-4102-B546-E3A6A5F8EC36}.Debug|x64.Deploy.0 = Debug|x64
		{F6867923-3A6E-4102-B546-E3A6A5F8EC36}.Release|ARM.ActiveCfg = Release|ARM
		{F6867923-3A6E-4102-B546-E3A6A5F8EC36}.Release|ARM.Build.0 = Release|ARM
		{F6867923-3A6E-4102-B546-E3A6A5F8EC36}.Release|ARM.Deploy.0 = Release|ARM
		{F6867923-3A6E-4102-B546-E3A6A5F8EC36}.Release|Win32.ActiveCfg = Release|Win32
		{F6867923-3A6E-4102-B546-E3A6A5F8EC36}.Release|Win32.Build.0 = Release|Win32
		{F6867923-3A6E-4102-B546-E3A6A5F8EC36}.Release|Win32.Deploy.0 = Release|Win32
		{F6867923-3A6E-4102-B546-E3A6A5F8EC36}.Release|x64.ActiveCfg = Release|x64
		{F6867923-3A6E-4102-B546-E3A6A5F8EC36}.Release|x64.Build.0 = Release|x64
		{F6867923-3A6E-4102-B546-E3A6A5F8EC36}.Release|x64.Deploy.0 = Release|x64
		{D77EB5BE-C840-4ADE-B4F6-1BA9512C4768}.Debug|ARM.ActiveCfg = Debug|ARM
		{D77EB5BE-C840-4ADE-B4F6-1BA9512C4768}.Debug|ARM.Build.0 = Debug|ARM
		{D77EB5BE-C840-4ADE-B4F6-1BA9512C4768}.Debug|Win32.ActiveCfg = Debug|Win32
		{D77EB5BE-C840-4ADE-B4F6-1BA9512C4768}.Debug|Win32.Build.0 = Debug|Win32
		{D77EB5BE-C840-4ADE-B4F6-1BA9512C4768}.Debug|x64.ActiveCfg = Debug|x64
		{D77EB5BE-C840-4ADE-B4F6-1BA9512C4768}.Debug|x64.Build.0 = Debug|x64
		{D77EB5BE-C840-4ADE-B4F6-1BA9512C4768}.Release|ARM.ActiveCfg = Release|ARM
		{D77EB5BE-C840-4ADE-B4F6-1BA9512C4768}.Release|ARM.Build.0 = Release|ARM
		{D77EB5BE-C840-4ADE-B4F6-1BA9512C4768}.Release|Win32.ActiveCfg = Release|Win32
		{D77EB5BE-C840-4ADE-B4F6-1BA9512C4768}.Release|Win32.Build.0 = Release|Win32
		{D77EB5BE-C840-4ADE-B4F6-1BA9512C4768}.Release|x64.ActiveCfg = Release|x64
		{D77EB5BE-C840-4ADE-B4F6-1BA9512C4768}.Release|x64.Build.0 = Release|x64
		{A81F96D0-4924-40E3-A463-3CB9EE55AA93}.Debug|ARM.ActiveCfg = Debug|ARM
		{A81F96D0-4924-40E3-A463-3CB9EE55AA93}.Debug|ARM.Build.0 = Debug|ARM
		{A81F96D0-4924-40E3-A463-3CB9EE55AA93}.Debug|Win32.ActiveCfg = Debug|Win32
		{A81F96D0-4924-40E3-A463-3CB9EE55AA93}.Debug|Win32.Build.0 = Debug|Win32
		{A81F96D0-4924-40E3-A463-3CB9EE55AA93}.Debug|x64.ActiveCfg = Debug|x64
		{A81F96D0-4924-40E3-A463-3CB9EE55AA93}.Debug|x64.Build.0 = Debug|x64
		{A81F96D0-4924-40E3-A463-3CB9EE55AA93}.Release|ARM.ActiveCfg = Release|ARM
		{A81F96D0-4924-40E3-A463-3CB9EE55AA93}.Release|ARM.Build.0 = Release|ARM
		{A81F96D0-4924-40E3-A463-3CB9EE55AA93}.Release|Win32.ActiveCfg = Release|Win32
		{A81F96D0-4924-40E3-A463-3CB9EE55AA93}.Release|Win32.Build.0 = Release|Win32
		{A81F96D0-4924-40E3-A463-3CB9EE55AA93}.Release|x64.ActiveCfg = Release|x64
		{A81F96D0-4924-40E3-A463-3CB9EE55AA93}.Release|x64.Build.0 = Release|x64
		{70FB7B71-D56C-4BF1-9282-27AA58043CC0}.Debug|ARM.ActiveCfg = Debug|ARM
		{70FB7B71-D56C-4BF1-9282-27AA58043CC0}.Debug|ARM.Build.0 = Debug|ARM
		{70FB7B71-D56C-4BF1-9282-27AA58043CC0}.Debug|ARM.Deploy.0 = Debug|ARM
		{70FB7B71-D56C-4BF1-9282-27AA58043CC0}.Debug|Win32.ActiveCfg = Debug|Win32
		{70FB7B71-D56C-4BF1-9282-27AA58043CC0}.Debug|Win32.Build.0 = Debug|Win32
		{70FB7B71-D56C-4BF1-9282-27AA58043CC0}.Debug|Win32.Deploy.0 = Debug|Win32
		{70FB7B71-D56C-4BF1-9282-27AA58043CC0}.Debug|x64.ActiveCfg = Debug|x64
		{70FB7B71-D56C-4BF1-9282-27AA58043CC0}.Debug|x64.Build.0 = Debug|x64
		{70FB7B71-D56C-4BF1-9282-27AA58043CC0}.Debug|x64.Deploy.0 = Debug|x64
		{70FB7B71-D56C-4BF1-9282-27AA58043CC0}.Release|ARM.ActiveCfg = Release|ARM
		{70FB7B71-D56C-4BF1-9282-27AA58043CC0}.Release|ARM.Build.0 = Release|ARM
		{70FB7B71-D56C-4BF1-9282-27AA58043CC0}.Release|ARM.Deploy.0 = Release|ARM
		{70FB7B71-D56C-4BF1-9282-27AA58043CC0}.Release|Win32.ActiveCfg = Release|Win32
		{70FB7B71-D56C-4BF1-9282-27AA58043CC0}.Release|Win32.Build.0 = Release|Win32
		{70FB7B71-D56C-4BF1-9282-27AA58043CC0}.Release|Win32.Deploy.0 = Release|Win32
		{70FB7B71-D56C-4BF1-9282-27AA58043CC0}.Release|x64.ActiveCfg = Release|x64
		{70FB7B71-D56C-4BF1-9282-27AA58043CC0}.Release|x64.Build.0 = Release|x64
		{70FB7B71-D56C-4BF1-9282-27AA58043CC0}.Release|x64.Deploy.0 = Release|x64
		{F33C7CB9-5ECA-47B7-9393-81E6E8F0BD34}.Debug|ARM.ActiveCfg = Debug|ARM
		{F33C7CB9-5ECA-47B7-9393-81E6E8F0BD34}.Debug|ARM.Build.0 = Debug|ARM
		{F33C7CB9-5ECA-47B7-9393-81E6E8F0BD34}.Debug|ARM.Deploy.0 = Debug|ARM
		{F33C7CB9-5ECA-47B7-9393-81E6E8F0BD34}.Debug|Win32.ActiveCfg = Debug|Win32
		{F33C7CB9-5ECA-47B7-9393-81E6E8F0BD34}.Debug|Win32.Build.0 = Debug|Win32
		{F33C7CB9-5ECA-47B7-9393-81E6E8F0BD34}.Debug|Win32.Deploy.0 = Debug|Win32
		{F33C7CB9-5ECA-47B7-9393-81E6E8F0BD34}.Debug|x64.ActiveCfg = Debug|x64
		{F33C7CB9-5ECA-47B7-9393-81E6E8F0BD34}.Debug|x64.Build.0 = Debug|x64
		{F33C7CB9-5ECA-47B7-9393-81E6E8F0BD34}.Debug|x64.Deploy.0 = Debug|x64
		{F33C7CB9-5ECA-47B7-9393-81E6E8F0BD34}.Release|ARM.ActiveCfg = Release|ARM
		{F33C7CB9-5ECA-47B7-9393-81E6E8F0BD34}.Release|ARM.Build.0 = Release|ARM
		{F33C7CB9-5ECA-47B7-9393-81E6E8F0BD34}.Release|ARM.Deploy.0 = Release|ARM
		{F33C7CB9-5ECA-47B7-9393-81E6E8F0BD34}.Release|Win32.ActiveCfg = Release|Win32
		{F33C7CB9-5ECA-47B7-9393-81E6E8F0BD34}.Release|Win32.Build.0 = Release|Win32
		{F33C7CB9-5ECA-47B7-9393-81E6E8F0BD34}.Release|Win32.Deploy.0 = Release|Win32
		{F33C7CB9-5ECA-47B7-9393-81E6E8F0BD34}.Release|x64.ActiveCfg = Release|x64
		{F33C7CB9-5ECA-47B7-9393-81E6E8F0BD34}.Release|x64.Build.0 = Release|x64
		{F33C7CB9-5ECA-47B7-9393-81E6E8F0BD34}.Release|x64.Deploy.0 = Release|x64
		{44D5FA95-B63A-40EA-85CF-91D5C59A09B8}.Debug|ARM.ActiveCfg = Debug|Any CPU
		{44D5FA95-B63A-40EA-85CF-91D5C59A09B8}.Debug|ARM.Build.0 = Debug|Any CPU
		{44D5FA95-B63A-40EA-85CF-91D5C59A09B8}.Debug|Win32.ActiveCfg = Debug|Any CPU
		{44D5FA95-B63A-40EA-85CF-91D5C59A09B8}.Debug|Win32.Build.0 = Debug|Any CPU
		{44D5FA95-B63A-40EA-85CF-91D5C59A09B8}.Debug|x64.ActiveCfg = Debug|Any CPU
		{44D5FA95-B63A-40EA-85CF-91D5C59A09B8}.Debug|x64.Build.0 = Debug|Any CPU
		{44D5FA95-B63A-40EA-85CF-91D5C59A09B8}.Release|ARM.ActiveCfg = Release|Any CPU
		{44D5FA95-B63A-40EA-85CF-91D5C59A09B8}.Release|ARM.Build.0 = Release|Any CPU
		{44D5FA95-B63A-40EA-85CF-91D5C59A09B8}.Release|Win32.ActiveCfg = Release|Any CPU
		{44D5FA95-B63A-40EA-85CF-91D5C59A09B8}.Release|Win32.Build.0 = Release|Any CPU
		{44D5FA95-B63A-40EA-85CF-91D5C59A09B8}.Release|x64.ActiveCfg = Release|Any CPU
		{44D5FA95-B63A-40EA-85CF-91D5C59A09B8}.Release|x64.Build.0 = Release|Any CPU
		{BD40EDE6-0A22-4CA1-9F1A-D85799155070}.Debug|ARM.ActiveCfg = Debug|x64
		{BD40EDE6-0A22-4CA1-9F1A-D85799155070}.Debug|Win32.ActiveCfg = Debug|x64
		{BD40EDE6-0A22-4CA1-9F1A-D85799155070}.Debug|x64.ActiveCfg = Debug|x64
		{BD40EDE6-0A22-4CA1-9F1A-D85799155070}.Debug|x64.Build.0 = Debug|x64
		{BD40EDE6-0A22-4CA1-9F1A-D85799155070}.Debug|x64.Deploy.0 = Debug|x64
		{BD40EDE6-0A22-4CA1-9F1A-D85799155070}.Release|ARM.ActiveCfg = Release|x64
		{BD40EDE6-0A22-4CA1-9F1A-D85799155070}.Release|Win32.ActiveCfg = Release|x64
		{BD40EDE6-0A22-4CA1-9F1A-D85799155070}.Release|x64.ActiveCfg = Release|x64
		{BD40EDE6-0A22-4CA1-9F1A-D85799155070}.Release|x64.Build.0 = Release|x64
		{BD40EDE6-0A22-4CA1-9F1A-D85799155070}.Release|x64.Deploy.0 = Release|x64
	EndGlobalSection
	GlobalSection(SolutionProperties) = preSolution
		HideSolutionNode = FALSE
	EndGlobalSection
	GlobalSection(NestedProjects) = preSolution
		{CEA2F017-5D50-41BE-B46D-A61FF19B4694} = {0F212400-0A8B-4E26-9BA8-CE7165FF8717}
		{5FE06651-5284-42B5-AEC4-280FBA034126} = {0F212400-0A8B-4E26-9BA8-CE7165FF8717}
		{671EACB0-6255-4050-B092-1A874625AD5C} = {EC7BD4FF-9DAE-4698-9FDA-244478B0203B}
		{26B85B6E-3520-42B5-ADB6-971010CC99FA} = {0F212400-0A8B-4E26-9BA8-CE7165FF8717}
		{063AB629-AADF-4749-B259-AB815B1AEB01} = {0F212400-0A8B-4E26-9BA8-CE7165FF8717}
		{8CF21E5D-E0A2-4FE7-8E2B-A025CF52DCFB} = {0F212400-0A8B-4E26-9BA8-CE7165FF8717}
		{2B157B97-CBF7-4014-8655-1456F2807F43} = {671EACB0-6255-4050-B092-1A874625AD5C}
		{9936FFEF-2686-4DF6-8D64-2BFA78B1222A} = {0F212400-0A8B-4E26-9BA8-CE7165FF8717}
		{16DE7EC1-EDB4-4C29-9598-487A0D211D99} = {EC7BD4FF-9DAE-4698-9FDA-244478B0203B}
		{60836F00-A727-402B-AFD7-2779675B29A2} = {EC7BD4FF-9DAE-4698-9FDA-244478B0203B}
		{3AA4FCFF-99F7-4746-957F-79303E9A8952} = {EC7BD4FF-9DAE-4698-9FDA-244478B0203B}
		{F6867923-3A6E-4102-B546-E3A6A5F8EC36} = {671EACB0-6255-4050-B092-1A874625AD5C}
		{D77EB5BE-C840-4ADE-B4F6-1BA9512C4768} = {671EACB0-6255-4050-B092-1A874625AD5C}
		{A81F96D0-4924-40E3-A463-3CB9EE55AA93} = {671EACB0-6255-4050-B092-1A874625AD5C}
		{70FB7B71-D56C-4BF1-9282-27AA58043CC0} = {0F212400-0A8B-4E26-9BA8-CE7165FF8717}
		{F33C7CB9-5ECA-47B7-9393-81E6E8F0BD34} = {0F212400-0A8B-4E26-9BA8-CE7165FF8717}
		{839CF03C-304F-4F5A-909A-CAEA75465217} = {EC7BD4FF-9DAE-4698-9FDA-244478B0203B}
		{44D5FA95-B63A-40EA-85CF-91D5C59A09B8} = {839CF03C-304F-4F5A-909A-CAEA75465217}
		{BD40EDE6-0A22-4CA1-9F1A-D85799155070} = {839CF03C-304F-4F5A-909A-CAEA75465217}
	EndGlobalSection
	GlobalSection(ExtensibilityGlobals) = postSolution
		SolutionGuid = {6398AAE8-0F24-4817-A7E4-FF7067AF67D4}
	EndGlobalSection
EndGlobal
