<?xml version="1.0" encoding="utf-8"?>
<Project ToolsVersion="12.0" xmlns="http://schemas.microsoft.com/developer/msbuild/2003">
  <ItemGroup>
    <Filter Include="Assets">
      <UniqueIdentifier>{38f68dc9-e134-4ab4-831a-7867afb6868e}</UniqueIdentifier>
      <Extensions>bmp;fbx;gif;jpg;jpeg;tga;tiff;tif;png</Extensions>
    </Filter>
    <Image Include="$(AssetDir)Logo.scale-240.png">
      <Filter>Assets</Filter>
    </Image>
    <Image Include="$(AssetDir)SmallLogo.scale-240.png">
      <Filter>Assets</Filter>
    </Image>
    <Image Include="$(AssetDir)Square71x71Logo.scale-240.png">
      <Filter>Assets</Filter>
    </Image>
    <Image Include="$(AssetDir)StoreLogo.scale-240.png">
      <Filter>Assets</Filter>
    </Image>
    <Image Include="$(AssetDir)SplashScreen.scale-240.png">
      <Filter>Assets</Filter>
    </Image>
    <Image Include="$(AssetDir)WideLogo.scale-240.png">
      <Filter>Assets</Filter>
    </Image>
  </ItemGroup>
  <ItemGroup>
    <None Include="$(AssetDir)TemporaryKey.pfx" />
  </ItemGroup>
  <ItemGroup>
    <AppxManifest Include="CppConsumer.WindowsPhone.appxmanifest" />
  </ItemGroup>
</Project>