<?xml version="1.0" encoding="utf-8"?>
<Project ToolsVersion="12.0" xmlns="http://schemas.microsoft.com/developer/msbuild/2003">
  <ItemGroup>
    <ApplicationDefinition Include="$(MSBuildThisFileDirectory)App.xaml" />
  </ItemGroup>
  <ItemGroup>
    <ClCompile Include="$(MSBuildThisFileDirectory)App.xaml.cpp" />
    <ClCompile Include="$(MSBuildThisFileDirectory)MainPage.xaml.cpp" />
    <ClCompile Include="$(MSBuildThisFileDirectory)pch.cpp" />
  </ItemGroup>
  <ItemGroup>
    <ClInclude Include="$(MSBuildThisFileDirectory)pch.h" />
    <ClInclude Include="$(MSBuildThisFileDirectory)App.xaml.h" />
    <ClInclude Include="$(MSBuildThisFileDirectory)MainPage.xaml.h" />
  </ItemGroup>
  <ItemGroup>
    <Page Include="$(MSBuildThisFileDirectory)MainPage.xaml" />
  </ItemGroup>
</Project>