<?xml version="1.0" encoding="utf-8"?>
<Project ToolsVersion="12.0" xmlns="http://schemas.microsoft.com/developer/msbuild/2003">
  <ItemGroup>
    <Filter Include="Resource Files">
      <UniqueIdentifier>843c65e8-fd81-4a39-8d3b-b60a4e47199d</UniqueIdentifier>
      <Extensions>rc;ico;cur;bmp;dlg;rc2;rct;bin;rgs;gif;jpg;jpeg;jpe;resx;tga;tiff;tif;png;wav;mfcribbon-ms</Extensions>
    </Filter>
    <Filter Include="Package">
      <UniqueIdentifier>7592ecf6-b96c-42f3-b7e7-91ccffc1641a</UniqueIdentifier>
      <Extensions>appxmanifest;tile;settings</Extensions>
    </Filter>
    <Filter Include="math">
      <UniqueIdentifier>{55e9e660-033d-4208-a45f-d46ae33a7466}</UniqueIdentifier>
    </Filter>
  </ItemGroup>
  <ItemGroup>
    <ClInclude Include="pch.h" />
    <ClInclude Include="targetver.h" />
    <ClInclude Include="Helpers.h" />
    <ClInclude Include="..\..\math\WinRT\tests\Helpers.h">
      <Filter>math</Filter>
    </ClInclude>
  </ItemGroup>
  <ItemGroup>
    <ClCompile Include="pch.cpp" />
    <ClCompile Include="ProxyTests.cpp" />
    <ClCompile Include="DirectX11EnumTests.cpp" />
    <ClCompile Include="GraphicsDeviceTests.cpp" />
    <ClCompile Include="GraphicsErrorTests.cpp" />
    <ClCompile Include="GraphicsSurfaceTests.cpp" />
    <ClCompile Include="..\..\math\WinRT\tests\Matrix3x2Test.cpp">
      <Filter>math</Filter>
    </ClCompile>
    <ClCompile Include="..\..\math\WinRT\tests\Matrix4x4Test.cpp">
      <Filter>math</Filter>
    </ClCompile>
    <ClCompile Include="..\..\math\WinRT\tests\PlaneTest.cpp">
      <Filter>math</Filter>
    </ClCompile>
    <ClCompile Include="..\..\math\WinRT\tests\QuaternionTest.cpp">
      <Filter>math</Filter>
    </ClCompile>
    <ClCompile Include="..\..\math\WinRT\tests\Vector2Test.cpp">
      <Filter>math</Filter>
    </ClCompile>
    <ClCompile Include="..\..\math\WinRT\tests\Vector3Test.cpp">
      <Filter>math</Filter>
    </ClCompile>
    <ClCompile Include="..\..\math\WinRT\tests\Vector4Test.cpp">
      <Filter>math</Filter>
    </ClCompile>
  </ItemGroup>
  <ItemGroup>
    <Image Include="Images\UnitTestLogo.scale-100.png">
      <Filter>Resource Files</Filter>
    </Image>
    <Image Include="Images\UnitTestSmallLogo.scale-100.png">
      <Filter>Resource Files</Filter>
    </Image>
    <Image Include="Images\UnitTestSplashScreen.scale-100.png">
      <Filter>Resource Files</Filter>
    </Image>
    <Image Include="Images\UnitTestStoreLogo.scale-100.png">
      <Filter>Resource Files</Filter>
    </Image>
  </ItemGroup>
  <ItemGroup>
    <AppxManifest Include="Package.appxmanifest">
      <Filter>Package</Filter>
    </AppxManifest>
  </ItemGroup>
  <ItemGroup>
    <None Include="winrt.test.external_TemporaryKey.pfx" />
  </ItemGroup>
</Project>