<?xml version="1.0" encoding="utf-8"?>
<Project ToolsVersion="12.0" xmlns="http://schemas.microsoft.com/developer/msbuild/2003">
  <ItemGroup>
    <Filter Include="Assets">
      <UniqueIdentifier>843c65e8-fd81-4a39-8d3b-b60a4e47199d</UniqueIdentifier>
      <Extensions>rc;ico;cur;bmp;dlg;rc2;rct;bin;rgs;gif;jpg;jpeg;jpe;resx;tga;tiff;tif;png;wav;mfcribbon-ms</Extensions>
    </Filter>
  </ItemGroup>
  <ItemGroup>
    <Image Include="$(AssetDir)UnitTestLogo.scale-100.png">
      <Filter>Assets</Filter>
    </Image>
    <Image Include="$(AssetDir)UnitTestSmallLogo.scale-100.png">
      <Filter>Assets</Filter>
    </Image>
    <Image Include="$(AssetDir)UnitTestSplashScreen.scale-100.png">
      <Filter>Assets</Filter>
    </Image>
    <Image Include="$(AssetDir)UnitTestStoreLogo.scale-100.png">
      <Filter>Assets</Filter>
    </Image>
  </ItemGroup>
  <ItemGroup>
    <AppxManifest Include="winrt.test.external.Windows.appxmanifest" />
  </ItemGroup>
</Project>
