<?xml version="1.0" encoding="utf-8"?>
<Project ToolsVersion="12.0" xmlns="http://schemas.microsoft.com/developer/msbuild/2003">
  <ItemGroup>
    <Filter Include="Assets">
      <UniqueIdentifier>2E5EC7D3-8A71-454C-AF3B-F569100135E0</UniqueIdentifier>
      <Extensions>rc;ico;cur;bmp;dlg;rc2;rct;bin;rgs;gif;jpg;jpeg;jpe;resx;tga;tiff;tif;png;wav;mfcribbon-ms</Extensions>
    </Filter>
  </ItemGroup>
  <ItemGroup>
    <Image Include="$(AssetDir)Logo.scale-240.png">
      <Filter>Assets</Filter>
    </Image>
    <Image Include="$(AssetDir)SmallLogo.scale-240.png">
      <Filter>Assets</Filter>
    </Image>
    <Image Include="$(AssetDir)SplashScreen.scale-240.png">
      <Filter>Assets</Filter>
    </Image>
    <Image Include="$(AssetDir)Square71x71Logo.scale-240.png">
      <Filter>Assets</Filter>
    </Image>
    <Image Include="$(AssetDir)StoreLogo.scale-240.png">
      <Filter>Assets</Filter>
    </Image>
    <Image Include="$(AssetDir)WideLogo.scale-240.png">
      <Filter>Assets</Filter>
    </Image>
  </ItemGroup>
  <ItemGroup>
    <AppxManifest Include="winrt.test.external.WindowsPhone.appxmanifest" />
  </ItemGroup>
</Project>
