<?xml version="1.0" encoding="utf-8"?>
<Project ToolsVersion="4.0" xmlns="http://schemas.microsoft.com/developer/msbuild/2003">
  <ItemGroup>
    <ClCompile Include="$(MSBuildThisFileDirectory)pch.cpp" />
    <ClCompile Include="$(MSBuildThisFileDirectory)..\..\numerics\WinRT\tests\WinRTNumericsTests.cpp" />
    <ClCompile Include="$(MSBuildThisFileDirectory)CanvasDeviceTests.cpp" />
    <ClCompile Include="$(MSBuildThisFileDirectory)CanvasBitmapTests.cpp" />
    <ClCompile Include="$(MSBuildThisFileDirectory)CanvasEffectsTests.cpp" />
    <ClCompile Include="$(MSBuildThisFileDirectory)CanvasBrushTests.cpp" />
    <ClCompile Include="$(MSBuildThisFileDirectory)CanvasImageSourceTests.cpp" />
    <ClCompile Include="$(MSBuildThisFileDirectory)CanvasStrokeStyleTests.cpp" />
    <ClCompile Include="$(MSBuildThisFileDirectory)DeviceTests.cpp" />
    <ClCompile Include="$(MSBuildThisFileDirectory)SurfaceTests.cpp" />
    <ClCompile Include="$(MSBuildThisFileDirectory)CanvasDrawingSessionTests.cpp" />
    <ClCompile Include="$(MSBuildThisFileDirectory)EnumTests.cpp" />
    <ClCompile Include="$(MSBuildThisFileDirectory)CanvasControlTests.cpp" />
    <ClCompile Include="$(MSBuildThisFileDirectory)DWriteExperiments.cpp" />
    <ClCompile Include="$(MSBuildThisFileDirectory)CanvasTextFormatTests.cpp" />
    <ClCompile Include="$(MSBuildThisFileDirectory)CanvasTextLayoutTests.cpp" />
    <ClCompile Include="$(MSBuildThisFileDirectory)Helpers.cpp" />
    <ClCompile Include="$(MSBuildThisFileDirectory)CanvasRenderTargetTests.cpp" />
    <ClCompile Include="$(MSBuildThisFileDirectory)PolymorphicBitmapTests.cpp" />
    <ClCompile Include="$(MSBuildThisFileDirectory)Direct3DSurfaceInteropTests.cpp" />
    <ClCompile Include="$(MSBuildThisFileDirectory)CanvasImageBrushTests.cpp" />
    <ClCompile Include="$(MSBuildThisFileDirectory)CanvasImageTests.cpp" />
    <ClCompile Include="$(MSBuildThisFileDirectory)Matrix5x4Test.cpp" />
    <ClCompile Include="$(MSBuildThisFileDirectory)CanvasSwapChainTests.cpp" />
    <ClCompile Include="$(MSBuildThisFileDirectory)CanvasCommandListTests.cpp" />
    <ClCompile Include="$(MSBuildThisFileDirectory)RefCountTests.cpp" />
    <ClCompile Include="$(MSBuildThisFileDirectory)CanvasGeometryTests.cpp" />
    <ClCompile Include="$(MSBuildThisFileDirectory)CanvasGradientMeshTests.cpp" />
  </ItemGroup>
  <ItemGroup>
    <ClInclude Include="$(MSBuildThisFileDirectory)pch.h" />
    <ClInclude Include="$(MSBuildThisFileDirectory)targetver.h" />
    <ClInclude Include="$(MSBuildThisFileDirectory)Helpers.h" />
  </ItemGroup>
  <ItemGroup>
    <Image Include="$(AssetDir)imageTiger.jpg" />
    <Image Include="$(MSBuildThisFileDirectory)Images\x.bmp" />
    <Image Include="$(MSBuildThisFileDirectory)Images\x.ico" />
    <Image Include="$(MSBuildThisFileDirectory)Images\x.tif" />
    <Image Include="$(AssetDir)HighDpiGrid.png" />
  </ItemGroup>
</Project>