<?xml version="1.0" encoding="utf-8"?>
<Project ToolsVersion="4.0" xmlns="http://schemas.microsoft.com/developer/msbuild/2003">
  <ItemGroup>
    <Filter Include="xaml">
      <UniqueIdentifier>{fdcd364f-94b4-41c6-a450-ad3bf7b585b5}</UniqueIdentifier>
    </Filter>
    <Filter Include="graphics">
      <UniqueIdentifier>{f4872ea7-55b9-454a-a3c3-9f518957dd75}</UniqueIdentifier>
    </Filter>
    <Filter Include="mocks">
      <UniqueIdentifier>{e95945dc-1e0d-4afb-aa2d-695ce29ca84f}</UniqueIdentifier>
    </Filter>
    <Filter Include="utils">
      <UniqueIdentifier>{bdedfc6e-2e7d-46b8-8e4e-58a8fad86472}</UniqueIdentifier>
    </Filter>
    <Filter Include="stubs">
      <UniqueIdentifier>{c531b9c2-9295-431a-a302-c74e2f1730b4}</UniqueIdentifier>
    </Filter>
  </ItemGroup>
  <ItemGroup>
    <ClCompile Include="$(MSBuildThisFileDirectory)pch.cpp" />
    <ClCompile Include="$(MSBuildThisFileDirectory)xaml\BaseControlUnitTests.cpp">
      <Filter>xaml</Filter>
    </ClCompile>
    <ClCompile Include="$(MSBuildThisFileDirectory)xaml\CanvasAnimatedControlUnitTests.cpp">
      <Filter>xaml</Filter>
    </ClCompile>
    <ClCompile Include="$(MSBuildThisFileDirectory)xaml\CanvasControlUnitTests.cpp">
      <Filter>xaml</Filter>
    </ClCompile>
    <ClCompile Include="$(MSBuildThisFileDirectory)xaml\CanvasImageSourceUnitTests.cpp">
      <Filter>xaml</Filter>
    </ClCompile>
    <ClCompile Include="$(MSBuildThisFileDirectory)xaml\CanvasSharedControlUnitTests.cpp">
      <Filter>xaml</Filter>
    </ClCompile>
    <ClCompile Include="$(MSBuildThisFileDirectory)xaml\CanvasSwapChainPanelUnitTests.cpp">
      <Filter>xaml</Filter>
    </ClCompile>
    <ClCompile Include="$(MSBuildThisFileDirectory)xaml\ControlFixtures.cpp">
      <Filter>xaml</Filter>
    </ClCompile>
    <ClCompile Include="$(MSBuildThisFileDirectory)xaml\RecreatableDeviceManagerTests.cpp">
      <Filter>xaml</Filter>
    </ClCompile>
    <ClCompile Include="$(MSBuildThisFileDirectory)graphics\CanvasBitmapUnitTest.cpp">
      <Filter>graphics</Filter>
    </ClCompile>
    <ClCompile Include="$(MSBuildThisFileDirectory)graphics\CanvasCachedGeometryUnitTests.cpp">
      <Filter>graphics</Filter>
    </ClCompile>
    <ClCompile Include="$(MSBuildThisFileDirectory)graphics\CanvasCommandListUnitTests.cpp">
      <Filter>graphics</Filter>
    </ClCompile>
    <ClCompile Include="$(MSBuildThisFileDirectory)graphics\CanvasDeviceUnitTests.cpp">
      <Filter>graphics</Filter>
    </ClCompile>
    <ClCompile Include="$(MSBuildThisFileDirectory)graphics\CanvasDrawingSessionUnitTests.cpp">
      <Filter>graphics</Filter>
    </ClCompile>
    <ClCompile Include="$(MSBuildThisFileDirectory)graphics\CanvasEffectUnitTest.cpp">
      <Filter>graphics</Filter>
    </ClCompile>
    <ClCompile Include="$(MSBuildThisFileDirectory)graphics\CanvasGeometryUnitTests.cpp">
      <Filter>graphics</Filter>
    </ClCompile>
    <ClCompile Include="$(MSBuildThisFileDirectory)graphics\CanvasGradientBrushUnitTests.cpp">
      <Filter>graphics</Filter>
    </ClCompile>
    <ClCompile Include="$(MSBuildThisFileDirectory)graphics\CanvasGradientMeshUnitTests.cpp">
      <Filter>graphics</Filter>
    </ClCompile>
    <ClCompile Include="$(MSBuildThisFileDirectory)graphics\CanvasImageBrushUnitTests.cpp">
      <Filter>graphics</Filter>
    </ClCompile>
    <ClCompile Include="$(MSBuildThisFileDirectory)graphics\CanvasImageUnitTests.cpp">
      <Filter>graphics</Filter>
    </ClCompile>
    <ClCompile Include="$(MSBuildThisFileDirectory)graphics\CanvasPathBuilderUnitTests.cpp">
      <Filter>graphics</Filter>
    </ClCompile>
    <ClCompile Include="$(MSBuildThisFileDirectory)graphics\CanvasRenderTargetUnitTests.cpp">
      <Filter>graphics</Filter>
    </ClCompile>
    <ClCompile Include="$(MSBuildThisFileDirectory)graphics\CanvasSolidColorBrushUnitTests.cpp">
      <Filter>graphics</Filter>
    </ClCompile>
    <ClCompile Include="$(MSBuildThisFileDirectory)graphics\CanvasStrokeStyleTests.cpp">
      <Filter>graphics</Filter>
    </ClCompile>
    <ClCompile Include="$(MSBuildThisFileDirectory)graphics\CanvasSwapChainUnitTests.cpp">
      <Filter>graphics</Filter>
    </ClCompile>
    <ClCompile Include="$(MSBuildThisFileDirectory)graphics\CanvasTextFormatTests.cpp">
      <Filter>graphics</Filter>
    </ClCompile>
    <ClCompile Include="$(MSBuildThisFileDirectory)graphics\DeviceContextPoolUnitTests.cpp">
      <Filter>graphics</Filter>
    </ClCompile>
    <ClCompile Include="$(MSBuildThisFileDirectory)stubs\StubD2DResources.cpp">
      <Filter>stubs</Filter>
    </ClCompile>
    <ClCompile Include="$(MSBuildThisFileDirectory)utils\AsyncOperationTests.cpp">
      <Filter>utils</Filter>
    </ClCompile>
    <ClCompile Include="$(MSBuildThisFileDirectory)utils\ComArrayTests.cpp">
      <Filter>utils</Filter>
    </ClCompile>
    <ClCompile Include="$(MSBuildThisFileDirectory)utils\ConversionUnitTests.cpp">
      <Filter>utils</Filter>
    </ClCompile>
    <ClCompile Include="$(MSBuildThisFileDirectory)utils\RegisteredEventUnitTests.cpp">
      <Filter>utils</Filter>
    </ClCompile>
    <ClCompile Include="$(MSBuildThisFileDirectory)utils\ResourceManagerUnitTests.cpp">
      <Filter>utils</Filter>
    </ClCompile>
    <ClCompile Include="$(MSBuildThisFileDirectory)utils\VectorTests.cpp">
      <Filter>utils</Filter>
    </ClCompile>
    <ClCompile Include="$(MSBuildThisFileDirectory)utils\WinStringBuilderTests.cpp">
      <Filter>utils</Filter>
    </ClCompile>
    <ClCompile Include="$(MSBuildThisFileDirectory)utils\WinStringTests.cpp">
      <Filter>utils</Filter>
    </ClCompile>
    <ClCompile Include="$(MSBuildThisFileDirectory)graphics\CanvasTextLayoutTests.cpp">
      <Filter>graphics</Filter>
    </ClCompile>
    <ClCompile Include="$(MSBuildThisFileDirectory)xaml\GameLoopThreadTests.cpp">
      <Filter>xaml</Filter>
    </ClCompile>
    <ClCompile Include="$(MSBuildThisFileDirectory)xaml\CanvasVirtualImageSourceUnitTests.cpp">
      <Filter>xaml</Filter>
    </ClCompile>
    <ClCompile Include="$(MSBuildThisFileDirectory)xaml\CanvasVirtualControlUnitTests.cpp">
      <Filter>xaml</Filter>
    </ClCompile>
    <ClCompile Include="$(MSBuildThisFileDirectory)graphics\PolymorphicBitmapInteropUnitTests.cpp">
      <Filter>graphics</Filter>
    </ClCompile>
    <ClCompile Include="$(MSBuildThisFileDirectory)utils\SingletonUnitTests.cpp">
      <Filter>utils</Filter>
    </ClCompile>
    <ClCompile Include="$(MSBuildThisFileDirectory)graphics\CanvasPrintDocumentUnitTests.cpp">
      <Filter>graphics</Filter>
    </ClCompile>
    <ClCompile Include="$(MSBuildThisFileDirectory)utils\MapTests.cpp">
      <Filter>utils</Filter>
    </ClCompile>
  </ItemGroup>
  <ItemGroup>
    <ClInclude Include="$(MSBuildThisFileDirectory)pch.h" />
    <ClInclude Include="$(MSBuildThisFileDirectory)xaml\BaseControlTestAdapter.h">
      <Filter>xaml</Filter>
    </ClInclude>
    <ClInclude Include="$(MSBuildThisFileDirectory)xaml\BasicControlFixture.h">
      <Filter>xaml</Filter>
    </ClInclude>
    <ClInclude Include="$(MSBuildThisFileDirectory)xaml\CanvasAnimatedControlTestAdapter.h">
      <Filter>xaml</Filter>
    </ClInclude>
    <ClInclude Include="$(MSBuildThisFileDirectory)xaml\CanvasControlTestAdapter.h">
      <Filter>xaml</Filter>
    </ClInclude>
    <ClInclude Include="$(MSBuildThisFileDirectory)xaml\CanvasSwapChainPanelTestAdapter.h">
      <Filter>xaml</Filter>
    </ClInclude>
    <ClInclude Include="$(MSBuildThisFileDirectory)xaml\ControlFixtures.h">
      <Filter>xaml</Filter>
    </ClInclude>
    <ClInclude Include="$(MSBuildThisFileDirectory)xaml\MockCoreIndependentInputSource.h">
      <Filter>xaml</Filter>
    </ClInclude>
    <ClInclude Include="$(MSBuildThisFileDirectory)xaml\MockDispatcher.h">
      <Filter>xaml</Filter>
    </ClInclude>
    <ClInclude Include="$(MSBuildThisFileDirectory)xaml\MockRecreatableDeviceManager.h">
      <Filter>xaml</Filter>
    </ClInclude>
    <ClInclude Include="$(MSBuildThisFileDirectory)mocks\MockAsyncAction.h">
      <Filter>mocks</Filter>
    </ClInclude>
    <ClInclude Include="$(MSBuildThisFileDirectory)mocks\MockCanvasDevice.h">
      <Filter>mocks</Filter>
    </ClInclude>
    <ClInclude Include="$(MSBuildThisFileDirectory)mocks\MockCanvasDeviceActivationFactory.h">
      <Filter>mocks</Filter>
    </ClInclude>
    <ClInclude Include="$(MSBuildThisFileDirectory)mocks\MockCanvasDrawingSession.h">
      <Filter>mocks</Filter>
    </ClInclude>
    <ClInclude Include="$(MSBuildThisFileDirectory)mocks\MockCanvasImageSourceDrawingSessionFactory.h">
      <Filter>mocks</Filter>
    </ClInclude>
    <ClInclude Include="$(MSBuildThisFileDirectory)mocks\MockCanvasSwapChain.h">
      <Filter>mocks</Filter>
    </ClInclude>
    <ClInclude Include="$(MSBuildThisFileDirectory)mocks\MockCoreApplication.h">
      <Filter>mocks</Filter>
    </ClInclude>
    <ClInclude Include="$(MSBuildThisFileDirectory)mocks\MockD2DBitmap.h">
      <Filter>mocks</Filter>
    </ClInclude>
    <ClInclude Include="$(MSBuildThisFileDirectory)mocks\MockD2DBitmapBrush.h">
      <Filter>mocks</Filter>
    </ClInclude>
    <ClInclude Include="$(MSBuildThisFileDirectory)mocks\MockD2DCommandList.h">
      <Filter>mocks</Filter>
    </ClInclude>
    <ClInclude Include="$(MSBuildThisFileDirectory)mocks\MockD2DDevice.h">
      <Filter>mocks</Filter>
    </ClInclude>
    <ClInclude Include="$(MSBuildThisFileDirectory)mocks\MockD2DDeviceContext.h">
      <Filter>mocks</Filter>
    </ClInclude>
    <ClInclude Include="$(MSBuildThisFileDirectory)mocks\MockD2DEffect.h">
      <Filter>mocks</Filter>
    </ClInclude>
    <ClInclude Include="$(MSBuildThisFileDirectory)mocks\MockD2DFactory.h">
      <Filter>mocks</Filter>
    </ClInclude>
    <ClInclude Include="$(MSBuildThisFileDirectory)mocks\MockD2DGeometrySink.h">
      <Filter>mocks</Filter>
    </ClInclude>
    <ClInclude Include="$(MSBuildThisFileDirectory)mocks\MockD2DGeometryGroup.h">
      <Filter>mocks</Filter>
    </ClInclude>
    <ClInclude Include="$(MSBuildThisFileDirectory)mocks\MockD2DGeometryRealization.h">
      <Filter>mocks</Filter>
    </ClInclude>
    <ClInclude Include="$(MSBuildThisFileDirectory)mocks\MockD2DGradientStopCollection.h">
      <Filter>mocks</Filter>
    </ClInclude>
    <ClInclude Include="$(MSBuildThisFileDirectory)mocks\MockD2DImageBrush.h">
      <Filter>mocks</Filter>
    </ClInclude>
    <ClInclude Include="$(MSBuildThisFileDirectory)mocks\MockD2DLinearGradientBrush.h">
      <Filter>mocks</Filter>
    </ClInclude>
    <ClInclude Include="$(MSBuildThisFileDirectory)mocks\MockD2DPathGeometry.h">
      <Filter>mocks</Filter>
    </ClInclude>
    <ClInclude Include="$(MSBuildThisFileDirectory)mocks\MockD2DRadialGradientBrush.h">
      <Filter>mocks</Filter>
    </ClInclude>
    <ClInclude Include="$(MSBuildThisFileDirectory)mocks\MockD2DSolidColorBrush.h">
      <Filter>mocks</Filter>
    </ClInclude>
    <ClInclude Include="$(MSBuildThisFileDirectory)mocks\MockD2DStrokeStyle.h">
      <Filter>mocks</Filter>
    </ClInclude>
    <ClInclude Include="$(MSBuildThisFileDirectory)mocks\MockD2DTransformedGeometry.h">
      <Filter>mocks</Filter>
    </ClInclude>
    <ClInclude Include="$(MSBuildThisFileDirectory)mocks\MockD3D11Device.h">
      <Filter>mocks</Filter>
    </ClInclude>
    <ClInclude Include="$(MSBuildThisFileDirectory)mocks\MockDWriteFactory.h">
      <Filter>mocks</Filter>
    </ClInclude>
    <ClInclude Include="$(MSBuildThisFileDirectory)mocks\MockDWriteFontCollection.h">
      <Filter>mocks</Filter>
    </ClInclude>
    <ClInclude Include="$(MSBuildThisFileDirectory)mocks\MockDWriteFontFile.h">
      <Filter>mocks</Filter>
    </ClInclude>
    <ClInclude Include="$(MSBuildThisFileDirectory)mocks\MockDWriteTextLayout.h">
      <Filter>mocks</Filter>
    </ClInclude>
    <ClInclude Include="$(MSBuildThisFileDirectory)mocks\MockDXGIAdapter.h">
      <Filter>mocks</Filter>
    </ClInclude>
    <ClInclude Include="$(MSBuildThisFileDirectory)mocks\MockDXGIFactory.h">
      <Filter>mocks</Filter>
    </ClInclude>
    <ClInclude Include="$(MSBuildThisFileDirectory)mocks\MockDXGIOutput.h">
      <Filter>mocks</Filter>
    </ClInclude>
    <ClInclude Include="$(MSBuildThisFileDirectory)mocks\MockDXGISwapChain.h">
      <Filter>mocks</Filter>
    </ClInclude>
    <ClInclude Include="$(MSBuildThisFileDirectory)mocks\MockHelpers.h">
      <Filter>mocks</Filter>
    </ClInclude>
    <ClInclude Include="$(MSBuildThisFileDirectory)mocks\MockProperties.h">
      <Filter>mocks</Filter>
    </ClInclude>
    <ClInclude Include="$(MSBuildThisFileDirectory)mocks\MockSurfaceImageSource.h">
      <Filter>mocks</Filter>
    </ClInclude>
    <ClInclude Include="$(MSBuildThisFileDirectory)mocks\MockSurfaceImageSourceFactory.h">
      <Filter>mocks</Filter>
    </ClInclude>
    <ClInclude Include="$(MSBuildThisFileDirectory)mocks\MockWICBitmap.h">
      <Filter>mocks</Filter>
    </ClInclude>
    <ClInclude Include="$(MSBuildThisFileDirectory)mocks\MockWICFormatConverter.h">
      <Filter>mocks</Filter>
    </ClInclude>
    <ClInclude Include="$(MSBuildThisFileDirectory)mocks\MockWindow.h">
      <Filter>mocks</Filter>
    </ClInclude>
    <ClInclude Include="$(MSBuildThisFileDirectory)stubs\StubCanvasBrush.h">
      <Filter>stubs</Filter>
    </ClInclude>
    <ClInclude Include="$(MSBuildThisFileDirectory)stubs\StubCanvasDevice.h">
      <Filter>stubs</Filter>
    </ClInclude>
    <ClInclude Include="$(MSBuildThisFileDirectory)stubs\StubCanvasDrawingSessionAdapter.h">
      <Filter>stubs</Filter>
    </ClInclude>
    <ClInclude Include="$(MSBuildThisFileDirectory)stubs\StubCanvasTextLayoutAdapter.h">
      <Filter>stubs</Filter>
    </ClInclude>
    <ClInclude Include="$(MSBuildThisFileDirectory)stubs\StubD2DBrush.h">
      <Filter>stubs</Filter>
    </ClInclude>
    <ClInclude Include="$(MSBuildThisFileDirectory)stubs\StubD2DDeviceContext.h">
      <Filter>stubs</Filter>
    </ClInclude>
    <ClInclude Include="$(MSBuildThisFileDirectory)stubs\StubD2DResources.h">
      <Filter>stubs</Filter>
    </ClInclude>
    <ClInclude Include="$(MSBuildThisFileDirectory)stubs\StubD2DStrokeStyle.h">
      <Filter>stubs</Filter>
    </ClInclude>
    <ClInclude Include="$(MSBuildThisFileDirectory)stubs\StubD3D11Device.h">
      <Filter>stubs</Filter>
    </ClInclude>
    <ClInclude Include="$(MSBuildThisFileDirectory)stubs\StubDxgiAdapter.h">
      <Filter>stubs</Filter>
    </ClInclude>
    <ClInclude Include="$(MSBuildThisFileDirectory)stubs\StubDxgiDevice.h">
      <Filter>stubs</Filter>
    </ClInclude>
    <ClInclude Include="$(MSBuildThisFileDirectory)stubs\StubDxgiSwapChain.h">
      <Filter>stubs</Filter>
    </ClInclude>
    <ClInclude Include="$(MSBuildThisFileDirectory)stubs\StubImageControl.h">
      <Filter>stubs</Filter>
    </ClInclude>
    <ClInclude Include="$(MSBuildThisFileDirectory)stubs\StubSurfaceImageSource.h">
      <Filter>stubs</Filter>
    </ClInclude>
    <ClInclude Include="$(MSBuildThisFileDirectory)stubs\StubSurfaceImageSourceFactory.h">
      <Filter>stubs</Filter>
    </ClInclude>
    <ClInclude Include="$(MSBuildThisFileDirectory)stubs\StubSwapChainPanel.h">
      <Filter>stubs</Filter>
    </ClInclude>
    <ClInclude Include="$(MSBuildThisFileDirectory)stubs\StubUserControl.h">
      <Filter>stubs</Filter>
    </ClInclude>
    <ClInclude Include="$(MSBuildThisFileDirectory)stubs\SwitchableTestBrushFixture.h">
      <Filter>stubs</Filter>
    </ClInclude>
    <ClInclude Include="$(MSBuildThisFileDirectory)stubs\TestEffect.h">
      <Filter>stubs</Filter>
    </ClInclude>
    <ClInclude Include="$(MSBuildThisFileDirectory)utils\Helpers.h">
      <Filter>utils</Filter>
    </ClInclude>
    <ClInclude Include="$(MSBuildThisFileDirectory)mocks\MockD2DGeometrySink.h">
      <Filter>mocks</Filter>
    </ClInclude>
    <ClInclude Include="$(MSBuildThisFileDirectory)mocks\MockD2DPathGeometry.h">
      <Filter>mocks</Filter>
    </ClInclude>
    <ClInclude Include="$(MSBuildThisFileDirectory)mocks\MockSuspendingEventArgs.h">
      <Filter>mocks</Filter>
    </ClInclude>
    <ClInclude Include="$(MSBuildThisFileDirectory)stubs\StubGeometrySink.h">
      <Filter>stubs</Filter>
    </ClInclude>
    <ClInclude Include="$(MSBuildThisFileDirectory)stubs\StubD2DEffect.h">
      <Filter>stubs</Filter>
    </ClInclude>
    <ClInclude Include="$(MSBuildThisFileDirectory)xaml\StubDispatcher.h">
      <Filter>stubs</Filter>
    </ClInclude>
    <ClInclude Include="$(MSBuildThisFileDirectory)stubs\StubResourceCreatorWithDpi.h">
      <Filter>stubs</Filter>
    </ClInclude>
    <ClInclude Include="$(MSBuildThisFileDirectory)stubs\StubStorageFile.h">
      <Filter>stubs</Filter>
    </ClInclude>
    <ClInclude Include="$(MSBuildThisFileDirectory)stubs\StubStorageFileStatics.h">
      <Filter>stubs</Filter>
    </ClInclude>
    <ClInclude Include="$(MSBuildThisFileDirectory)mocks\MockCoreWindow.h">
      <Filter>mocks</Filter>
    </ClInclude>
    <ClInclude Include="$(MSBuildThisFileDirectory)mocks\MockD2DEllipseGeometry.h">
      <Filter>mocks</Filter>
    </ClInclude>
    <ClInclude Include="$(MSBuildThisFileDirectory)mocks\MockD2DGradientMesh.h">
      <Filter>mocks</Filter>
    </ClInclude>
    <ClInclude Include="$(MSBuildThisFileDirectory)mocks\MockD2DRectangleGeometry.h">
      <Filter>mocks</Filter>
    </ClInclude>
    <ClInclude Include="$(MSBuildThisFileDirectory)mocks\MockD2DRoundedRectangleGeometry.h">
      <Filter>mocks</Filter>
    </ClInclude>
    <ClInclude Include="$(MSBuildThisFileDirectory)mocks\MockStorageFileStatics.h">
      <Filter>mocks</Filter>
    </ClInclude>
    <ClInclude Include="$(MSBuildThisFileDirectory)mocks\MockVirtualSurfaceImageSource.h">
      <Filter>mocks</Filter>
    </ClInclude>
    <ClInclude Include="$(MSBuildThisFileDirectory)mocks\MockVirtualSurfaceImageSourceFactory.h">
      <Filter>mocks</Filter>
    </ClInclude>
    <ClInclude Include="$(MSBuildThisFileDirectory)mocks\MockCanvasVirtualImageSource.h">
      <Filter>mocks</Filter>
    </ClInclude>
    <ClInclude Include="$(MSBuildThisFileDirectory)stubs\StubCanvasVirtualImageSource.h">
      <Filter>stubs</Filter>
    </ClInclude>
    <ClInclude Include="$(MSBuildThisFileDirectory)stubs\StubFontManagerAdapter.h">
      <Filter>stubs</Filter>
    </ClInclude>
    <ClInclude Include="$(MSBuildThisFileDirectory)stubs\TestDeviceAdapter.h">
      <Filter>stubs</Filter>
    </ClInclude>
    <ClInclude Include="$(MSBuildThisFileDirectory)stubs\TestBitmapAdapter.h">
      <Filter>stubs</Filter>
    </ClInclude>
    <ClInclude Include="$(MSBuildThisFileDirectory)mocks\MockDWriteTextFormat.h">
      <Filter>mocks</Filter>
    </ClInclude>
    <ClInclude Include="$(MSBuildThisFileDirectory)stubs\StubDWriteTextFormat.h">
      <Filter>stubs</Filter>
    </ClInclude>
    <ClInclude Include="$(MSBuildThisFileDirectory)mocks\MockDWriteFontFamily.h">
      <Filter>mocks</Filter>
    </ClInclude>
    <ClInclude Include="$(MSBuildThisFileDirectory)mocks\MockDWriteLocalizedStrings.h">
      <Filter>stubs</Filter>
    </ClInclude>
    <ClInclude Include="$(MSBuildThisFileDirectory)mocks\MockPrintControl.h">
      <Filter>mocks</Filter>
    </ClInclude>
    <ClInclude Include="$(MSBuildThisFileDirectory)mocks\MockPrintDocumentPackageTarget.h">
      <Filter>mocks</Filter>
    </ClInclude>
    <ClInclude Include="$(MSBuildThisFileDirectory)mocks\MockPrintPreviewDxgiPackageTarget.h">
      <Filter>mocks</Filter>
    </ClInclude>
    <ClInclude Include="$(MSBuildThisFileDirectory)mocks\MockPrintTaskOptions.h">
      <Filter>mocks</Filter>
    </ClInclude>
  </ItemGroup>
  <ItemGroup>
    <Text Include="$(MSBuildThisFileDirectory)readme.txt" />
  </ItemGroup>
</Project>