<?xml version="1.0" encoding="utf-8"?>
<Project ToolsVersion="4.0" xmlns="http://schemas.microsoft.com/developer/msbuild/2003">
  <ItemGroup>
    <ClCompile Include="$(MSBuildThisFileDirectory)pch.cpp" />
    <ClCompile Include="$(MSBuildThisFileDirectory)Float2Test.cpp" />
    <ClCompile Include="$(MSBuildThisFileDirectory)Float3Test.cpp" />
    <ClCompile Include="$(MSBuildThisFileDirectory)Float4Test.cpp" />
    <ClCompile Include="$(MSBuildThisFileDirectory)Float3x2Test.cpp" />
    <ClCompile Include="$(MSBuildThisFileDirectory)Float4x4Test.cpp" />
    <ClCompile Include="$(MSBuildThisFileDirectory)PlaneTest.cpp" />
    <ClCompile Include="$(MSBuildThisFileDirectory)QuaternionTest.cpp" />
  </ItemGroup>
  <ItemGroup>
    <ClInclude Include="$(MSBuildThisFileDirectory)pch.h" />
    <ClInclude Include="$(MSBuildThisFileDirectory)Helpers.h" />
  </ItemGroup>
</Project>
