<?xml version="1.0" encoding="utf-8"?>
<Project ToolsVersion="4.0" xmlns="http://schemas.microsoft.com/developer/msbuild/2003">
  <ItemGroup>
    <ClCompile Include="$(MSBuildThisFileDirectory)pch.cpp" />
    <ClCompile Include="$(MSBuildThisFileDirectory)CanvasDeviceTests.cpp" />
    <ClCompile Include="$(MSBuildThisFileDirectory)CanvasBitmapTests.cpp" />
    <ClCompile Include="$(MSBuildThisFileDirectory)CanvasVirtualBitmapTests.cpp" />
    <ClCompile Include="$(MSBuildThisFileDirectory)CanvasEffectsTests.cpp" />
    <ClCompile Include="$(MSBuildThisFileDirectory)CanvasBrushTests.cpp" />
    <ClCompile Include="$(MSBuildThisFileDirectory)CanvasImageSourceTests.cpp" />
    <ClCompile Include="$(MSBuildThisFileDirectory)CanvasStrokeStyleTests.cpp" />
    <ClCompile Include="$(MSBuildThisFileDirectory)DeviceTests.cpp" />
    <ClCompile Include="$(MSBuildThisFileDirectory)SurfaceTests.cpp" />
    <ClCompile Include="$(MSBuildThisFileDirectory)CanvasDrawingSessionTests.cpp" />
    <ClCompile Include="$(MSBuildThisFileDirectory)EnumTests.cpp" />
    <ClCompile Include="$(MSBuildThisFileDirectory)CanvasControlTests.cpp" />
    <ClCompile Include="$(MSBuildThisFileDirectory)DWriteExperiments.cpp" />
    <ClCompile Include="$(MSBuildThisFileDirectory)CanvasFontFaceTests.cpp" />
    <ClCompile Include="$(MSBuildThisFileDirectory)CanvasFontSetTests.cpp" />
    <ClCompile Include="$(MSBuildThisFileDirectory)CanvasTextAnalyzerTests.cpp" />
    <ClCompile Include="$(MSBuildThisFileDirectory)CanvasTextFormatTests.cpp" />
    <ClCompile Include="$(MSBuildThisFileDirectory)CanvasTextLayoutTests.cpp" />
    <ClCompile Include="$(MSBuildThisFileDirectory)CanvasTextRenderingParametersTests.cpp" />
    <ClCompile Include="$(MSBuildThisFileDirectory)CanvasTypographyTests.cpp" />
    <ClCompile Include="$(MSBuildThisFileDirectory)Helpers.cpp" />
    <ClCompile Include="$(MSBuildThisFileDirectory)CanvasRenderTargetTests.cpp" />
    <ClCompile Include="$(MSBuildThisFileDirectory)PolymorphicBitmapTests.cpp" />
    <ClCompile Include="$(MSBuildThisFileDirectory)Direct3DSurfaceInteropTests.cpp" />
    <ClCompile Include="$(MSBuildThisFileDirectory)CanvasImageBrushTests.cpp" />
    <ClCompile Include="$(MSBuildThisFileDirectory)CanvasImageTests.cpp" />
    <ClCompile Include="$(MSBuildThisFileDirectory)Matrix5x4Test.cpp" />
    <ClCompile Include="$(MSBuildThisFileDirectory)CanvasSwapChainTests.cpp" />
    <ClCompile Include="$(MSBuildThisFileDirectory)CanvasCommandListTests.cpp" />
    <ClCompile Include="$(MSBuildThisFileDirectory)RefCountTests.cpp" />
    <ClCompile Include="$(MSBuildThisFileDirectory)CanvasGeometryTests.cpp" />
    <ClCompile Include="$(MSBuildThisFileDirectory)CanvasGradientMeshTests.cpp" />
    <ClCompile Include="$(MSBuildThisFileDirectory)CanvasCreateResourcesEventArgsTests.cpp" />
    <ClCompile Include="$(MSBuildThisFileDirectory)CanvasTextRendererTests.cpp" />
    <ClCompile Include="$(MSBuildThisFileDirectory)DebugLayer.cpp" />
    <ClCompile Include="$(MSBuildThisFileDirectory)EffectTransferTable3DTests.cpp" />
    <ClCompile Include="$(MSBuildThisFileDirectory)ColorManagementProfileTests.cpp" />
    <ClCompile Include="$(MSBuildThisFileDirectory)..\..\..\numerics\WinRT\tests\WinRTNumericsTests.cpp" />
  </ItemGroup>
  <ItemGroup>
    <ClInclude Include="$(MSBuildThisFileDirectory)pch.h" />
    <ClInclude Include="$(MSBuildThisFileDirectory)targetver.h" />
    <ClInclude Include="$(MSBuildThisFileDirectory)Helpers.h" />
    <ClInclude Include="$(MSBuildThisFileDirectory)DebugLayer.h" />
  </ItemGroup>
  <ItemGroup>
    <Image Include="$(AssetDir)imageTiger.jpg" />
    <Image Include="$(AssetDir)HighDpiGrid.png" />
    <Image Include="$(MSBuildThisFileDirectory)Images\x.bmp">
      <Filter>Images</Filter>
    </Image>
    <Image Include="$(MSBuildThisFileDirectory)Images\x.ico">
      <Filter>Images</Filter>
    </Image>
    <Image Include="$(MSBuildThisFileDirectory)Images\x.tif">
      <Filter>Images</Filter>
    </Image>
    <Image Include="$(MSBuildThisFileDirectory)Images\x_B8G8R8A8_UNORM.DDS">
      <Filter>Images</Filter>
    </Image>
    <Image Include="$(MSBuildThisFileDirectory)Images\x_BC1_UNORM.DDS">
      <Filter>Images</Filter>
    </Image>
    <Image Include="$(MSBuildThisFileDirectory)Images\x_BC1_UNORM_SRGB.DDS">
      <Filter>Images</Filter>
    </Image>
    <Image Include="$(MSBuildThisFileDirectory)Images\x_BC2_UNORM.DDS">
      <Filter>Images</Filter>
    </Image>
    <Image Include="$(MSBuildThisFileDirectory)Images\x_BC2_UNORM_SRGB.DDS">
      <Filter>Images</Filter>
    </Image>
    <Image Include="$(MSBuildThisFileDirectory)Images\x_BC3_UNORM.DDS">
      <Filter>Images</Filter>
    </Image>
    <Image Include="$(MSBuildThisFileDirectory)Images\x_BC3_UNORM_SRGB.DDS">
      <Filter>Images</Filter>
    </Image>
    <Image Include="$(MSBuildThisFileDirectory)Images\x_D3DFMT_ARGB.DDS">
      <Filter>Images</Filter>
    </Image>
    <Image Include="$(MSBuildThisFileDirectory)Images\x_DXT1.DDS">
      <Filter>Images</Filter>
    </Image>
    <Image Include="$(MSBuildThisFileDirectory)Images\x_DXT2.DDS">
      <Filter>Images</Filter>
    </Image>
    <Image Include="$(MSBuildThisFileDirectory)Images\x_DXT3.DDS">
      <Filter>Images</Filter>
    </Image>
    <Image Include="$(MSBuildThisFileDirectory)Images\x_DXT4.DDS">
      <Filter>Images</Filter>
    </Image>
    <Image Include="$(MSBuildThisFileDirectory)Images\x_DXT5.DDS">
      <Filter>Images</Filter>
    </Image>
    <Image Include="$(MSBuildThisFileDirectory)Images\x_R8G8B8A8_UNORM.DDS">
      <Filter>Images</Filter>
    </Image>
    <Image Include="$(MSBuildThisFileDirectory)Images\x_1x1.DDS">
      <Filter>Images</Filter>
    </Image>
    <Image Include="$(MSBuildThisFileDirectory)Images\x_2x2.DDS">
      <Filter>Images</Filter>
    </Image>
    <Image Include="$(MSBuildThisFileDirectory)Images\x_3x3.DDS">
      <Filter>Images</Filter>
    </Image>
    <Image Include="$(MSBuildThisFileDirectory)Images\x_4x4.DDS">
      <Filter>Images</Filter>
    </Image>
    <Image Include="$(MSBuildThisFileDirectory)Images\x_4x5.DDS">
      <Filter>Images</Filter>
    </Image>
    <Image Include="$(MSBuildThisFileDirectory)Images\x_5x4.DDS">
      <Filter>Images</Filter>
    </Image>
    <Font Include="$(AssetDir)Symbols.ttf" />
  </ItemGroup>
  <ItemGroup>
    <Filter Include="Images">
      <UniqueIdentifier>{45e7a66f-3187-4212-8faf-72ec7801fb5f}</UniqueIdentifier>
    </Filter>
  </ItemGroup>
</Project>