
Microsoft Visual Studio Solution File, Format Version 12.00
# Visual Studio 17
VisualStudioVersion = 17.0.0
MinimumVisualStudioVersion = 10.0.40219.1
Project("{FAE04EC0-301F-11D3-BF4B-00C04F79EFBC}") = "codegen.exe", "codegen\exe\codegen.exe.csproj", "{984ABFAE-12D5-4929-AF2B-A733341BCCCF}"
EndProject
Project("{FAE04EC0-301F-11D3-BF4B-00C04F79EFBC}") = "codegen.test", "codegen\test\codegen.test.csproj", "{A8B337FF-9174-4B20-A976-CFE52657CE07}"
EndProject
Project("{FAE04EC0-301F-11D3-BF4B-00C04F79EFBC}") = "checkcode", "checkcode\checkcode.csproj", "{4D0E8606-F235-4879-934A-D954CE94D69F}"
EndProject
Project("{FAE04EC0-301F-11D3-BF4B-00C04F79EFBC}") = "ExtractAPISurface", "docs\ExtractAPISurface\ExtractAPISurface.csproj", "{4E89E65B-B1DE-4FAF-9E51-E8E183A45FC4}"
EndProject
Project("{2150E333-8FDC-42A3-9474-1A3956D46DE8}") = "docs", "docs", "{EA3B56C6-8B15-4191-ACC4-44A78A99A84B}"
EndProject
Project("{2150E333-8FDC-42A3-9474-1A3956D46DE8}") = "codegen", "codegen", "{B7F87B48-08CB-493F-800F-40E644E996E3}"
EndProject
Project("{FAE04EC0-301F-11D3-BF4B-00C04F79EFBC}") = "MergeIntellisense", "docs\MergeIntellisense\MergeIntellisense.csproj", "{81D2E651-F194-4FA8-A724-035D9A991DA9}"
EndProject
Project("{FAE04EC0-301F-11D3-BF4B-00C04F79EFBC}") = "DocDiff", "docs\DocDiff\DocDiff.csproj", "{8FFF9905-A38A-477C-9097-FA5E6D9631D4}"
EndProject
Project("{FAE04EC0-301F-11D3-BF4B-00C04F79EFBC}") = "mock.exe", "mock\exe\mock.exe.csproj", "{4864078E-BB10-4A7C-86F1-30D6FD4C1832}"
EndProject
Project("{2150E333-8FDC-42A3-9474-1A3956D46DE8}") = "mock", "mock", "{A1494431-90FA-43B4-B7AA-F98166B17912}"
EndProject
Project("{FAE04EC0-301F-11D3-BF4B-00C04F79EFBC}") = "mock.test", "mock\test\mock.test.csproj", "{6FDE4A4E-DF4F-4823-B4C6-DCBD8D762D50}"
EndProject
Project("{FAE04EC0-301F-11D3-BF4B-00C04F79EFBC}") = "exportsample", "exportsample\exportsample.csproj", "{7465574A-8830-4F80-8687-E1EA17BE5918}"
EndProject
Project("{FAE04EC0-301F-11D3-BF4B-00C04F79EFBC}") = "DocPreprocess", "docs\DocPreprocess\DocPreprocess.csproj", "{86D8A337-C763-4E92-A3DB-70041BC92A3D}"
EndProject
Global
	GlobalSection(SolutionConfigurationPlatforms) = preSolution
		Debug|Any CPU = Debug|Any CPU
		Release|Any CPU = Release|Any CPU
	EndGlobalSection
	GlobalSection(ProjectConfigurationPlatforms) = postSolution
		{984ABFAE-12D5-4929-AF2B-A733341BCCCF}.Debug|Any CPU.ActiveCfg = Debug|Any CPU
		{984ABFAE-12D5-4929-AF2B-A733341BCCCF}.Debug|Any CPU.Build.0 = Debug|Any CPU
		{984ABFAE-12D5-4929-AF2B-A733341BCCCF}.Release|Any CPU.ActiveCfg = Release|Any CPU
		{984ABFAE-12D5-4929-AF2B-A733341BCCCF}.Release|Any CPU.Build.0 = Release|Any CPU
		{A8B337FF-9174-4B20-A976-CFE52657CE07}.Debug|Any CPU.ActiveCfg = Debug|Any CPU
		{A8B337FF-9174-4B20-A976-CFE52657CE07}.Debug|Any CPU.Build.0 = Debug|Any CPU
		{A8B337FF-9174-4B20-A976-CFE52657CE07}.Release|Any CPU.ActiveCfg = Release|Any CPU
		{A8B337FF-9174-4B20-A976-CFE52657CE07}.Release|Any CPU.Build.0 = Release|Any CPU
		{4D0E8606-F235-4879-934A-D954CE94D69F}.Debug|Any CPU.ActiveCfg = Debug|Any CPU
		{4D0E8606-F235-4879-934A-D954CE94D69F}.Debug|Any CPU.Build.0 = Debug|Any CPU
		{4D0E8606-F235-4879-934A-D954CE94D69F}.Release|Any CPU.ActiveCfg = Release|Any CPU
		{4D0E8606-F235-4879-934A-D954CE94D69F}.Release|Any CPU.Build.0 = Release|Any CPU
		{4E89E65B-B1DE-4FAF-9E51-E8E183A45FC4}.Debug|Any CPU.ActiveCfg = Debug|Any CPU
		{4E89E65B-B1DE-4FAF-9E51-E8E183A45FC4}.Debug|Any CPU.Build.0 = Debug|Any CPU
		{4E89E65B-B1DE-4FAF-9E51-E8E183A45FC4}.Release|Any CPU.ActiveCfg = Release|Any CPU
		{4E89E65B-B1DE-4FAF-9E51-E8E183A45FC4}.Release|Any CPU.Build.0 = Release|Any CPU
		{81D2E651-F194-4FA8-A724-035D9A991DA9}.Debug|Any CPU.ActiveCfg = Debug|Any CPU
		{81D2E651-F194-4FA8-A724-035D9A991DA9}.Debug|Any CPU.Build.0 = Debug|Any CPU
		{81D2E651-F194-4FA8-A724-035D9A991DA9}.Release|Any CPU.ActiveCfg = Release|Any CPU
		{81D2E651-F194-4FA8-A724-035D9A991DA9}.Release|Any CPU.Build.0 = Release|Any CPU
		{8FFF9905-A38A-477C-9097-FA5E6D9631D4}.Debug|Any CPU.ActiveCfg = Debug|Any CPU
		{8FFF9905-A38A-477C-9097-FA5E6D9631D4}.Debug|Any CPU.Build.0 = Debug|Any CPU
		{8FFF9905-A38A-477C-9097-FA5E6D9631D4}.Release|Any CPU.ActiveCfg = Release|Any CPU
		{8FFF9905-A38A-477C-9097-FA5E6D9631D4}.Release|Any CPU.Build.0 = Release|Any CPU
		{4864078E-BB10-4A7C-86F1-30D6FD4C1832}.Debug|Any CPU.ActiveCfg = Debug|Any CPU
		{4864078E-BB10-4A7C-86F1-30D6FD4C1832}.Debug|Any CPU.Build.0 = Debug|Any CPU
		{4864078E-BB10-4A7C-86F1-30D6FD4C1832}.Release|Any CPU.ActiveCfg = Release|Any CPU
		{4864078E-BB10-4A7C-86F1-30D6FD4C1832}.Release|Any CPU.Build.0 = Release|Any CPU
		{6FDE4A4E-DF4F-4823-B4C6-DCBD8D762D50}.Debug|Any CPU.ActiveCfg = Debug|Any CPU
		{6FDE4A4E-DF4F-4823-B4C6-DCBD8D762D50}.Debug|Any CPU.Build.0 = Debug|Any CPU
		{6FDE4A4E-DF4F-4823-B4C6-DCBD8D762D50}.Release|Any CPU.ActiveCfg = Release|Any CPU
		{6FDE4A4E-DF4F-4823-B4C6-DCBD8D762D50}.Release|Any CPU.Build.0 = Release|Any CPU
		{7465574A-8830-4F80-8687-E1EA17BE5918}.Debug|Any CPU.ActiveCfg = Debug|Any CPU
		{7465574A-8830-4F80-8687-E1EA17BE5918}.Debug|Any CPU.Build.0 = Debug|Any CPU
		{7465574A-8830-4F80-8687-E1EA17BE5918}.Release|Any CPU.ActiveCfg = Release|Any CPU
		{7465574A-8830-4F80-8687-E1EA17BE5918}.Release|Any CPU.Build.0 = Release|Any CPU
		{86D8A337-C763-4E92-A3DB-70041BC92A3D}.Debug|Any CPU.ActiveCfg = Debug|Any CPU
		{86D8A337-C763-4E92-A3DB-70041BC92A3D}.Debug|Any CPU.Build.0 = Debug|Any CPU
		{86D8A337-C763-4E92-A3DB-70041BC92A3D}.Release|Any CPU.ActiveCfg = Release|Any CPU
		{86D8A337-C763-4E92-A3DB-70041BC92A3D}.Release|Any CPU.Build.0 = Release|Any CPU
	EndGlobalSection
	GlobalSection(SolutionProperties) = preSolution
		HideSolutionNode = FALSE
	EndGlobalSection
	GlobalSection(NestedProjects) = preSolution
		{984ABFAE-12D5-4929-AF2B-A733341BCCCF} = {B7F87B48-08CB-493F-800F-40E644E996E3}
		{A8B337FF-9174-4B20-A976-CFE52657CE07} = {B7F87B48-08CB-493F-800F-40E644E996E3}
		{4E89E65B-B1DE-4FAF-9E51-E8E183A45FC4} = {EA3B56C6-8B15-4191-ACC4-44A78A99A84B}
		{81D2E651-F194-4FA8-A724-035D9A991DA9} = {EA3B56C6-8B15-4191-ACC4-44A78A99A84B}
		{8FFF9905-A38A-477C-9097-FA5E6D9631D4} = {EA3B56C6-8B15-4191-ACC4-44A78A99A84B}
		{4864078E-BB10-4A7C-86F1-30D6FD4C1832} = {A1494431-90FA-43B4-B7AA-F98166B17912}
		{6FDE4A4E-DF4F-4823-B4C6-DCBD8D762D50} = {A1494431-90FA-43B4-B7AA-F98166B17912}
		{86D8A337-C763-4E92-A3DB-70041BC92A3D} = {EA3B56C6-8B15-4191-ACC4-44A78A99A84B}
	EndGlobalSection
EndGlobal
